// !$*UTF8*$!
{
	archiveVersion = 1;
	classes = {
	};
	objectVersion = 45;
	objects = {

/* Begin PBXBuildFile section */
		1D3623260D0F684500981E51 /* TiqrAppDelegate.m in Sources */ = {isa = PBXBuildFile; fileRef = 1D3623250D0F684500981E51 /* TiqrAppDelegate.m */; };
		1D60589B0D05DD56006BFB54 /* main.mm in Sources */ = {isa = PBXBuildFile; fileRef = 29B97316FDCFA39411CA2CEA /* main.mm */; };
		1D60589F0D05DD5A006BFB54 /* Foundation.framework in Frameworks */ = {isa = PBXBuildFile; fileRef = 1D30AB110D05D00D00671497 /* Foundation.framework */; };
		1DF5F4E00D08C38300B7A737 /* UIKit.framework in Frameworks */ = {isa = PBXBuildFile; fileRef = 1DF5F4DF0D08C38300B7A737 /* UIKit.framework */; };
		288765080DF74369002DB57D /* CoreGraphics.framework in Frameworks */ = {isa = PBXBuildFile; fileRef = 288765070DF74369002DB57D /* CoreGraphics.framework */; };
		76A195AB155BBE1000A73D2D /* FooterChildView.xib in Resources */ = {isa = PBXBuildFile; fileRef = 76A195AA155BBE1000A73D2D /* FooterChildView.xib */; };
		76A195AD155BBEF500A73D2D /* ScanView.xib in Resources */ = {isa = PBXBuildFile; fileRef = 76A195AC155BBEF500A73D2D /* ScanView.xib */; };
		76A195AF155BC0C800A73D2D /* AuthenticationSummaryView.xib in Resources */ = {isa = PBXBuildFile; fileRef = 76A195AE155BC0C800A73D2D /* AuthenticationSummaryView.xib */; };
		76A195B1155BC27200A73D2D /* AuthenticationIdentityView.xib in Resources */ = {isa = PBXBuildFile; fileRef = 76A195B0155BC27200A73D2D /* AuthenticationIdentityView.xib */; };
		76A195B3155BC3A900A73D2D /* AuthenticationFallbackView.xib in Resources */ = {isa = PBXBuildFile; fileRef = 76A195B2155BC3A900A73D2D /* AuthenticationFallbackView.xib */; };
		76A195B5155BC7A300A73D2D /* AuthenticationConfirmView.xib in Resources */ = {isa = PBXBuildFile; fileRef = 76A195B4155BC7A300A73D2D /* AuthenticationConfirmView.xib */; };
		76A195BB155BC8B000A73D2D /* EnrollmentConfirmView.xib in Resources */ = {isa = PBXBuildFile; fileRef = 76A195B9155BC8B000A73D2D /* EnrollmentConfirmView.xib */; };
		76A195BC155BC8B000A73D2D /* EnrollmentSummaryView.xib in Resources */ = {isa = PBXBuildFile; fileRef = 76A195BA155BC8B000A73D2D /* EnrollmentSummaryView.xib */; };
		76A195BE155BCA0900A73D2D /* IdentityEditView.xib in Resources */ = {isa = PBXBuildFile; fileRef = 76A195BD155BCA0900A73D2D /* IdentityEditView.xib */; };
		76A195C0155BCACC00A73D2D /* AboutView.xib in Resources */ = {isa = PBXBuildFile; fileRef = 76A195BF155BCACC00A73D2D /* AboutView.xib */; };
		84AB218B168C4F23008C4A35 /* surfnet-logo.png in Resources */ = {isa = PBXBuildFile; fileRef = 84AB2189168C4F23008C4A35 /* surfnet-logo.png */; };
		84AB218C168C4F23008C4A35 /* surfnet-logo@2x.png in Resources */ = {isa = PBXBuildFile; fileRef = 84AB218A168C4F23008C4A35 /* surfnet-logo@2x.png */; };
		922F08441289ABE700A33616 /* HOTP.m in Sources */ = {isa = PBXBuildFile; fileRef = 922F08431289ABE700A33616 /* HOTP.m */; };
		922F08471289ABFE00A33616 /* OCRAWrapper.m in Sources */ = {isa = PBXBuildFile; fileRef = 922F08461289ABFE00A33616 /* OCRAWrapper.m */; };
		924D6C5F13094DEC00F87B96 /* AuthenticationFallbackViewController.m in Sources */ = {isa = PBXBuildFile; fileRef = 924D6C5E13094DEC00F87B96 /* AuthenticationFallbackViewController.m */; };
		924D6E3D130958A400F87B96 /* Reachability.m in Sources */ = {isa = PBXBuildFile; fileRef = 924D6E3C130958A400F87B96 /* Reachability.m */; };
		924D6E4913095A6900F87B96 /* SystemConfiguration.framework in Frameworks */ = {isa = PBXBuildFile; fileRef = 924D6E4813095A6900F87B96 /* SystemConfiguration.framework */; };
		92B92DE3132E114E004F390D /* OcraTests.m in Sources */ = {isa = PBXBuildFile; fileRef = 92B92DE2132E114D004F390D /* OcraTests.m */; };
		92B92DE6132E1DD0004F390D /* OCRA.m in Sources */ = {isa = PBXBuildFile; fileRef = 92B92DE5132E1DCE004F390D /* OCRA.m */; };
		92B92DE7132E34CD004F390D /* OCRAWrapper.m in Sources */ = {isa = PBXBuildFile; fileRef = 922F08461289ABFE00A33616 /* OCRAWrapper.m */; };
		92B92DE8132E34F0004F390D /* OCRA.m in Sources */ = {isa = PBXBuildFile; fileRef = 92B92DE5132E1DCE004F390D /* OCRA.m */; };
		D002E0201349D29A00071321 /* ErrorController.m in Sources */ = {isa = PBXBuildFile; fileRef = D002E01F1349D29A00071321 /* ErrorController.m */; };
		D002E0251349F4D400071321 /* StartView.xib in Resources */ = {isa = PBXBuildFile; fileRef = D002E0261349F4D400071321 /* StartView.xib */; };
		D00C69501280482600F6CE43 /* CoreData.framework in Frameworks */ = {isa = PBXBuildFile; fileRef = D00C694F1280482600F6CE43 /* CoreData.framework */; };
		D011A5271340CC3000E571A2 /* EnrollmentConfirmationRequest.m in Sources */ = {isa = PBXBuildFile; fileRef = D011A5261340CC3000E571A2 /* EnrollmentConfirmationRequest.m */; };
		D011A5311340DA7900E571A2 /* AuthenticationSummaryViewController.m in Sources */ = {isa = PBXBuildFile; fileRef = D011A5301340DA7900E571A2 /* AuthenticationSummaryViewController.m */; };
		D011A5341340FEC600E571A2 /* AuthenticationConfirmationRequest.m in Sources */ = {isa = PBXBuildFile; fileRef = D011A5331340FEC200E571A2 /* AuthenticationConfirmationRequest.m */; };
		D016F8A61338C85300B997D9 /* JSONKit.m in Sources */ = {isa = PBXBuildFile; fileRef = D016F8A51338C85300B997D9 /* JSONKit.m */; };
		D016F8A71338C85300B997D9 /* JSONKit.m in Sources */ = {isa = PBXBuildFile; fileRef = D016F8A51338C85300B997D9 /* JSONKit.m */; };
		D019EDA113449F3500466A2B /* egeniq-logo.png in Resources */ = {isa = PBXBuildFile; fileRef = D019ED9413449F3500466A2B /* egeniq-logo.png */; };
		D019EDA213449F3500466A2B /* egeniq-logo@2x.png in Resources */ = {isa = PBXBuildFile; fileRef = D019ED9513449F3500466A2B /* egeniq-logo@2x.png */; };
		D019EDAC13449F3500466A2B /* tiqr-logo.png in Resources */ = {isa = PBXBuildFile; fileRef = D019ED9F13449F3500466A2B /* tiqr-logo.png */; };
		D019EDAD13449F3500466A2B /* tiqr-logo@2x.png in Resources */ = {isa = PBXBuildFile; fileRef = D019EDA013449F3500466A2B /* tiqr-logo@2x.png */; };
		D0240CBD127EF62700EB07AD /* ScanOverlayView.m in Sources */ = {isa = PBXBuildFile; fileRef = D0240CBC127EF62700EB07AD /* ScanOverlayView.m */; };
		D025994413095F9B00F1DF9A /* Localizable.strings in Resources */ = {isa = PBXBuildFile; fileRef = D025994613095F9B00F1DF9A /* Localizable.strings */; };
		D028BFA213092834002EA560 /* cowbell.wav in Resources */ = {isa = PBXBuildFile; fileRef = D028BF8613092834002EA560 /* cowbell.wav */; };
		D028BFB813092834002EA560 /* IdentityListView.xib in Resources */ = {isa = PBXBuildFile; fileRef = D028BF9F13092834002EA560 /* IdentityListView.xib */; };
		D028BFC41309288A002EA560 /* Entitlements.plist in Resources */ = {isa = PBXBuildFile; fileRef = D028BFC01309288A002EA560 /* Entitlements.plist */; };
		D028BFC61309288A002EA560 /* Tiqr.xcdatamodeld in Sources */ = {isa = PBXBuildFile; fileRef = D028BFC21309288A002EA560 /* Tiqr.xcdatamodeld */; };
		D0352B6D128980D400184AD5 /* Identity+Utils.m in Sources */ = {isa = PBXBuildFile; fileRef = D0352B6C128980D400184AD5 /* Identity+Utils.m */; };
		D0352BEC12898A7D00184AD5 /* IdentityTableViewCell.m in Sources */ = {isa = PBXBuildFile; fileRef = D0352BEB12898A7D00184AD5 /* IdentityTableViewCell.m */; };
		D0524F4812784A050072C1BA /* AudioToolbox.framework in Frameworks */ = {isa = PBXBuildFile; fileRef = D0524F4712784A050072C1BA /* AudioToolbox.framework */; };
		D0627E77127F0899004CF8D4 /* Challenge.m in Sources */ = {isa = PBXBuildFile; fileRef = D0627E76127F0899004CF8D4 /* Challenge.m */; };
		D0627E7D127F08C0004CF8D4 /* AuthenticationChallenge.m in Sources */ = {isa = PBXBuildFile; fileRef = D0627E7C127F08C0004CF8D4 /* AuthenticationChallenge.m */; };
		D0627E80127F08D8004CF8D4 /* EnrollmentChallenge.m in Sources */ = {isa = PBXBuildFile; fileRef = D0627E7F127F08D8004CF8D4 /* EnrollmentChallenge.m */; };
		D062B2FD130B4908004F28AE /* Security.framework in Frameworks */ = {isa = PBXBuildFile; fileRef = D08C03251296A6450002849A /* Security.framework */; };
		D06AD590134082ED0050D75C /* animals.ttf in Resources */ = {isa = PBXBuildFile; fileRef = D06AD58F134082ED0050D75C /* animals.ttf */; };
		D06AD591134095690050D75C /* PINView.xib in Resources */ = {isa = PBXBuildFile; fileRef = D06AD592134095690050D75C /* PINView.xib */; };
		D06AD594134096F00050D75C /* PINViewController.m in Sources */ = {isa = PBXBuildFile; fileRef = D06AD593134096F00050D75C /* PINViewController.m */; };
		D06AD5981340A5D10050D75C /* AuthenticationPINViewController.m in Sources */ = {isa = PBXBuildFile; fileRef = D06AD5971340A5D10050D75C /* AuthenticationPINViewController.m */; };
		D06AD59B1340A5FF0050D75C /* EnrollmentPINViewController.m in Sources */ = {isa = PBXBuildFile; fileRef = D06AD59A1340A5FF0050D75C /* EnrollmentPINViewController.m */; };
		D06AD59E1340A7CF0050D75C /* EnrollmentPINVerificationViewController.m in Sources */ = {isa = PBXBuildFile; fileRef = D06AD59D1340A7CD0050D75C /* EnrollmentPINVerificationViewController.m */; };
		D06AD5A11340AFFF0050D75C /* EnrollmentSummaryViewController.m in Sources */ = {isa = PBXBuildFile; fileRef = D06AD5A01340AFFA0050D75C /* EnrollmentSummaryViewController.m */; };
		D06F86B91331EA5D00C2C6FF /* AuthenticationChallengeTests.m in Sources */ = {isa = PBXBuildFile; fileRef = D06F86B81331EA5D00C2C6FF /* AuthenticationChallengeTests.m */; };
		D06F86BB1331ED2B00C2C6FF /* AuthenticationChallenge.m in Sources */ = {isa = PBXBuildFile; fileRef = D0627E7C127F08C0004CF8D4 /* AuthenticationChallenge.m */; };
		D06F86BC1331ED3500C2C6FF /* EnrollmentChallenge.m in Sources */ = {isa = PBXBuildFile; fileRef = D0627E7F127F08D8004CF8D4 /* EnrollmentChallenge.m */; };
		D06F86BD1331ED4F00C2C6FF /* Challenge.m in Sources */ = {isa = PBXBuildFile; fileRef = D0627E76127F0899004CF8D4 /* Challenge.m */; };
		D06F86BE1331ED5500C2C6FF /* Identity+Utils.m in Sources */ = {isa = PBXBuildFile; fileRef = D0352B6C128980D400184AD5 /* Identity+Utils.m */; };
		D06F86C41331EE5600C2C6FF /* CoreData.framework in Frameworks */ = {isa = PBXBuildFile; fileRef = D06F86C31331EE5600C2C6FF /* CoreData.framework */; };
		D06F86C51331F62700C2C6FF /* Tiqr.xcdatamodeld in Sources */ = {isa = PBXBuildFile; fileRef = D028BFC21309288A002EA560 /* Tiqr.xcdatamodeld */; };
		D076CEFF134F31C000FE762A /* MainWindow.xib in Resources */ = {isa = PBXBuildFile; fileRef = D076CF00134F31C000FE762A /* MainWindow.xib */; };
		D087B5031484EF45001E3545 /* libZXingWidget.a in Frameworks */ = {isa = PBXBuildFile; fileRef = D087B5001484EF20001E3545 /* libZXingWidget.a */; };
		D088C7DE130BC60F006DE593 /* SecretStore.m in Sources */ = {isa = PBXBuildFile; fileRef = D0F51625129A7A6E0013CF3A /* SecretStore.m */; };
		D08BC9681344F6AF00F8D75B /* ScanViewController.mm in Sources */ = {isa = PBXBuildFile; fileRef = D08BC9671344F6AF00F8D75B /* ScanViewController.mm */; };
		D08C03261296A6450002849A /* Security.framework in Frameworks */ = {isa = PBXBuildFile; fileRef = D08C03251296A6450002849A /* Security.framework */; };
		D08F5B2612785EAD00C63A3E /* AVFoundation.framework in Frameworks */ = {isa = PBXBuildFile; fileRef = D08F5B2512785EAD00C63A3E /* AVFoundation.framework */; };
		D08F5B3612785F5F00C63A3E /* CoreMedia.framework in Frameworks */ = {isa = PBXBuildFile; fileRef = D08F5B3512785F5F00C63A3E /* CoreMedia.framework */; };
		D08F5B3812785F5F00C63A3E /* CoreVideo.framework in Frameworks */ = {isa = PBXBuildFile; fileRef = D08F5B3712785F5F00C63A3E /* CoreVideo.framework */; };
		D08F5C4D1278735100C63A3E /* libiconv.dylib in Frameworks */ = {isa = PBXBuildFile; fileRef = D08F5C4C1278735100C63A3E /* libiconv.dylib */; };
		D0914436129BDC2E00C796AA /* NotificationRegistration.m in Sources */ = {isa = PBXBuildFile; fileRef = D0914435129BDC2E00C796AA /* NotificationRegistration.m */; };
		D0914439129BF47300C796AA /* NSData+Hex.m in Sources */ = {isa = PBXBuildFile; fileRef = D0914438129BF47300C796AA /* NSData+Hex.m */; };
		D09D79A813334F8700F3F0F6 /* EnrollmentChallengeTests.m in Sources */ = {isa = PBXBuildFile; fileRef = D09D79A713334F8700F3F0F6 /* EnrollmentChallengeTests.m */; };
		D0A6F5CE1353356A000F9AE5 /* MBProgressHUD.m in Sources */ = {isa = PBXBuildFile; fileRef = D0A6F5CD1353356A000F9AE5 /* MBProgressHUD.m */; };
		D0B889561282D7E3003A534D /* StartViewController.m in Sources */ = {isa = PBXBuildFile; fileRef = D0B889541282D7E3003A534D /* StartViewController.m */; };
		D0BE4AFD134B0A570045AF62 /* NSString+Verhoeff.m in Sources */ = {isa = PBXBuildFile; fileRef = D0BE4AFC134B0A570045AF62 /* NSString+Verhoeff.m */; };
		D0BE4B08134B14620045AF62 /* IdentityProvider+Utils.m in Sources */ = {isa = PBXBuildFile; fileRef = D0BE4B07134B14620045AF62 /* IdentityProvider+Utils.m */; };
		D0BE4B0B134B28D00045AF62 /* Identity.m in Sources */ = {isa = PBXBuildFile; fileRef = D0BE4B0A134B28D00045AF62 /* Identity.m */; };
		D0BE4B0E134B28D10045AF62 /* IdentityProvider.m in Sources */ = {isa = PBXBuildFile; fileRef = D0BE4B0D134B28D10045AF62 /* IdentityProvider.m */; };
		D0C54577130B4065008B807B /* UIKit.framework in Frameworks */ = {isa = PBXBuildFile; fileRef = 1DF5F4DF0D08C38300B7A737 /* UIKit.framework */; };
		D0C54578130B4065008B807B /* Foundation.framework in Frameworks */ = {isa = PBXBuildFile; fileRef = 1D30AB110D05D00D00671497 /* Foundation.framework */; };
		D0C54579130B4065008B807B /* CoreGraphics.framework in Frameworks */ = {isa = PBXBuildFile; fileRef = 288765070DF74369002DB57D /* CoreGraphics.framework */; };
		D0C54582130B4066008B807B /* SecretStoreTests.h in Resources */ = {isa = PBXBuildFile; fileRef = D0C54581130B4066008B807B /* SecretStoreTests.h */; };
		D0C54584130B4066008B807B /* SecretStoreTests.m in Sources */ = {isa = PBXBuildFile; fileRef = D0C54583130B4066008B807B /* SecretStoreTests.m */; };
		D0D7200315930AB4008C7004 /* start.html in Resources */ = {isa = PBXBuildFile; fileRef = D0D7200215930AB4008C7004 /* start.html */; };
		D0E58D671349FB4300A79052 /* FooterController.m in Sources */ = {isa = PBXBuildFile; fileRef = D0E58D661349FB4300A79052 /* FooterController.m */; };
		D0E58D6A134A0EE700A79052 /* identities.png in Resources */ = {isa = PBXBuildFile; fileRef = D0E58D69134A0EE700A79052 /* identities.png */; };
		D0E58D70134A149C00A79052 /* IdentityEditViewController.m in Sources */ = {isa = PBXBuildFile; fileRef = D0E58D6F134A149C00A79052 /* IdentityEditViewController.m */; };
		D0E9C08B134DC26A00DDCE4E /* stroomt-logo@2x.png in Resources */ = {isa = PBXBuildFile; fileRef = D0E9C08A134DC26A00DDCE4E /* stroomt-logo@2x.png */; };
		D0EBBA79134B606300CAAB58 /* stroomt-logo.png in Resources */ = {isa = PBXBuildFile; fileRef = D0EBBA78134B606300CAAB58 /* stroomt-logo.png */; };
		D0EBBA7D134B664B00CAAB58 /* ErrorChildView.xib in Resources */ = {isa = PBXBuildFile; fileRef = D0EBBA7C134B664B00CAAB58 /* ErrorChildView.xib */; };
		D0EBBA7F134B669800CAAB58 /* ErrorView.xib in Resources */ = {isa = PBXBuildFile; fileRef = D0EBBA7E134B669800CAAB58 /* ErrorView.xib */; };
		D0EBBA83134B670300CAAB58 /* ErrorViewController.m in Sources */ = {isa = PBXBuildFile; fileRef = D0EBBA82134B670300CAAB58 /* ErrorViewController.m */; };
		D0EBBA96134C6A9700CAAB58 /* tiqr-bw-logo.png in Resources */ = {isa = PBXBuildFile; fileRef = D0EBBA94134C6A9700CAAB58 /* tiqr-bw-logo.png */; };
		D0EBBA97134C6A9700CAAB58 /* tiqr-bw-logo@2x.png in Resources */ = {isa = PBXBuildFile; fileRef = D0EBBA95134C6A9700CAAB58 /* tiqr-bw-logo@2x.png */; };
		D0EECF2F12781F72001D54F8 /* AboutViewController.m in Sources */ = {isa = PBXBuildFile; fileRef = D0EECF2D12781F72001D54F8 /* AboutViewController.m */; };
		D0EECFA412782EFE001D54F8 /* AuthenticationIdentityViewController.m in Sources */ = {isa = PBXBuildFile; fileRef = D0EECFA212782EFE001D54F8 /* AuthenticationIdentityViewController.m */; };
		D0EECFA912782F23001D54F8 /* AuthenticationConfirmViewController.m in Sources */ = {isa = PBXBuildFile; fileRef = D0EECFA712782F23001D54F8 /* AuthenticationConfirmViewController.m */; };
		D0EECFAE12782F57001D54F8 /* IdentityListViewController.m in Sources */ = {isa = PBXBuildFile; fileRef = D0EECFAC12782F57001D54F8 /* IdentityListViewController.m */; };
		D0EECFBA127831FE001D54F8 /* EnrollmentConfirmViewController.m in Sources */ = {isa = PBXBuildFile; fileRef = D0EECFB8127831FE001D54F8 /* EnrollmentConfirmViewController.m */; };
		D0F51626129A7A6E0013CF3A /* SecretStore.m in Sources */ = {isa = PBXBuildFile; fileRef = D0F51625129A7A6E0013CF3A /* SecretStore.m */; };
		D0FF34EA1309462C004096E1 /* Settings.bundle in Resources */ = {isa = PBXBuildFile; fileRef = D0FF34E91309462C004096E1 /* Settings.bundle */; };
/* End PBXBuildFile section */

/* Begin PBXContainerItemProxy section */
		D087B4FF1484EF20001E3545 /* PBXContainerItemProxy */ = {
			isa = PBXContainerItemProxy;
			containerPortal = D087B4FB1484EF20001E3545 /* ZXingWidget.xcodeproj */;
			proxyType = 2;
			remoteGlobalIDString = D2AAC07E0554694100DB518D;
			remoteInfo = ZXingWidget;
		};
		D087B5011484EF38001E3545 /* PBXContainerItemProxy */ = {
			isa = PBXContainerItemProxy;
			containerPortal = D087B4FB1484EF20001E3545 /* ZXingWidget.xcodeproj */;
			proxyType = 1;
			remoteGlobalIDString = D2AAC07D0554694100DB518D;
			remoteInfo = ZXingWidget;
		};
/* End PBXContainerItemProxy section */

/* Begin PBXFileReference section */
		1D30AB110D05D00D00671497 /* Foundation.framework */ = {isa = PBXFileReference; lastKnownFileType = wrapper.framework; name = Foundation.framework; path = System/Library/Frameworks/Foundation.framework; sourceTree = SDKROOT; };
		1D3623240D0F684500981E51 /* TiqrAppDelegate.h */ = {isa = PBXFileReference; fileEncoding = 4; lastKnownFileType = sourcecode.c.h; path = TiqrAppDelegate.h; sourceTree = "<group>"; };
		1D3623250D0F684500981E51 /* TiqrAppDelegate.m */ = {isa = PBXFileReference; fileEncoding = 4; lastKnownFileType = sourcecode.c.objc; path = TiqrAppDelegate.m; sourceTree = "<group>"; };
		1D6058910D05DD3D006BFB54 /* Example.app */ = {isa = PBXFileReference; explicitFileType = wrapper.application; includeInIndex = 0; path = Example.app; sourceTree = BUILT_PRODUCTS_DIR; };
		1DF5F4DF0D08C38300B7A737 /* UIKit.framework */ = {isa = PBXFileReference; lastKnownFileType = wrapper.framework; name = UIKit.framework; path = System/Library/Frameworks/UIKit.framework; sourceTree = SDKROOT; };
		288765070DF74369002DB57D /* CoreGraphics.framework */ = {isa = PBXFileReference; lastKnownFileType = wrapper.framework; name = CoreGraphics.framework; path = System/Library/Frameworks/CoreGraphics.framework; sourceTree = SDKROOT; };
		28A0AB4B0D9B1048005BE974 /* Tiqr_Prefix.pch */ = {isa = PBXFileReference; fileEncoding = 4; lastKnownFileType = sourcecode.c.h; path = Tiqr_Prefix.pch; sourceTree = "<group>"; };
		29B97316FDCFA39411CA2CEA /* main.mm */ = {isa = PBXFileReference; fileEncoding = 4; lastKnownFileType = sourcecode.cpp.objcpp; path = main.mm; sourceTree = "<group>"; };
		76A195AA155BBE1000A73D2D /* FooterChildView.xib */ = {isa = PBXFileReference; fileEncoding = 4; lastKnownFileType = file.xib; path = FooterChildView.xib; sourceTree = "<group>"; };
		76A195AC155BBEF500A73D2D /* ScanView.xib */ = {isa = PBXFileReference; fileEncoding = 4; lastKnownFileType = file.xib; path = ScanView.xib; sourceTree = "<group>"; };
		76A195AE155BC0C800A73D2D /* AuthenticationSummaryView.xib */ = {isa = PBXFileReference; fileEncoding = 4; lastKnownFileType = file.xib; path = AuthenticationSummaryView.xib; sourceTree = "<group>"; };
		76A195B0155BC27200A73D2D /* AuthenticationIdentityView.xib */ = {isa = PBXFileReference; fileEncoding = 4; lastKnownFileType = file.xib; path = AuthenticationIdentityView.xib; sourceTree = "<group>"; };
		76A195B2155BC3A900A73D2D /* AuthenticationFallbackView.xib */ = {isa = PBXFileReference; fileEncoding = 4; lastKnownFileType = file.xib; path = AuthenticationFallbackView.xib; sourceTree = "<group>"; };
		76A195B4155BC7A300A73D2D /* AuthenticationConfirmView.xib */ = {isa = PBXFileReference; fileEncoding = 4; lastKnownFileType = file.xib; path = AuthenticationConfirmView.xib; sourceTree = "<group>"; };
		76A195B9155BC8B000A73D2D /* EnrollmentConfirmView.xib */ = {isa = PBXFileReference; fileEncoding = 4; lastKnownFileType = file.xib; path = EnrollmentConfirmView.xib; sourceTree = "<group>"; };
		76A195BA155BC8B000A73D2D /* EnrollmentSummaryView.xib */ = {isa = PBXFileReference; fileEncoding = 4; lastKnownFileType = file.xib; path = EnrollmentSummaryView.xib; sourceTree = "<group>"; };
		76A195BD155BCA0900A73D2D /* IdentityEditView.xib */ = {isa = PBXFileReference; fileEncoding = 4; lastKnownFileType = file.xib; path = IdentityEditView.xib; sourceTree = "<group>"; };
		76A195BF155BCACC00A73D2D /* AboutView.xib */ = {isa = PBXFileReference; fileEncoding = 4; lastKnownFileType = file.xib; path = AboutView.xib; sourceTree = "<group>"; };
		84AB2189168C4F23008C4A35 /* surfnet-logo.png */ = {isa = PBXFileReference; lastKnownFileType = image.png; path = "surfnet-logo.png"; sourceTree = "<group>"; };
		84AB218A168C4F23008C4A35 /* surfnet-logo@2x.png */ = {isa = PBXFileReference; lastKnownFileType = image.png; path = "surfnet-logo@2x.png"; sourceTree = "<group>"; };
		922F08421289ABE700A33616 /* HOTP.h */ = {isa = PBXFileReference; fileEncoding = 4; lastKnownFileType = sourcecode.c.h; path = HOTP.h; sourceTree = "<group>"; };
		922F08431289ABE700A33616 /* HOTP.m */ = {isa = PBXFileReference; fileEncoding = 4; lastKnownFileType = sourcecode.c.objc; path = HOTP.m; sourceTree = "<group>"; };
		922F08451289ABFE00A33616 /* OCRAWrapper.h */ = {isa = PBXFileReference; fileEncoding = 4; lastKnownFileType = sourcecode.c.h; path = OCRAWrapper.h; sourceTree = "<group>"; };
		922F08461289ABFE00A33616 /* OCRAWrapper.m */ = {isa = PBXFileReference; fileEncoding = 4; lastKnownFileType = sourcecode.c.objc; path = OCRAWrapper.m; sourceTree = "<group>"; };
		924D6C5D13094DEC00F87B96 /* AuthenticationFallbackViewController.h */ = {isa = PBXFileReference; fileEncoding = 4; lastKnownFileType = sourcecode.c.h; path = AuthenticationFallbackViewController.h; sourceTree = "<group>"; };
		924D6C5E13094DEC00F87B96 /* AuthenticationFallbackViewController.m */ = {isa = PBXFileReference; fileEncoding = 4; lastKnownFileType = sourcecode.c.objc; path = AuthenticationFallbackViewController.m; sourceTree = "<group>"; };
		924D6E3B130958A400F87B96 /* Reachability.h */ = {isa = PBXFileReference; fileEncoding = 4; lastKnownFileType = sourcecode.c.h; path = Reachability.h; sourceTree = "<group>"; };
		924D6E3C130958A400F87B96 /* Reachability.m */ = {isa = PBXFileReference; fileEncoding = 4; lastKnownFileType = sourcecode.c.objc; path = Reachability.m; sourceTree = "<group>"; };
		924D6E4813095A6900F87B96 /* SystemConfiguration.framework */ = {isa = PBXFileReference; lastKnownFileType = wrapper.framework; name = SystemConfiguration.framework; path = System/Library/Frameworks/SystemConfiguration.framework; sourceTree = SDKROOT; };
		92B92DE1132E114C004F390D /* OcraTests.h */ = {isa = PBXFileReference; fileEncoding = 4; lastKnownFileType = sourcecode.c.h; path = OcraTests.h; sourceTree = "<group>"; };
		92B92DE2132E114D004F390D /* OcraTests.m */ = {isa = PBXFileReference; fileEncoding = 4; lastKnownFileType = sourcecode.c.objc; path = OcraTests.m; sourceTree = "<group>"; };
		92B92DE4132E1DCE004F390D /* OCRA.h */ = {isa = PBXFileReference; fileEncoding = 4; lastKnownFileType = sourcecode.c.h; path = OCRA.h; sourceTree = "<group>"; };
		92B92DE5132E1DCE004F390D /* OCRA.m */ = {isa = PBXFileReference; fileEncoding = 4; lastKnownFileType = sourcecode.c.objc; path = OCRA.m; sourceTree = "<group>"; };
		D002E01E1349D29A00071321 /* ErrorController.h */ = {isa = PBXFileReference; fileEncoding = 4; lastKnownFileType = sourcecode.c.h; path = ErrorController.h; sourceTree = "<group>"; };
		D002E01F1349D29A00071321 /* ErrorController.m */ = {isa = PBXFileReference; fileEncoding = 4; lastKnownFileType = sourcecode.c.objc; path = ErrorController.m; sourceTree = "<group>"; };
		D002E0211349D39C00071321 /* ErrorController-Protected.h */ = {isa = PBXFileReference; fileEncoding = 4; lastKnownFileType = sourcecode.c.h; path = "ErrorController-Protected.h"; sourceTree = "<group>"; };
		D002E0221349EAF700071321 /* AuthenticationFallbackViewController-Protected.h */ = {isa = PBXFileReference; fileEncoding = 4; lastKnownFileType = sourcecode.c.h; path = "AuthenticationFallbackViewController-Protected.h"; sourceTree = "<group>"; };
		D002E0261349F4D400071321 /* StartView.xib */ = {isa = PBXFileReference; lastKnownFileType = file.xib; name = StartView.xib; path = ../StartView.xib; sourceTree = "<group>"; };
		D0047828130A916B00A06157 /* PINViewController.h */ = {isa = PBXFileReference; fileEncoding = 4; lastKnownFileType = sourcecode.c.h; path = PINViewController.h; sourceTree = "<group>"; };
		D00C694F1280482600F6CE43 /* CoreData.framework */ = {isa = PBXFileReference; lastKnownFileType = wrapper.framework; name = CoreData.framework; path = System/Library/Frameworks/CoreData.framework; sourceTree = SDKROOT; };
		D011A5241340C70E00E571A2 /* EnrollmentSummaryViewController-Protected.h */ = {isa = PBXFileReference; fileEncoding = 4; lastKnownFileType = sourcecode.c.h; path = "EnrollmentSummaryViewController-Protected.h"; sourceTree = "<group>"; };
		D011A5251340CC2F00E571A2 /* EnrollmentConfirmationRequest.h */ = {isa = PBXFileReference; fileEncoding = 4; lastKnownFileType = sourcecode.c.h; path = EnrollmentConfirmationRequest.h; sourceTree = "<group>"; };
		D011A5261340CC3000E571A2 /* EnrollmentConfirmationRequest.m */ = {isa = PBXFileReference; fileEncoding = 4; lastKnownFileType = sourcecode.c.objc; path = EnrollmentConfirmationRequest.m; sourceTree = "<group>"; };
		D011A5281340D47400E571A2 /* IdentityProvider+Utils.h */ = {isa = PBXFileReference; fileEncoding = 4; lastKnownFileType = sourcecode.c.h; path = "IdentityProvider+Utils.h"; sourceTree = "<group>"; };
		D011A52F1340DA7800E571A2 /* AuthenticationSummaryViewController.h */ = {isa = PBXFileReference; fileEncoding = 4; lastKnownFileType = sourcecode.c.h; path = AuthenticationSummaryViewController.h; sourceTree = "<group>"; };
		D011A5301340DA7900E571A2 /* AuthenticationSummaryViewController.m */ = {isa = PBXFileReference; fileEncoding = 4; lastKnownFileType = sourcecode.c.objc; path = AuthenticationSummaryViewController.m; sourceTree = "<group>"; };
		D011A5321340FEBE00E571A2 /* AuthenticationConfirmationRequest.h */ = {isa = PBXFileReference; fileEncoding = 4; lastKnownFileType = sourcecode.c.h; path = AuthenticationConfirmationRequest.h; sourceTree = "<group>"; };
		D011A5331340FEC200E571A2 /* AuthenticationConfirmationRequest.m */ = {isa = PBXFileReference; fileEncoding = 4; lastKnownFileType = sourcecode.c.objc; path = AuthenticationConfirmationRequest.m; sourceTree = "<group>"; };
		D011A5351341091700E571A2 /* AuthenticationConfirmViewController-Protected.h */ = {isa = PBXFileReference; fileEncoding = 4; lastKnownFileType = sourcecode.c.h; path = "AuthenticationConfirmViewController-Protected.h"; sourceTree = "<group>"; };
		D011A5361341093600E571A2 /* AuthenticationSummaryViewController-Protected.h */ = {isa = PBXFileReference; fileEncoding = 4; lastKnownFileType = sourcecode.c.h; path = "AuthenticationSummaryViewController-Protected.h"; sourceTree = "<group>"; };
		D016F8A41338C85300B997D9 /* JSONKit.h */ = {isa = PBXFileReference; fileEncoding = 4; lastKnownFileType = sourcecode.c.h; path = JSONKit.h; sourceTree = "<group>"; };
		D016F8A51338C85300B997D9 /* JSONKit.m */ = {isa = PBXFileReference; fileEncoding = 4; lastKnownFileType = sourcecode.c.objc; path = JSONKit.m; sourceTree = "<group>"; };
		D019ED9413449F3500466A2B /* egeniq-logo.png */ = {isa = PBXFileReference; lastKnownFileType = image.png; path = "egeniq-logo.png"; sourceTree = "<group>"; };
		D019ED9513449F3500466A2B /* egeniq-logo@2x.png */ = {isa = PBXFileReference; lastKnownFileType = image.png; path = "egeniq-logo@2x.png"; sourceTree = "<group>"; };
		D019ED9F13449F3500466A2B /* tiqr-logo.png */ = {isa = PBXFileReference; lastKnownFileType = image.png; path = "tiqr-logo.png"; sourceTree = "<group>"; };
		D019EDA013449F3500466A2B /* tiqr-logo@2x.png */ = {isa = PBXFileReference; lastKnownFileType = image.png; path = "tiqr-logo@2x.png"; sourceTree = "<group>"; };
		D0240CBB127EF62700EB07AD /* ScanOverlayView.h */ = {isa = PBXFileReference; fileEncoding = 4; lastKnownFileType = sourcecode.c.h; path = ScanOverlayView.h; sourceTree = "<group>"; };
		D0240CBC127EF62700EB07AD /* ScanOverlayView.m */ = {isa = PBXFileReference; fileEncoding = 4; lastKnownFileType = sourcecode.c.objc; path = ScanOverlayView.m; sourceTree = "<group>"; };
		D025994513095F9B00F1DF9A /* en */ = {isa = PBXFileReference; lastKnownFileType = text.plist.strings; name = en; path = en.lproj/Localizable.strings; sourceTree = "<group>"; };
		D025994713095FA400F1DF9A /* nl */ = {isa = PBXFileReference; lastKnownFileType = text.plist.strings; name = nl; path = nl.lproj/Localizable.strings; sourceTree = "<group>"; };
		D028BF8613092834002EA560 /* cowbell.wav */ = {isa = PBXFileReference; lastKnownFileType = audio.wav; path = cowbell.wav; sourceTree = "<group>"; };
		D028BF9F13092834002EA560 /* IdentityListView.xib */ = {isa = PBXFileReference; lastKnownFileType = file.xib; path = IdentityListView.xib; sourceTree = "<group>"; };
		D028BFC01309288A002EA560 /* Entitlements.plist */ = {isa = PBXFileReference; fileEncoding = 4; lastKnownFileType = text.plist.xml; path = Entitlements.plist; sourceTree = "<group>"; };
		D028BFC11309288A002EA560 /* Tiqr-Info.plist */ = {isa = PBXFileReference; fileEncoding = 4; lastKnownFileType = text.plist.xml; path = "Tiqr-Info.plist"; sourceTree = "<group>"; };
		D028BFC21309288A002EA560 /* Tiqr.xcdatamodeld */ = {isa = PBXFileReference; fileEncoding = 4; lastKnownFileType = wrapper.xcdatamodeld; path = Tiqr.xcdatamodeld; sourceTree = "<group>"; };
		D0352B6B128980D400184AD5 /* Identity+Utils.h */ = {isa = PBXFileReference; fileEncoding = 4; lastKnownFileType = sourcecode.c.h; path = "Identity+Utils.h"; sourceTree = "<group>"; };
		D0352B6C128980D400184AD5 /* Identity+Utils.m */ = {isa = PBXFileReference; fileEncoding = 4; lastKnownFileType = sourcecode.c.objc; path = "Identity+Utils.m"; sourceTree = "<group>"; };
		D0352BEA12898A7D00184AD5 /* IdentityTableViewCell.h */ = {isa = PBXFileReference; fileEncoding = 4; lastKnownFileType = sourcecode.c.h; path = IdentityTableViewCell.h; sourceTree = "<group>"; };
		D0352BEB12898A7D00184AD5 /* IdentityTableViewCell.m */ = {isa = PBXFileReference; fileEncoding = 4; lastKnownFileType = sourcecode.c.objc; path = IdentityTableViewCell.m; sourceTree = "<group>"; };
		D0524F4712784A050072C1BA /* AudioToolbox.framework */ = {isa = PBXFileReference; lastKnownFileType = wrapper.framework; name = AudioToolbox.framework; path = System/Library/Frameworks/AudioToolbox.framework; sourceTree = SDKROOT; };
		D0627E75127F0899004CF8D4 /* Challenge.h */ = {isa = PBXFileReference; fileEncoding = 4; lastKnownFileType = sourcecode.c.h; path = Challenge.h; sourceTree = "<group>"; };
		D0627E76127F0899004CF8D4 /* Challenge.m */ = {isa = PBXFileReference; fileEncoding = 4; lastKnownFileType = sourcecode.c.objc; path = Challenge.m; sourceTree = "<group>"; };
		D0627E7B127F08C0004CF8D4 /* AuthenticationChallenge.h */ = {isa = PBXFileReference; fileEncoding = 4; lastKnownFileType = sourcecode.c.h; path = AuthenticationChallenge.h; sourceTree = "<group>"; };
		D0627E7C127F08C0004CF8D4 /* AuthenticationChallenge.m */ = {isa = PBXFileReference; fileEncoding = 4; lastKnownFileType = sourcecode.c.objc; path = AuthenticationChallenge.m; sourceTree = "<group>"; };
		D0627E7E127F08D8004CF8D4 /* EnrollmentChallenge.h */ = {isa = PBXFileReference; fileEncoding = 4; lastKnownFileType = sourcecode.c.h; path = EnrollmentChallenge.h; sourceTree = "<group>"; };
		D0627E7F127F08D8004CF8D4 /* EnrollmentChallenge.m */ = {isa = PBXFileReference; fileEncoding = 4; lastKnownFileType = sourcecode.c.objc; path = EnrollmentChallenge.m; sourceTree = "<group>"; };
		D06AD58F134082ED0050D75C /* animals.ttf */ = {isa = PBXFileReference; lastKnownFileType = file; path = animals.ttf; sourceTree = "<group>"; };
		D06AD592134095690050D75C /* PINView.xib */ = {isa = PBXFileReference; lastKnownFileType = file.xib; path = PINView.xib; sourceTree = "<group>"; };
		D06AD593134096F00050D75C /* PINViewController.m */ = {isa = PBXFileReference; fileEncoding = 4; lastKnownFileType = sourcecode.c.objc; path = PINViewController.m; sourceTree = "<group>"; };
		D06AD595134097E00050D75C /* PINViewController-Protected.h */ = {isa = PBXFileReference; fileEncoding = 4; lastKnownFileType = sourcecode.c.h; path = "PINViewController-Protected.h"; sourceTree = "<group>"; };
		D06AD5961340A5D10050D75C /* AuthenticationPINViewController.h */ = {isa = PBXFileReference; fileEncoding = 4; lastKnownFileType = sourcecode.c.h; path = AuthenticationPINViewController.h; sourceTree = "<group>"; };
		D06AD5971340A5D10050D75C /* AuthenticationPINViewController.m */ = {isa = PBXFileReference; fileEncoding = 4; lastKnownFileType = sourcecode.c.objc; path = AuthenticationPINViewController.m; sourceTree = "<group>"; };
		D06AD5991340A5FF0050D75C /* EnrollmentPINViewController.h */ = {isa = PBXFileReference; fileEncoding = 4; lastKnownFileType = sourcecode.c.h; path = EnrollmentPINViewController.h; sourceTree = "<group>"; };
		D06AD59A1340A5FF0050D75C /* EnrollmentPINViewController.m */ = {isa = PBXFileReference; fileEncoding = 4; lastKnownFileType = sourcecode.c.objc; path = EnrollmentPINViewController.m; sourceTree = "<group>"; };
		D06AD59C1340A7CC0050D75C /* EnrollmentPINVerificationViewController.h */ = {isa = PBXFileReference; fileEncoding = 4; lastKnownFileType = sourcecode.c.h; path = EnrollmentPINVerificationViewController.h; sourceTree = "<group>"; };
		D06AD59D1340A7CD0050D75C /* EnrollmentPINVerificationViewController.m */ = {isa = PBXFileReference; fileEncoding = 4; lastKnownFileType = sourcecode.c.objc; path = EnrollmentPINVerificationViewController.m; sourceTree = "<group>"; };
		D06AD59F1340AFF80050D75C /* EnrollmentSummaryViewController.h */ = {isa = PBXFileReference; fileEncoding = 4; lastKnownFileType = sourcecode.c.h; path = EnrollmentSummaryViewController.h; sourceTree = "<group>"; };
		D06AD5A01340AFFA0050D75C /* EnrollmentSummaryViewController.m */ = {isa = PBXFileReference; fileEncoding = 4; lastKnownFileType = sourcecode.c.objc; path = EnrollmentSummaryViewController.m; sourceTree = "<group>"; };
		D06AD5A21340B4010050D75C /* EnrollmentConfirmViewController-Protected.h */ = {isa = PBXFileReference; fileEncoding = 4; lastKnownFileType = sourcecode.c.h; path = "EnrollmentConfirmViewController-Protected.h"; sourceTree = "<group>"; };
		D06F86B71331EA5D00C2C6FF /* AuthenticationChallengeTests.h */ = {isa = PBXFileReference; fileEncoding = 4; lastKnownFileType = sourcecode.c.h; path = AuthenticationChallengeTests.h; sourceTree = "<group>"; };
		D06F86B81331EA5D00C2C6FF /* AuthenticationChallengeTests.m */ = {isa = PBXFileReference; fileEncoding = 4; lastKnownFileType = sourcecode.c.objc; path = AuthenticationChallengeTests.m; sourceTree = "<group>"; };
		D06F86C31331EE5600C2C6FF /* CoreData.framework */ = {isa = PBXFileReference; lastKnownFileType = wrapper.framework; name = CoreData.framework; path = System/Library/Frameworks/CoreData.framework; sourceTree = SDKROOT; };
		D076CF00134F31C000FE762A /* MainWindow.xib */ = {isa = PBXFileReference; lastKnownFileType = file.xib; path = MainWindow.xib; sourceTree = "<group>"; };
		D076CF2D134F5FD000FE762A /* StartViewController-Protected.h */ = {isa = PBXFileReference; fileEncoding = 4; lastKnownFileType = sourcecode.c.h; path = "StartViewController-Protected.h"; sourceTree = "<group>"; };
		D087B4FB1484EF20001E3545 /* ZXingWidget.xcodeproj */ = {isa = PBXFileReference; lastKnownFileType = "wrapper.pb-project"; name = ZXingWidget.xcodeproj; path = ../ZXing/ZXingWidget.xcodeproj; sourceTree = "<group>"; };
		D08BC9661344F6AF00F8D75B /* ScanViewController.h */ = {isa = PBXFileReference; fileEncoding = 4; lastKnownFileType = sourcecode.c.h; path = ScanViewController.h; sourceTree = "<group>"; };
		D08BC9671344F6AF00F8D75B /* ScanViewController.mm */ = {isa = PBXFileReference; fileEncoding = 4; lastKnownFileType = sourcecode.cpp.objcpp; path = ScanViewController.mm; sourceTree = "<group>"; };
		D08BC96C134524AA00F8D75B /* ScanViewController-Protected.h */ = {isa = PBXFileReference; fileEncoding = 4; lastKnownFileType = sourcecode.c.h; path = "ScanViewController-Protected.h"; sourceTree = "<group>"; };
		D08C03251296A6450002849A /* Security.framework */ = {isa = PBXFileReference; lastKnownFileType = wrapper.framework; name = Security.framework; path = System/Library/Frameworks/Security.framework; sourceTree = SDKROOT; };
		D08F5B2512785EAD00C63A3E /* AVFoundation.framework */ = {isa = PBXFileReference; lastKnownFileType = wrapper.framework; name = AVFoundation.framework; path = System/Library/Frameworks/AVFoundation.framework; sourceTree = SDKROOT; };
		D08F5B3512785F5F00C63A3E /* CoreMedia.framework */ = {isa = PBXFileReference; lastKnownFileType = wrapper.framework; name = CoreMedia.framework; path = System/Library/Frameworks/CoreMedia.framework; sourceTree = SDKROOT; };
		D08F5B3712785F5F00C63A3E /* CoreVideo.framework */ = {isa = PBXFileReference; lastKnownFileType = wrapper.framework; name = CoreVideo.framework; path = System/Library/Frameworks/CoreVideo.framework; sourceTree = SDKROOT; };
		D08F5C4C1278735100C63A3E /* libiconv.dylib */ = {isa = PBXFileReference; lastKnownFileType = "compiled.mach-o.dylib"; name = libiconv.dylib; path = usr/lib/libiconv.dylib; sourceTree = SDKROOT; };
		D0914434129BDC2E00C796AA /* NotificationRegistration.h */ = {isa = PBXFileReference; fileEncoding = 4; lastKnownFileType = sourcecode.c.h; path = NotificationRegistration.h; sourceTree = "<group>"; };
		D0914435129BDC2E00C796AA /* NotificationRegistration.m */ = {isa = PBXFileReference; fileEncoding = 4; lastKnownFileType = sourcecode.c.objc; path = NotificationRegistration.m; sourceTree = "<group>"; };
		D0914437129BF47300C796AA /* NSData+Hex.h */ = {isa = PBXFileReference; fileEncoding = 4; lastKnownFileType = sourcecode.c.h; path = "NSData+Hex.h"; sourceTree = "<group>"; };
		D0914438129BF47300C796AA /* NSData+Hex.m */ = {isa = PBXFileReference; fileEncoding = 4; lastKnownFileType = sourcecode.c.objc; path = "NSData+Hex.m"; sourceTree = "<group>"; };
		D09D79A613334F8700F3F0F6 /* EnrollmentChallengeTests.h */ = {isa = PBXFileReference; fileEncoding = 4; lastKnownFileType = sourcecode.c.h; path = EnrollmentChallengeTests.h; sourceTree = "<group>"; };
		D09D79A713334F8700F3F0F6 /* EnrollmentChallengeTests.m */ = {isa = PBXFileReference; fileEncoding = 4; lastKnownFileType = sourcecode.c.objc; path = EnrollmentChallengeTests.m; sourceTree = "<group>"; };
		D0A6F5CC1353356A000F9AE5 /* MBProgressHUD.h */ = {isa = PBXFileReference; fileEncoding = 4; lastKnownFileType = sourcecode.c.h; path = MBProgressHUD.h; sourceTree = "<group>"; };
		D0A6F5CD1353356A000F9AE5 /* MBProgressHUD.m */ = {isa = PBXFileReference; fileEncoding = 4; lastKnownFileType = sourcecode.c.objc; path = MBProgressHUD.m; sourceTree = "<group>"; };
		D0B889531282D7E3003A534D /* StartViewController.h */ = {isa = PBXFileReference; fileEncoding = 4; lastKnownFileType = sourcecode.c.h; path = StartViewController.h; sourceTree = "<group>"; };
		D0B889541282D7E3003A534D /* StartViewController.m */ = {isa = PBXFileReference; fileEncoding = 4; lastKnownFileType = sourcecode.c.objc; path = StartViewController.m; sourceTree = "<group>"; };
		D0BE4AFB134B0A570045AF62 /* NSString+Verhoeff.h */ = {isa = PBXFileReference; fileEncoding = 4; lastKnownFileType = sourcecode.c.h; path = "NSString+Verhoeff.h"; sourceTree = "<group>"; };
		D0BE4AFC134B0A570045AF62 /* NSString+Verhoeff.m */ = {isa = PBXFileReference; fileEncoding = 4; lastKnownFileType = sourcecode.c.objc; path = "NSString+Verhoeff.m"; sourceTree = "<group>"; };
		D0BE4B07134B14620045AF62 /* IdentityProvider+Utils.m */ = {isa = PBXFileReference; fileEncoding = 4; lastKnownFileType = sourcecode.c.objc; path = "IdentityProvider+Utils.m"; sourceTree = "<group>"; };
		D0BE4B09134B28D00045AF62 /* Identity.h */ = {isa = PBXFileReference; fileEncoding = 4; lastKnownFileType = sourcecode.c.h; path = Identity.h; sourceTree = "<group>"; };
		D0BE4B0A134B28D00045AF62 /* Identity.m */ = {isa = PBXFileReference; fileEncoding = 4; lastKnownFileType = sourcecode.c.objc; path = Identity.m; sourceTree = "<group>"; };
		D0BE4B0C134B28D10045AF62 /* IdentityProvider.h */ = {isa = PBXFileReference; fileEncoding = 4; lastKnownFileType = sourcecode.c.h; path = IdentityProvider.h; sourceTree = "<group>"; };
		D0BE4B0D134B28D10045AF62 /* IdentityProvider.m */ = {isa = PBXFileReference; fileEncoding = 4; lastKnownFileType = sourcecode.c.objc; path = IdentityProvider.m; sourceTree = "<group>"; };
		D0C54576130B4065008B807B /* LogicTests.octest */ = {isa = PBXFileReference; explicitFileType = wrapper.cfbundle; includeInIndex = 0; path = LogicTests.octest; sourceTree = BUILT_PRODUCTS_DIR; };
		D0C5457C130B4065008B807B /* LogicTests-Info.plist */ = {isa = PBXFileReference; lastKnownFileType = text.plist.xml; path = "LogicTests-Info.plist"; sourceTree = "<group>"; };
		D0C54580130B4066008B807B /* LogicTests-Prefix.pch */ = {isa = PBXFileReference; lastKnownFileType = sourcecode.c.h; path = "LogicTests-Prefix.pch"; sourceTree = "<group>"; };
		D0C54581130B4066008B807B /* SecretStoreTests.h */ = {isa = PBXFileReference; lastKnownFileType = sourcecode.c.h; path = SecretStoreTests.h; sourceTree = "<group>"; };
		D0C54583130B4066008B807B /* SecretStoreTests.m */ = {isa = PBXFileReference; lastKnownFileType = sourcecode.c.objc; path = SecretStoreTests.m; sourceTree = "<group>"; };
		D0D7200215930AB4008C7004 /* start.html */ = {isa = PBXFileReference; fileEncoding = 4; lastKnownFileType = text.html; path = start.html; sourceTree = "<group>"; };
		D0E58D651349FB4300A79052 /* FooterController.h */ = {isa = PBXFileReference; fileEncoding = 4; lastKnownFileType = sourcecode.c.h; path = FooterController.h; sourceTree = "<group>"; };
		D0E58D661349FB4300A79052 /* FooterController.m */ = {isa = PBXFileReference; fileEncoding = 4; lastKnownFileType = sourcecode.c.objc; path = FooterController.m; sourceTree = "<group>"; };
		D0E58D681349FB5200A79052 /* FooterController-Protected.h */ = {isa = PBXFileReference; fileEncoding = 4; lastKnownFileType = sourcecode.c.h; path = "FooterController-Protected.h"; sourceTree = "<group>"; };
		D0E58D69134A0EE700A79052 /* identities.png */ = {isa = PBXFileReference; lastKnownFileType = image.png; path = identities.png; sourceTree = "<group>"; };
		D0E58D6E134A149B00A79052 /* IdentityEditViewController.h */ = {isa = PBXFileReference; fileEncoding = 4; lastKnownFileType = sourcecode.c.h; path = IdentityEditViewController.h; sourceTree = "<group>"; };
		D0E58D6F134A149C00A79052 /* IdentityEditViewController.m */ = {isa = PBXFileReference; fileEncoding = 4; lastKnownFileType = sourcecode.c.objc; path = IdentityEditViewController.m; sourceTree = "<group>"; };
		D0E58D71134A14BC00A79052 /* IdentityEditViewController-Protected.h */ = {isa = PBXFileReference; fileEncoding = 4; lastKnownFileType = sourcecode.c.h; path = "IdentityEditViewController-Protected.h"; sourceTree = "<group>"; };
		D0E9C08A134DC26A00DDCE4E /* stroomt-logo@2x.png */ = {isa = PBXFileReference; lastKnownFileType = image.png; path = "stroomt-logo@2x.png"; sourceTree = "<group>"; };
		D0EBBA78134B606300CAAB58 /* stroomt-logo.png */ = {isa = PBXFileReference; lastKnownFileType = image.png; path = "stroomt-logo.png"; sourceTree = "<group>"; };
		D0EBBA7A134B61BD00CAAB58 /* AboutViewController-Protected.h */ = {isa = PBXFileReference; fileEncoding = 4; lastKnownFileType = sourcecode.c.h; path = "AboutViewController-Protected.h"; sourceTree = "<group>"; };
		D0EBBA7C134B664B00CAAB58 /* ErrorChildView.xib */ = {isa = PBXFileReference; fileEncoding = 4; lastKnownFileType = file.xib; path = ErrorChildView.xib; sourceTree = "<group>"; };
		D0EBBA7E134B669800CAAB58 /* ErrorView.xib */ = {isa = PBXFileReference; fileEncoding = 4; lastKnownFileType = file.xib; path = ErrorView.xib; sourceTree = "<group>"; };
		D0EBBA81134B670300CAAB58 /* ErrorViewController.h */ = {isa = PBXFileReference; fileEncoding = 4; lastKnownFileType = sourcecode.c.h; path = ErrorViewController.h; sourceTree = "<group>"; };
		D0EBBA82134B670300CAAB58 /* ErrorViewController.m */ = {isa = PBXFileReference; fileEncoding = 4; lastKnownFileType = sourcecode.c.objc; path = ErrorViewController.m; sourceTree = "<group>"; };
		D0EBBA84134B9F6300CAAB58 /* Challenge-Protected.h */ = {isa = PBXFileReference; fileEncoding = 4; lastKnownFileType = sourcecode.c.h; path = "Challenge-Protected.h"; sourceTree = "<group>"; };
		D0EBBA85134BA45700CAAB58 /* AuthenticationChallenge-Protected.h */ = {isa = PBXFileReference; fileEncoding = 4; lastKnownFileType = sourcecode.c.h; path = "AuthenticationChallenge-Protected.h"; sourceTree = "<group>"; };
		D0EBBA89134BA5AC00CAAB58 /* EnrollmentChallenge-Protected.h */ = {isa = PBXFileReference; fileEncoding = 4; lastKnownFileType = sourcecode.c.h; path = "EnrollmentChallenge-Protected.h"; sourceTree = "<group>"; };
		D0EBBA94134C6A9700CAAB58 /* tiqr-bw-logo.png */ = {isa = PBXFileReference; lastKnownFileType = image.png; path = "tiqr-bw-logo.png"; sourceTree = "<group>"; };
		D0EBBA95134C6A9700CAAB58 /* tiqr-bw-logo@2x.png */ = {isa = PBXFileReference; lastKnownFileType = image.png; path = "tiqr-bw-logo@2x.png"; sourceTree = "<group>"; };
		D0EECF2C12781F72001D54F8 /* AboutViewController.h */ = {isa = PBXFileReference; fileEncoding = 4; lastKnownFileType = sourcecode.c.h; path = AboutViewController.h; sourceTree = "<group>"; };
		D0EECF2D12781F72001D54F8 /* AboutViewController.m */ = {isa = PBXFileReference; fileEncoding = 4; lastKnownFileType = sourcecode.c.objc; path = AboutViewController.m; sourceTree = "<group>"; };
		D0EECFA112782EFE001D54F8 /* AuthenticationIdentityViewController.h */ = {isa = PBXFileReference; fileEncoding = 4; lastKnownFileType = sourcecode.c.h; path = AuthenticationIdentityViewController.h; sourceTree = "<group>"; };
		D0EECFA212782EFE001D54F8 /* AuthenticationIdentityViewController.m */ = {isa = PBXFileReference; fileEncoding = 4; lastKnownFileType = sourcecode.c.objc; path = AuthenticationIdentityViewController.m; sourceTree = "<group>"; };
		D0EECFA612782F23001D54F8 /* AuthenticationConfirmViewController.h */ = {isa = PBXFileReference; fileEncoding = 4; lastKnownFileType = sourcecode.c.h; path = AuthenticationConfirmViewController.h; sourceTree = "<group>"; };
		D0EECFA712782F23001D54F8 /* AuthenticationConfirmViewController.m */ = {isa = PBXFileReference; fileEncoding = 4; lastKnownFileType = sourcecode.c.objc; path = AuthenticationConfirmViewController.m; sourceTree = "<group>"; };
		D0EECFAB12782F57001D54F8 /* IdentityListViewController.h */ = {isa = PBXFileReference; fileEncoding = 4; lastKnownFileType = sourcecode.c.h; path = IdentityListViewController.h; sourceTree = "<group>"; };
		D0EECFAC12782F57001D54F8 /* IdentityListViewController.m */ = {isa = PBXFileReference; fileEncoding = 4; lastKnownFileType = sourcecode.c.objc; path = IdentityListViewController.m; sourceTree = "<group>"; };
		D0EECFB7127831FE001D54F8 /* EnrollmentConfirmViewController.h */ = {isa = PBXFileReference; fileEncoding = 4; lastKnownFileType = sourcecode.c.h; path = EnrollmentConfirmViewController.h; sourceTree = "<group>"; };
		D0EECFB8127831FE001D54F8 /* EnrollmentConfirmViewController.m */ = {isa = PBXFileReference; fileEncoding = 4; lastKnownFileType = sourcecode.c.objc; path = EnrollmentConfirmViewController.m; sourceTree = "<group>"; };
		D0F51624129A7A6E0013CF3A /* SecretStore.h */ = {isa = PBXFileReference; fileEncoding = 4; lastKnownFileType = sourcecode.c.h; path = SecretStore.h; sourceTree = "<group>"; };
		D0F51625129A7A6E0013CF3A /* SecretStore.m */ = {isa = PBXFileReference; fileEncoding = 4; lastKnownFileType = sourcecode.c.objc; path = SecretStore.m; sourceTree = "<group>"; };
		D0FA39D6134468B0001F8678 /* AuthenticationIdentityViewController-Protected.h */ = {isa = PBXFileReference; fileEncoding = 4; lastKnownFileType = sourcecode.c.h; path = "AuthenticationIdentityViewController-Protected.h"; sourceTree = "<group>"; };
		D0FF34E91309462C004096E1 /* Settings.bundle */ = {isa = PBXFileReference; lastKnownFileType = "wrapper.plug-in"; path = Settings.bundle; sourceTree = "<group>"; };
/* End PBXFileReference section */

/* Begin PBXFrameworksBuildPhase section */
		1D60588F0D05DD3D006BFB54 /* Frameworks */ = {
			isa = PBXFrameworksBuildPhase;
			buildActionMask = 2147483647;
			files = (
				D087B5031484EF45001E3545 /* libZXingWidget.a in Frameworks */,
				1D60589F0D05DD5A006BFB54 /* Foundation.framework in Frameworks */,
				1DF5F4E00D08C38300B7A737 /* UIKit.framework in Frameworks */,
				288765080DF74369002DB57D /* CoreGraphics.framework in Frameworks */,
				D0524F4812784A050072C1BA /* AudioToolbox.framework in Frameworks */,
				D08F5B2612785EAD00C63A3E /* AVFoundation.framework in Frameworks */,
				D08F5B3612785F5F00C63A3E /* CoreMedia.framework in Frameworks */,
				D08F5B3812785F5F00C63A3E /* CoreVideo.framework in Frameworks */,
				D08F5C4D1278735100C63A3E /* libiconv.dylib in Frameworks */,
				D00C69501280482600F6CE43 /* CoreData.framework in Frameworks */,
				D08C03261296A6450002849A /* Security.framework in Frameworks */,
				924D6E4913095A6900F87B96 /* SystemConfiguration.framework in Frameworks */,
			);
			runOnlyForDeploymentPostprocessing = 0;
		};
		D0C54572130B4065008B807B /* Frameworks */ = {
			isa = PBXFrameworksBuildPhase;
			buildActionMask = 2147483647;
			files = (
				D06F86C41331EE5600C2C6FF /* CoreData.framework in Frameworks */,
				D0C54577130B4065008B807B /* UIKit.framework in Frameworks */,
				D0C54578130B4065008B807B /* Foundation.framework in Frameworks */,
				D0C54579130B4065008B807B /* CoreGraphics.framework in Frameworks */,
				D062B2FD130B4908004F28AE /* Security.framework in Frameworks */,
			);
			runOnlyForDeploymentPostprocessing = 0;
		};
/* End PBXFrameworksBuildPhase section */

/* Begin PBXGroup section */
		080E96DDFE201D6D7F000001 /* Classes */ = {
			isa = PBXGroup;
			children = (
				D08F5AFC1278593D00C63A3E /* Common */,
				D0EBBA80134B66EB00CAAB58 /* Error */,
				D06BF5BE1339055F002A1083 /* Start */,
				D06BF5BC1338F4BD002A1083 /* Scan */,
				D0047827130A913100A06157 /* PIN */,
				D0EECF1112781BB6001D54F8 /* Authentication */,
				D0B5B351133B6EDA0076B372 /* Enrollment */,
				D0EECF1212781BC2001D54F8 /* Identity */,
				D0EECF1312781BF8001D54F8 /* About */,
				1D3623240D0F684500981E51 /* TiqrAppDelegate.h */,
				1D3623250D0F684500981E51 /* TiqrAppDelegate.m */,
			);
			path = Classes;
			sourceTree = "<group>";
		};
		19C28FACFE9D520D11CA2CBB /* Products */ = {
			isa = PBXGroup;
			children = (
				1D6058910D05DD3D006BFB54 /* Example.app */,
				D0C54576130B4065008B807B /* LogicTests.octest */,
			);
			name = Products;
			sourceTree = "<group>";
		};
		29B97314FDCFA39411CA2CEA /* MobileAuth */ = {
			isa = PBXGroup;
			children = (
				D087B4FB1484EF20001E3545 /* ZXingWidget.xcodeproj */,
				D016F8A31338C83C00B997D9 /* External */,
				080E96DDFE201D6D7F000001 /* Classes */,
				D028BF8313092834002EA560 /* Resources */,
				29B97315FDCFA39411CA2CEA /* Other Sources */,
				29B97323FDCFA39411CA2CEA /* Frameworks */,
				19C28FACFE9D520D11CA2CBB /* Products */,
				D0C5457A130B4065008B807B /* Tests */,
			);
			name = MobileAuth;
			sourceTree = "<group>";
		};
		29B97315FDCFA39411CA2CEA /* Other Sources */ = {
			isa = PBXGroup;
			children = (
				28A0AB4B0D9B1048005BE974 /* Tiqr_Prefix.pch */,
				29B97316FDCFA39411CA2CEA /* main.mm */,
			);
			name = "Other Sources";
			sourceTree = "<group>";
		};
		29B97323FDCFA39411CA2CEA /* Frameworks */ = {
			isa = PBXGroup;
			children = (
				D06F86C31331EE5600C2C6FF /* CoreData.framework */,
				1DF5F4DF0D08C38300B7A737 /* UIKit.framework */,
				1D30AB110D05D00D00671497 /* Foundation.framework */,
				288765070DF74369002DB57D /* CoreGraphics.framework */,
				D0524F4712784A050072C1BA /* AudioToolbox.framework */,
				D08F5B2512785EAD00C63A3E /* AVFoundation.framework */,
				D08F5B3512785F5F00C63A3E /* CoreMedia.framework */,
				D08F5B3712785F5F00C63A3E /* CoreVideo.framework */,
				D08F5C4C1278735100C63A3E /* libiconv.dylib */,
				D00C694F1280482600F6CE43 /* CoreData.framework */,
				D08C03251296A6450002849A /* Security.framework */,
				924D6E4813095A6900F87B96 /* SystemConfiguration.framework */,
			);
			name = Frameworks;
			sourceTree = "<group>";
		};
		922F08411289ABBD00A33616 /* Algorithms */ = {
			isa = PBXGroup;
			children = (
				922F08421289ABE700A33616 /* HOTP.h */,
				922F08431289ABE700A33616 /* HOTP.m */,
				922F08451289ABFE00A33616 /* OCRAWrapper.h */,
				922F08461289ABFE00A33616 /* OCRAWrapper.m */,
				92B92DE4132E1DCE004F390D /* OCRA.h */,
				92B92DE5132E1DCE004F390D /* OCRA.m */,
				D0BE4AFB134B0A570045AF62 /* NSString+Verhoeff.h */,
				D0BE4AFC134B0A570045AF62 /* NSString+Verhoeff.m */,
			);
			name = Algorithms;
			sourceTree = "<group>";
		};
		D002E01A1349CE2A00071321 /* Common */ = {
			isa = PBXGroup;
			children = (
				D0EBBA7C134B664B00CAAB58 /* ErrorChildView.xib */,
				76A195AA155BBE1000A73D2D /* FooterChildView.xib */,
			);
			name = Common;
			sourceTree = "<group>";
		};
		D002E01D1349D28500071321 /* UI */ = {
			isa = PBXGroup;
			children = (
				D002E01E1349D29A00071321 /* ErrorController.h */,
				D002E0211349D39C00071321 /* ErrorController-Protected.h */,
				D002E01F1349D29A00071321 /* ErrorController.m */,
				D0E58D651349FB4300A79052 /* FooterController.h */,
				D0E58D681349FB5200A79052 /* FooterController-Protected.h */,
				D0E58D661349FB4300A79052 /* FooterController.m */,
				D0352BEA12898A7D00184AD5 /* IdentityTableViewCell.h */,
				D0352BEB12898A7D00184AD5 /* IdentityTableViewCell.m */,
			);
			name = UI;
			sourceTree = "<group>";
		};
		D0047827130A913100A06157 /* PIN */ = {
			isa = PBXGroup;
			children = (
				D0047828130A916B00A06157 /* PINViewController.h */,
				D06AD595134097E00050D75C /* PINViewController-Protected.h */,
				D06AD593134096F00050D75C /* PINViewController.m */,
			);
			name = PIN;
			sourceTree = "<group>";
		};
		D011A5221340C58700E571A2 /* Authentication */ = {
			isa = PBXGroup;
			children = (
				76A195B4155BC7A300A73D2D /* AuthenticationConfirmView.xib */,
				76A195B2155BC3A900A73D2D /* AuthenticationFallbackView.xib */,
				76A195B0155BC27200A73D2D /* AuthenticationIdentityView.xib */,
				76A195AE155BC0C800A73D2D /* AuthenticationSummaryView.xib */,
			);
			name = Authentication;
			sourceTree = "<group>";
		};
		D011A5231340C5A300E571A2 /* Enrollment */ = {
			isa = PBXGroup;
			children = (
				76A195B9155BC8B000A73D2D /* EnrollmentConfirmView.xib */,
				76A195BA155BC8B000A73D2D /* EnrollmentSummaryView.xib */,
			);
			name = Enrollment;
			sourceTree = "<group>";
		};
		D016F8A31338C83C00B997D9 /* External */ = {
			isa = PBXGroup;
			children = (
				D0A6F5CB1353354F000F9AE5 /* MBProgressHUD */,
				D03646B91338D57A00C2273F /* JSONKit */,
				D03646BA1338D58500C2273F /* Reachability */,
			);
			path = External;
			sourceTree = "<group>";
		};
		D028BF8313092834002EA560 /* Resources */ = {
			isa = PBXGroup;
			children = (
				D028BFBF1309288A002EA560 /* General */,
				D028BF8413092834002EA560 /* Audio */,
				D06AD58E134082B30050D75C /* Fonts */,
				D028BF8C13092834002EA560 /* Images */,
				D028BF9613092834002EA560 /* Views */,
			);
			path = Resources;
			sourceTree = "<group>";
		};
		D028BF8413092834002EA560 /* Audio */ = {
			isa = PBXGroup;
			children = (
				D028BF8613092834002EA560 /* cowbell.wav */,
			);
			path = Audio;
			sourceTree = "<group>";
		};
		D028BF8C13092834002EA560 /* Images */ = {
			isa = PBXGroup;
			children = (
				84AB2189168C4F23008C4A35 /* surfnet-logo.png */,
				84AB218A168C4F23008C4A35 /* surfnet-logo@2x.png */,
				D0EBBA78134B606300CAAB58 /* stroomt-logo.png */,
				D0E9C08A134DC26A00DDCE4E /* stroomt-logo@2x.png */,
				D019ED9413449F3500466A2B /* egeniq-logo.png */,
				D019ED9513449F3500466A2B /* egeniq-logo@2x.png */,
				D0E58D69134A0EE700A79052 /* identities.png */,
				D019ED9F13449F3500466A2B /* tiqr-logo.png */,
				D019EDA013449F3500466A2B /* tiqr-logo@2x.png */,
				D0EBBA94134C6A9700CAAB58 /* tiqr-bw-logo.png */,
				D0EBBA95134C6A9700CAAB58 /* tiqr-bw-logo@2x.png */,
			);
			path = Images;
			sourceTree = "<group>";
		};
		D028BF9613092834002EA560 /* Views */ = {
			isa = PBXGroup;
			children = (
				D002E01A1349CE2A00071321 /* Common */,
				D0EBBA7B134B65DA00CAAB58 /* Error */,
				D0FED31C130967A400B96681 /* Start */,
				D08BC9691345228400F8D75B /* Scan */,
				D0BE4B10134B3EED0045AF62 /* PIN */,
				D011A5221340C58700E571A2 /* Authentication */,
				D011A5231340C5A300E571A2 /* Enrollment */,
				D0E58D6B134A12B100A79052 /* Identity */,
				D0BE4B0F134B3DC50045AF62 /* About */,
				D076CF00134F31C000FE762A /* MainWindow.xib */,
			);
			path = Views;
			sourceTree = "<group>";
		};
		D028BFBF1309288A002EA560 /* General */ = {
			isa = PBXGroup;
			children = (
				D028BFC01309288A002EA560 /* Entitlements.plist */,
				D025994613095F9B00F1DF9A /* Localizable.strings */,
				D028BFC11309288A002EA560 /* Tiqr-Info.plist */,
				D028BFC21309288A002EA560 /* Tiqr.xcdatamodeld */,
				D0FF34E91309462C004096E1 /* Settings.bundle */,
			);
			path = General;
			sourceTree = "<group>";
		};
		D03646B91338D57A00C2273F /* JSONKit */ = {
			isa = PBXGroup;
			children = (
				D016F8A41338C85300B997D9 /* JSONKit.h */,
				D016F8A51338C85300B997D9 /* JSONKit.m */,
			);
			name = JSONKit;
			sourceTree = "<group>";
		};
		D03646BA1338D58500C2273F /* Reachability */ = {
			isa = PBXGroup;
			children = (
				924D6E3B130958A400F87B96 /* Reachability.h */,
				924D6E3C130958A400F87B96 /* Reachability.m */,
			);
			name = Reachability;
			sourceTree = "<group>";
		};
		D062B2FE130B4A49004F28AE /* LogicTests */ = {
			isa = PBXGroup;
			children = (
				D0C5457B130B4065008B807B /* Supporting Files */,
				D0C54581130B4066008B807B /* SecretStoreTests.h */,
				D0C54583130B4066008B807B /* SecretStoreTests.m */,
				92B92DE1132E114C004F390D /* OcraTests.h */,
				92B92DE2132E114D004F390D /* OcraTests.m */,
				D06F86B71331EA5D00C2C6FF /* AuthenticationChallengeTests.h */,
				D06F86B81331EA5D00C2C6FF /* AuthenticationChallengeTests.m */,
				D09D79A613334F8700F3F0F6 /* EnrollmentChallengeTests.h */,
				D09D79A713334F8700F3F0F6 /* EnrollmentChallengeTests.m */,
			);
			name = LogicTests;
			sourceTree = "<group>";
		};
		D06AD58E134082B30050D75C /* Fonts */ = {
			isa = PBXGroup;
			children = (
				D06AD58F134082ED0050D75C /* animals.ttf */,
			);
			path = Fonts;
			sourceTree = "<group>";
		};
		D06BF5BC1338F4BD002A1083 /* Scan */ = {
			isa = PBXGroup;
			children = (
				D08BC9661344F6AF00F8D75B /* ScanViewController.h */,
				D08BC96C134524AA00F8D75B /* ScanViewController-Protected.h */,
				D08BC9671344F6AF00F8D75B /* ScanViewController.mm */,
				D0240CBB127EF62700EB07AD /* ScanOverlayView.h */,
				D0240CBC127EF62700EB07AD /* ScanOverlayView.m */,
			);
			name = Scan;
			sourceTree = "<group>";
		};
		D06BF5BE1339055F002A1083 /* Start */ = {
			isa = PBXGroup;
			children = (
				D0B889531282D7E3003A534D /* StartViewController.h */,
				D076CF2D134F5FD000FE762A /* StartViewController-Protected.h */,
				D0B889541282D7E3003A534D /* StartViewController.m */,
			);
			name = Start;
			sourceTree = "<group>";
		};
		D086D315129FB408002003B4 /* Core Data */ = {
			isa = PBXGroup;
			children = (
				D0BE4B09134B28D00045AF62 /* Identity.h */,
				D0BE4B0A134B28D00045AF62 /* Identity.m */,
				D0BE4B0C134B28D10045AF62 /* IdentityProvider.h */,
				D0BE4B0D134B28D10045AF62 /* IdentityProvider.m */,
				D0352B6B128980D400184AD5 /* Identity+Utils.h */,
				D0352B6C128980D400184AD5 /* Identity+Utils.m */,
				D011A5281340D47400E571A2 /* IdentityProvider+Utils.h */,
				D0BE4B07134B14620045AF62 /* IdentityProvider+Utils.m */,
			);
			name = "Core Data";
			sourceTree = "<group>";
		};
		D087B4FC1484EF20001E3545 /* Products */ = {
			isa = PBXGroup;
			children = (
				D087B5001484EF20001E3545 /* libZXingWidget.a */,
			);
			name = Products;
			sourceTree = "<group>";
		};
		D08BC9691345228400F8D75B /* Scan */ = {
			isa = PBXGroup;
			children = (
				76A195AC155BBEF500A73D2D /* ScanView.xib */,
			);
			name = Scan;
			sourceTree = "<group>";
		};
		D08F5AFC1278593D00C63A3E /* Common */ = {
			isa = PBXGroup;
			children = (
				D0EBBA88134BA58D00CAAB58 /* Misc */,
				D086D315129FB408002003B4 /* Core Data */,
				922F08411289ABBD00A33616 /* Algorithms */,
				D0EBBA86134BA52B00CAAB58 /* Authentication */,
				D0EBBA87134BA54300CAAB58 /* Enrollment */,
				D002E01D1349D28500071321 /* UI */,
			);
			name = Common;
			sourceTree = "<group>";
		};
		D0A6F5CB1353354F000F9AE5 /* MBProgressHUD */ = {
			isa = PBXGroup;
			children = (
				D0A6F5CC1353356A000F9AE5 /* MBProgressHUD.h */,
				D0A6F5CD1353356A000F9AE5 /* MBProgressHUD.m */,
			);
			name = MBProgressHUD;
			sourceTree = "<group>";
		};
		D0B5B351133B6EDA0076B372 /* Enrollment */ = {
			isa = PBXGroup;
			children = (
				D0EECFB7127831FE001D54F8 /* EnrollmentConfirmViewController.h */,
				D06AD5A21340B4010050D75C /* EnrollmentConfirmViewController-Protected.h */,
				D0EECFB8127831FE001D54F8 /* EnrollmentConfirmViewController.m */,
				D06AD5991340A5FF0050D75C /* EnrollmentPINViewController.h */,
				D06AD59A1340A5FF0050D75C /* EnrollmentPINViewController.m */,
				D06AD59C1340A7CC0050D75C /* EnrollmentPINVerificationViewController.h */,
				D06AD59D1340A7CD0050D75C /* EnrollmentPINVerificationViewController.m */,
				D06AD59F1340AFF80050D75C /* EnrollmentSummaryViewController.h */,
				D011A5241340C70E00E571A2 /* EnrollmentSummaryViewController-Protected.h */,
				D06AD5A01340AFFA0050D75C /* EnrollmentSummaryViewController.m */,
			);
			name = Enrollment;
			sourceTree = "<group>";
		};
		D0BE4B0F134B3DC50045AF62 /* About */ = {
			isa = PBXGroup;
			children = (
				76A195BF155BCACC00A73D2D /* AboutView.xib */,
			);
			name = About;
			sourceTree = "<group>";
		};
		D0BE4B10134B3EED0045AF62 /* PIN */ = {
			isa = PBXGroup;
			children = (
				D06AD592134095690050D75C /* PINView.xib */,
			);
			name = PIN;
			sourceTree = "<group>";
		};
		D0C5457A130B4065008B807B /* Tests */ = {
			isa = PBXGroup;
			children = (
				D062B2FE130B4A49004F28AE /* LogicTests */,
			);
			name = Tests;
			path = LogicTests;
			sourceTree = "<group>";
		};
		D0C5457B130B4065008B807B /* Supporting Files */ = {
			isa = PBXGroup;
			children = (
				D0C5457C130B4065008B807B /* LogicTests-Info.plist */,
				D0C54580130B4066008B807B /* LogicTests-Prefix.pch */,
			);
			name = "Supporting Files";
			sourceTree = "<group>";
		};
		D0E58D6B134A12B100A79052 /* Identity */ = {
			isa = PBXGroup;
			children = (
				76A195BD155BCA0900A73D2D /* IdentityEditView.xib */,
				D028BF9F13092834002EA560 /* IdentityListView.xib */,
			);
			name = Identity;
			sourceTree = "<group>";
		};
		D0EBBA7B134B65DA00CAAB58 /* Error */ = {
			isa = PBXGroup;
			children = (
				D0EBBA7E134B669800CAAB58 /* ErrorView.xib */,
			);
			name = Error;
			sourceTree = "<group>";
		};
		D0EBBA80134B66EB00CAAB58 /* Error */ = {
			isa = PBXGroup;
			children = (
				D0EBBA81134B670300CAAB58 /* ErrorViewController.h */,
				D0EBBA82134B670300CAAB58 /* ErrorViewController.m */,
			);
			name = Error;
			sourceTree = "<group>";
		};
		D0EBBA86134BA52B00CAAB58 /* Authentication */ = {
			isa = PBXGroup;
			children = (
				D0627E7B127F08C0004CF8D4 /* AuthenticationChallenge.h */,
				D0EBBA85134BA45700CAAB58 /* AuthenticationChallenge-Protected.h */,
				D0627E7C127F08C0004CF8D4 /* AuthenticationChallenge.m */,
				D011A5321340FEBE00E571A2 /* AuthenticationConfirmationRequest.h */,
				D011A5331340FEC200E571A2 /* AuthenticationConfirmationRequest.m */,
			);
			name = Authentication;
			sourceTree = "<group>";
		};
		D0EBBA87134BA54300CAAB58 /* Enrollment */ = {
			isa = PBXGroup;
			children = (
				D0627E7E127F08D8004CF8D4 /* EnrollmentChallenge.h */,
				D0EBBA89134BA5AC00CAAB58 /* EnrollmentChallenge-Protected.h */,
				D0627E7F127F08D8004CF8D4 /* EnrollmentChallenge.m */,
				D011A5251340CC2F00E571A2 /* EnrollmentConfirmationRequest.h */,
				D011A5261340CC3000E571A2 /* EnrollmentConfirmationRequest.m */,
			);
			name = Enrollment;
			sourceTree = "<group>";
		};
		D0EBBA88134BA58D00CAAB58 /* Misc */ = {
			isa = PBXGroup;
			children = (
				D0627E75127F0899004CF8D4 /* Challenge.h */,
				D0EBBA84134B9F6300CAAB58 /* Challenge-Protected.h */,
				D0627E76127F0899004CF8D4 /* Challenge.m */,
				D0F51624129A7A6E0013CF3A /* SecretStore.h */,
				D0F51625129A7A6E0013CF3A /* SecretStore.m */,
				D0914434129BDC2E00C796AA /* NotificationRegistration.h */,
				D0914435129BDC2E00C796AA /* NotificationRegistration.m */,
				D0914437129BF47300C796AA /* NSData+Hex.h */,
				D0914438129BF47300C796AA /* NSData+Hex.m */,
			);
			name = Misc;
			sourceTree = "<group>";
		};
		D0EECF1112781BB6001D54F8 /* Authentication */ = {
			isa = PBXGroup;
			children = (
				D0EECFA112782EFE001D54F8 /* AuthenticationIdentityViewController.h */,
				D0FA39D6134468B0001F8678 /* AuthenticationIdentityViewController-Protected.h */,
				D0EECFA212782EFE001D54F8 /* AuthenticationIdentityViewController.m */,
				D0EECFA612782F23001D54F8 /* AuthenticationConfirmViewController.h */,
				D011A5351341091700E571A2 /* AuthenticationConfirmViewController-Protected.h */,
				D0EECFA712782F23001D54F8 /* AuthenticationConfirmViewController.m */,
				D06AD5961340A5D10050D75C /* AuthenticationPINViewController.h */,
				D06AD5971340A5D10050D75C /* AuthenticationPINViewController.m */,
				924D6C5D13094DEC00F87B96 /* AuthenticationFallbackViewController.h */,
				D002E0221349EAF700071321 /* AuthenticationFallbackViewController-Protected.h */,
				924D6C5E13094DEC00F87B96 /* AuthenticationFallbackViewController.m */,
				D011A52F1340DA7800E571A2 /* AuthenticationSummaryViewController.h */,
				D011A5361341093600E571A2 /* AuthenticationSummaryViewController-Protected.h */,
				D011A5301340DA7900E571A2 /* AuthenticationSummaryViewController.m */,
			);
			name = Authentication;
			sourceTree = "<group>";
		};
		D0EECF1212781BC2001D54F8 /* Identity */ = {
			isa = PBXGroup;
			children = (
				D0EECFAB12782F57001D54F8 /* IdentityListViewController.h */,
				D0EECFAC12782F57001D54F8 /* IdentityListViewController.m */,
				D0E58D6E134A149B00A79052 /* IdentityEditViewController.h */,
				D0E58D71134A14BC00A79052 /* IdentityEditViewController-Protected.h */,
				D0E58D6F134A149C00A79052 /* IdentityEditViewController.m */,
			);
			name = Identity;
			sourceTree = "<group>";
		};
		D0EECF1312781BF8001D54F8 /* About */ = {
			isa = PBXGroup;
			children = (
				D0EECF2C12781F72001D54F8 /* AboutViewController.h */,
				D0EBBA7A134B61BD00CAAB58 /* AboutViewController-Protected.h */,
				D0EECF2D12781F72001D54F8 /* AboutViewController.m */,
			);
			name = About;
			sourceTree = "<group>";
		};
		D0FED31C130967A400B96681 /* Start */ = {
			isa = PBXGroup;
			children = (
				D002E0261349F4D400071321 /* StartView.xib */,
				D0D7200215930AB4008C7004 /* start.html */,
			);
			name = Start;
			path = HTML;
			sourceTree = "<group>";
		};
/* End PBXGroup section */

/* Begin PBXNativeTarget section */
		1D6058900D05DD3D006BFB54 /* Tiqr */ = {
			isa = PBXNativeTarget;
			buildConfigurationList = 1D6058960D05DD3E006BFB54 /* Build configuration list for PBXNativeTarget "Tiqr" */;
			buildPhases = (
				1D60588D0D05DD3D006BFB54 /* Resources */,
				1D60588E0D05DD3D006BFB54 /* Sources */,
				1D60588F0D05DD3D006BFB54 /* Frameworks */,
			);
			buildRules = (
			);
			dependencies = (
				D087B5021484EF38001E3545 /* PBXTargetDependency */,
			);
			name = Tiqr;
			productName = MobileAuth;
			productReference = 1D6058910D05DD3D006BFB54 /* Example.app */;
			productType = "com.apple.product-type.application";
		};
		D0C54575130B4065008B807B /* LogicTests */ = {
			isa = PBXNativeTarget;
			buildConfigurationList = D0C54585130B4066008B807B /* Build configuration list for PBXNativeTarget "LogicTests" */;
			buildPhases = (
				D0C54571130B4065008B807B /* Sources */,
				D0C54572130B4065008B807B /* Frameworks */,
				D0C54573130B4065008B807B /* Resources */,
				D0C54574130B4065008B807B /* ShellScript */,
			);
			buildRules = (
			);
			dependencies = (
			);
			name = LogicTests;
			productName = LogicTests;
			productReference = D0C54576130B4065008B807B /* LogicTests.octest */;
			productType = "com.apple.product-type.bundle";
		};
/* End PBXNativeTarget section */

/* Begin PBXProject section */
		29B97313FDCFA39411CA2CEA /* Project object */ = {
			isa = PBXProject;
			attributes = {
				ORGANIZATIONNAME = Egeniq;
			};
			buildConfigurationList = C01FCF4E08A954540054247B /* Build configuration list for PBXProject "Tiqr" */;
			compatibilityVersion = "Xcode 3.1";
			developmentRegion = English;
			hasScannedForEncodings = 1;
			knownRegions = (
				English,
				Japanese,
				French,
				German,
				nl,
				en,
			);
			mainGroup = 29B97314FDCFA39411CA2CEA /* MobileAuth */;
			projectDirPath = "";
			projectReferences = (
				{
					ProductGroup = D087B4FC1484EF20001E3545 /* Products */;
					ProjectRef = D087B4FB1484EF20001E3545 /* ZXingWidget.xcodeproj */;
				},
			);
			projectRoot = "";
			targets = (
				1D6058900D05DD3D006BFB54 /* Tiqr */,
				D0C54575130B4065008B807B /* LogicTests */,
			);
		};
/* End PBXProject section */

/* Begin PBXReferenceProxy section */
		D087B5001484EF20001E3545 /* libZXingWidget.a */ = {
			isa = PBXReferenceProxy;
			fileType = archive.ar;
			path = libZXingWidget.a;
			remoteRef = D087B4FF1484EF20001E3545 /* PBXContainerItemProxy */;
			sourceTree = BUILT_PRODUCTS_DIR;
		};
/* End PBXReferenceProxy section */

/* Begin PBXResourcesBuildPhase section */
		1D60588D0D05DD3D006BFB54 /* Resources */ = {
			isa = PBXResourcesBuildPhase;
			buildActionMask = 2147483647;
			files = (
				D028BFA213092834002EA560 /* cowbell.wav in Resources */,
				D002E0251349F4D400071321 /* StartView.xib in Resources */,
				D028BFB813092834002EA560 /* IdentityListView.xib in Resources */,
				D076CEFF134F31C000FE762A /* MainWindow.xib in Resources */,
				D028BFC41309288A002EA560 /* Entitlements.plist in Resources */,
				D0FF34EA1309462C004096E1 /* Settings.bundle in Resources */,
				D025994413095F9B00F1DF9A /* Localizable.strings in Resources */,
				D06AD591134095690050D75C /* PINView.xib in Resources */,
				D06AD590134082ED0050D75C /* animals.ttf in Resources */,
				D019EDA113449F3500466A2B /* egeniq-logo.png in Resources */,
				D019EDA213449F3500466A2B /* egeniq-logo@2x.png in Resources */,
				D019EDAC13449F3500466A2B /* tiqr-logo.png in Resources */,
				D019EDAD13449F3500466A2B /* tiqr-logo@2x.png in Resources */,
				D0E58D6A134A0EE700A79052 /* identities.png in Resources */,
				D0EBBA79134B606300CAAB58 /* stroomt-logo.png in Resources */,
				D0EBBA7D134B664B00CAAB58 /* ErrorChildView.xib in Resources */,
				D0EBBA7F134B669800CAAB58 /* ErrorView.xib in Resources */,
				D0EBBA96134C6A9700CAAB58 /* tiqr-bw-logo.png in Resources */,
				D0EBBA97134C6A9700CAAB58 /* tiqr-bw-logo@2x.png in Resources */,
				D0E9C08B134DC26A00DDCE4E /* stroomt-logo@2x.png in Resources */,
				76A195AB155BBE1000A73D2D /* FooterChildView.xib in Resources */,
				76A195AD155BBEF500A73D2D /* ScanView.xib in Resources */,
				76A195AF155BC0C800A73D2D /* AuthenticationSummaryView.xib in Resources */,
				76A195B1155BC27200A73D2D /* AuthenticationIdentityView.xib in Resources */,
				76A195B3155BC3A900A73D2D /* AuthenticationFallbackView.xib in Resources */,
				76A195B5155BC7A300A73D2D /* AuthenticationConfirmView.xib in Resources */,
				76A195BB155BC8B000A73D2D /* EnrollmentConfirmView.xib in Resources */,
				76A195BC155BC8B000A73D2D /* EnrollmentSummaryView.xib in Resources */,
				76A195BE155BCA0900A73D2D /* IdentityEditView.xib in Resources */,
				76A195C0155BCACC00A73D2D /* AboutView.xib in Resources */,
				84AB218B168C4F23008C4A35 /* surfnet-logo.png in Resources */,
				84AB218C168C4F23008C4A35 /* surfnet-logo@2x.png in Resources */,
				D0D7200315930AB4008C7004 /* start.html in Resources */,
			);
			runOnlyForDeploymentPostprocessing = 0;
		};
		D0C54573130B4065008B807B /* Resources */ = {
			isa = PBXResourcesBuildPhase;
			buildActionMask = 2147483647;
			files = (
				D0C54582130B4066008B807B /* SecretStoreTests.h in Resources */,
			);
			runOnlyForDeploymentPostprocessing = 0;
		};
/* End PBXResourcesBuildPhase section */

/* Begin PBXShellScriptBuildPhase section */
		D0C54574130B4065008B807B /* ShellScript */ = {
			isa = PBXShellScriptBuildPhase;
			buildActionMask = 2147483647;
			files = (
			);
			inputPaths = (
			);
			outputPaths = (
			);
			runOnlyForDeploymentPostprocessing = 0;
			shellPath = /bin/sh;
			shellScript = "# Run the unit tests in this test bundle.\n\"${SYSTEM_DEVELOPER_DIR}/Tools/RunUnitTests\"\n";
		};
/* End PBXShellScriptBuildPhase section */

/* Begin PBXSourcesBuildPhase section */
		1D60588E0D05DD3D006BFB54 /* Sources */ = {
			isa = PBXSourcesBuildPhase;
			buildActionMask = 2147483647;
			files = (
				1D60589B0D05DD56006BFB54 /* main.mm in Sources */,
				1D3623260D0F684500981E51 /* TiqrAppDelegate.m in Sources */,
				D0EECF2F12781F72001D54F8 /* AboutViewController.m in Sources */,
				D0EECFA412782EFE001D54F8 /* AuthenticationIdentityViewController.m in Sources */,
				D0EECFA912782F23001D54F8 /* AuthenticationConfirmViewController.m in Sources */,
				D0EECFAE12782F57001D54F8 /* IdentityListViewController.m in Sources */,
				D0EECFBA127831FE001D54F8 /* EnrollmentConfirmViewController.m in Sources */,
				D0240CBD127EF62700EB07AD /* ScanOverlayView.m in Sources */,
				D0627E77127F0899004CF8D4 /* Challenge.m in Sources */,
				D0627E7D127F08C0004CF8D4 /* AuthenticationChallenge.m in Sources */,
				D0627E80127F08D8004CF8D4 /* EnrollmentChallenge.m in Sources */,
				D0B889561282D7E3003A534D /* StartViewController.m in Sources */,
				D0352B6D128980D400184AD5 /* Identity+Utils.m in Sources */,
				D0352BEC12898A7D00184AD5 /* IdentityTableViewCell.m in Sources */,
				922F08441289ABE700A33616 /* HOTP.m in Sources */,
				922F08471289ABFE00A33616 /* OCRAWrapper.m in Sources */,
				D0F51626129A7A6E0013CF3A /* SecretStore.m in Sources */,
				D0914436129BDC2E00C796AA /* NotificationRegistration.m in Sources */,
				D0914439129BF47300C796AA /* NSData+Hex.m in Sources */,
				D028BFC61309288A002EA560 /* Tiqr.xcdatamodeld in Sources */,
				924D6C5F13094DEC00F87B96 /* AuthenticationFallbackViewController.m in Sources */,
				924D6E3D130958A400F87B96 /* Reachability.m in Sources */,
				92B92DE6132E1DD0004F390D /* OCRA.m in Sources */,
				D016F8A61338C85300B997D9 /* JSONKit.m in Sources */,
				D06AD594134096F00050D75C /* PINViewController.m in Sources */,
				D06AD5981340A5D10050D75C /* AuthenticationPINViewController.m in Sources */,
				D06AD59B1340A5FF0050D75C /* EnrollmentPINViewController.m in Sources */,
				D06AD59E1340A7CF0050D75C /* EnrollmentPINVerificationViewController.m in Sources */,
				D06AD5A11340AFFF0050D75C /* EnrollmentSummaryViewController.m in Sources */,
				D011A5271340CC3000E571A2 /* EnrollmentConfirmationRequest.m in Sources */,
				D011A5311340DA7900E571A2 /* AuthenticationSummaryViewController.m in Sources */,
				D011A5341340FEC600E571A2 /* AuthenticationConfirmationRequest.m in Sources */,
				D08BC9681344F6AF00F8D75B /* ScanViewController.mm in Sources */,
				D002E0201349D29A00071321 /* ErrorController.m in Sources */,
				D0E58D671349FB4300A79052 /* FooterController.m in Sources */,
				D0E58D70134A149C00A79052 /* IdentityEditViewController.m in Sources */,
				D0BE4AFD134B0A570045AF62 /* NSString+Verhoeff.m in Sources */,
				D0BE4B08134B14620045AF62 /* IdentityProvider+Utils.m in Sources */,
				D0BE4B0B134B28D00045AF62 /* Identity.m in Sources */,
				D0BE4B0E134B28D10045AF62 /* IdentityProvider.m in Sources */,
				D0EBBA83134B670300CAAB58 /* ErrorViewController.m in Sources */,
				D0A6F5CE1353356A000F9AE5 /* MBProgressHUD.m in Sources */,
			);
			runOnlyForDeploymentPostprocessing = 0;
		};
		D0C54571130B4065008B807B /* Sources */ = {
			isa = PBXSourcesBuildPhase;
			buildActionMask = 2147483647;
			files = (
				D088C7DE130BC60F006DE593 /* SecretStore.m in Sources */,
				D0C54584130B4066008B807B /* SecretStoreTests.m in Sources */,
				92B92DE3132E114E004F390D /* OcraTests.m in Sources */,
				92B92DE7132E34CD004F390D /* OCRAWrapper.m in Sources */,
				92B92DE8132E34F0004F390D /* OCRA.m in Sources */,
				D06F86B91331EA5D00C2C6FF /* AuthenticationChallengeTests.m in Sources */,
				D06F86BB1331ED2B00C2C6FF /* AuthenticationChallenge.m in Sources */,
				D06F86BC1331ED3500C2C6FF /* EnrollmentChallenge.m in Sources */,
				D06F86BD1331ED4F00C2C6FF /* Challenge.m in Sources */,
				D06F86BE1331ED5500C2C6FF /* Identity+Utils.m in Sources */,
				D06F86C51331F62700C2C6FF /* Tiqr.xcdatamodeld in Sources */,
				D09D79A813334F8700F3F0F6 /* EnrollmentChallengeTests.m in Sources */,
				D016F8A71338C85300B997D9 /* JSONKit.m in Sources */,
			);
			runOnlyForDeploymentPostprocessing = 0;
		};
/* End PBXSourcesBuildPhase section */

/* Begin PBXTargetDependency section */
		D087B5021484EF38001E3545 /* PBXTargetDependency */ = {
			isa = PBXTargetDependency;
			name = ZXingWidget;
			targetProxy = D087B5011484EF38001E3545 /* PBXContainerItemProxy */;
		};
/* End PBXTargetDependency section */

/* Begin PBXVariantGroup section */
		D025994613095F9B00F1DF9A /* Localizable.strings */ = {
			isa = PBXVariantGroup;
			children = (
				D025994513095F9B00F1DF9A /* en */,
				D025994713095FA400F1DF9A /* nl */,
			);
			name = Localizable.strings;
			sourceTree = "<group>";
		};
/* End PBXVariantGroup section */

/* Begin XCBuildConfiguration section */
		1D6058940D05DD3E006BFB54 /* Debug */ = {
			isa = XCBuildConfiguration;
			buildSettings = {
				ALWAYS_SEARCH_USER_PATHS = NO;
				CODE_SIGN_ENTITLEMENTS = Resources/General/Entitlements.plist;
				COPY_PHASE_STRIP = NO;
				GCC_DYNAMIC_NO_PIC = NO;
				GCC_INLINES_ARE_PRIVATE_EXTERN = NO;
				GCC_OPTIMIZATION_LEVEL = 0;
				GCC_PRECOMPILE_PREFIX_HEADER = YES;
				GCC_PREFIX_HEADER = Tiqr_Prefix.pch;
				GCC_SYMBOLS_PRIVATE_EXTERN = NO;
				GCC_VERSION = com.apple.compilers.llvm.clang.1_0;
				HEADER_SEARCH_PATHS = (
					../ZXing/cpp/core/src,
					"../ZXing/iphone/ZXingWidget/Classes/**",
				);
				INFOPLIST_FILE = "Resources/General/Tiqr-Info.plist";
				OTHER_LDFLAGS = "";
				PRODUCT_NAME = Example;
			};
			name = Debug;
		};
		1D6058950D05DD3E006BFB54 /* Release */ = {
			isa = XCBuildConfiguration;
			buildSettings = {
				ALWAYS_SEARCH_USER_PATHS = NO;
				CODE_SIGN_ENTITLEMENTS = Resources/General/Entitlements.plist;
				COPY_PHASE_STRIP = YES;
				GCC_INLINES_ARE_PRIVATE_EXTERN = NO;
				GCC_PRECOMPILE_PREFIX_HEADER = YES;
				GCC_PREFIX_HEADER = Tiqr_Prefix.pch;
				GCC_SYMBOLS_PRIVATE_EXTERN = NO;
				GCC_VERSION = com.apple.compilers.llvm.clang.1_0;
				HEADER_SEARCH_PATHS = (
					../ZXing/cpp/core/src,
					"../ZXing/iphone/ZXingWidget/Classes/**",
				);
				INFOPLIST_FILE = "Resources/General/Tiqr-Info.plist";
				OTHER_LDFLAGS = "";
				PRODUCT_NAME = Example;
				VALIDATE_PRODUCT = YES;
			};
			name = Release;
		};
		C01FCF4F08A954540054247B /* Debug */ = {
			isa = XCBuildConfiguration;
			buildSettings = {
				ARCHS = (
					armv7,
					armv6,
				);
				"CODE_SIGN_IDENTITY[sdk=iphoneos*]" = "iPhone Developer";
				GCC_C_LANGUAGE_STANDARD = c99;
				GCC_VERSION = com.apple.compilers.llvm.clang.1_0;
				GCC_WARN_ABOUT_RETURN_TYPE = YES;
				GCC_WARN_UNUSED_VARIABLE = YES;
				IPHONEOS_DEPLOYMENT_TARGET = 4.0;
				PREBINDING = NO;
				"PROVISIONING_PROFILE[sdk=iphoneos*]" = "";
				SDKROOT = iphoneos;
			};
			name = Debug;
		};
		C01FCF5008A954540054247B /* Release */ = {
			isa = XCBuildConfiguration;
			buildSettings = {
				ARCHS = (
					armv7,
					armv6,
				);
				"CODE_SIGN_IDENTITY[sdk=iphoneos*]" = "iPhone Developer";
				GCC_C_LANGUAGE_STANDARD = c99;
				GCC_VERSION = com.apple.compilers.llvm.clang.1_0;
				GCC_WARN_ABOUT_RETURN_TYPE = YES;
				GCC_WARN_UNUSED_VARIABLE = YES;
				IPHONEOS_DEPLOYMENT_TARGET = 4.0;
				OTHER_CFLAGS = "-DNS_BLOCK_ASSERTIONS=1";
				PREBINDING = NO;
				"PROVISIONING_PROFILE[sdk=iphoneos*]" = "";
				SDKROOT = iphoneos;
			};
			name = Release;
		};
		D0326701129D9A82004143A3 /* Distribution */ = {
			isa = XCBuildConfiguration;
			buildSettings = {
				ARCHS = (
					armv7,
					armv6,
				);
				"CODE_SIGN_IDENTITY[sdk=iphoneos*]" = "iPhone Distribution";
				GCC_C_LANGUAGE_STANDARD = c99;
				GCC_VERSION = com.apple.compilers.llvm.clang.1_0;
				GCC_WARN_ABOUT_RETURN_TYPE = YES;
				GCC_WARN_UNUSED_VARIABLE = YES;
				IPHONEOS_DEPLOYMENT_TARGET = 4.0;
				OTHER_CFLAGS = "-DNS_BLOCK_ASSERTIONS=1";
				PREBINDING = NO;
				"PROVISIONING_PROFILE[sdk=iphoneos*]" = "";
				SDKROOT = iphoneos;
			};
			name = Distribution;
		};
		D0326702129D9A82004143A3 /* Distribution */ = {
			isa = XCBuildConfiguration;
			buildSettings = {
				ALWAYS_SEARCH_USER_PATHS = NO;
				CODE_SIGN_ENTITLEMENTS = Resources/General/Entitlements.plist;
				COPY_PHASE_STRIP = YES;
				GCC_INLINES_ARE_PRIVATE_EXTERN = NO;
				GCC_PRECOMPILE_PREFIX_HEADER = YES;
				GCC_PREFIX_HEADER = Tiqr_Prefix.pch;
				GCC_SYMBOLS_PRIVATE_EXTERN = NO;
				GCC_VERSION = com.apple.compilers.llvm.clang.1_0;
				HEADER_SEARCH_PATHS = (
					../ZXing/cpp/core/src,
					"../ZXing/iphone/ZXingWidget/Classes/**",
				);
				INFOPLIST_FILE = "Resources/General/Tiqr-Info.plist";
				OTHER_LDFLAGS = "";
				PRODUCT_NAME = Example;
				VALIDATE_PRODUCT = YES;
			};
			name = Distribution;
		};
		D0C54586130B4066008B807B /* Debug */ = {
			isa = XCBuildConfiguration;
			buildSettings = {
				ALWAYS_SEARCH_USER_PATHS = NO;
				FRAMEWORK_SEARCH_PATHS = (
					"$(SDKROOT)/Developer/Library/Frameworks",
					"$(DEVELOPER_LIBRARY_DIR)/Frameworks",
				);
				GCC_C_LANGUAGE_STANDARD = gnu99;
				GCC_OPTIMIZATION_LEVEL = 0;
				GCC_PRECOMPILE_PREFIX_HEADER = YES;
				GCC_PREFIX_HEADER = "LogicTests/LogicTests-Prefix.pch";
				GCC_PREPROCESSOR_DEFINITIONS = DEBUG;
				GCC_VERSION = com.apple.compilers.llvm.clang.1_0;
				INFOPLIST_FILE = "LogicTests/LogicTests-Info.plist";
				IPHONEOS_DEPLOYMENT_TARGET = 4.2;
				OTHER_LDFLAGS = (
					"-framework",
					SenTestingKit,
				);
				PRODUCT_NAME = "$(TARGET_NAME)";
				WRAPPER_EXTENSION = octest;
			};
			name = Debug;
		};
		D0C54587130B4066008B807B /* Release */ = {
			isa = XCBuildConfiguration;
			buildSettings = {
				ALWAYS_SEARCH_USER_PATHS = NO;
				FRAMEWORK_SEARCH_PATHS = (
					"$(SDKROOT)/Developer/Library/Frameworks",
					"$(DEVELOPER_LIBRARY_DIR)/Frameworks",
				);
				GCC_C_LANGUAGE_STANDARD = gnu99;
				GCC_PRECOMPILE_PREFIX_HEADER = YES;
				GCC_PREFIX_HEADER = "LogicTests/LogicTests-Prefix.pch";
				GCC_VERSION = com.apple.compilers.llvm.clang.1_0;
				INFOPLIST_FILE = "LogicTests/LogicTests-Info.plist";
				IPHONEOS_DEPLOYMENT_TARGET = 4.2;
				OTHER_LDFLAGS = (
					"-framework",
					SenTestingKit,
				);
				PRODUCT_NAME = "$(TARGET_NAME)";
				WRAPPER_EXTENSION = octest;
			};
			name = Release;
		};
		D0C54588130B4066008B807B /* Distribution */ = {
			isa = XCBuildConfiguration;
			buildSettings = {
				ALWAYS_SEARCH_USER_PATHS = NO;
				FRAMEWORK_SEARCH_PATHS = (
					"$(SDKROOT)/Developer/Library/Frameworks",
					"$(DEVELOPER_LIBRARY_DIR)/Frameworks",
				);
				GCC_C_LANGUAGE_STANDARD = gnu99;
				GCC_PRECOMPILE_PREFIX_HEADER = YES;
				GCC_PREFIX_HEADER = "LogicTests/LogicTests-Prefix.pch";
				GCC_VERSION = com.apple.compilers.llvm.clang.1_0;
				INFOPLIST_FILE = "LogicTests/LogicTests-Info.plist";
				IPHONEOS_DEPLOYMENT_TARGET = 4.2;
				OTHER_LDFLAGS = (
					"-framework",
					SenTestingKit,
				);
				PRODUCT_NAME = "$(TARGET_NAME)";
				WRAPPER_EXTENSION = octest;
			};
			name = Distribution;
		};
/* End XCBuildConfiguration section */

/* Begin XCConfigurationList section */
		1D6058960D05DD3E006BFB54 /* Build configuration list for PBXNativeTarget "Tiqr" */ = {
			isa = XCConfigurationList;
			buildConfigurations = (
				1D6058940D05DD3E006BFB54 /* Debug */,
				1D6058950D05DD3E006BFB54 /* Release */,
				D0326702129D9A82004143A3 /* Distribution */,
			);
			defaultConfigurationIsVisible = 0;
			defaultConfigurationName = Release;
		};
		C01FCF4E08A954540054247B /* Build configuration list for PBXProject "Tiqr" */ = {
			isa = XCConfigurationList;
			buildConfigurations = (
				C01FCF4F08A954540054247B /* Debug */,
				C01FCF5008A954540054247B /* Release */,
				D0326701129D9A82004143A3 /* Distribution */,
			);
			defaultConfigurationIsVisible = 0;
			defaultConfigurationName = Release;
		};
		D0C54585130B4066008B807B /* Build configuration list for PBXNativeTarget "LogicTests" */ = {
			isa = XCConfigurationList;
			buildConfigurations = (
				D0C54586130B4066008B807B /* Debug */,
				D0C54587130B4066008B807B /* Release */,
				D0C54588130B4066008B807B /* Distribution */,
			);
			defaultConfigurationIsVisible = 0;
			defaultConfigurationName = Release;
		};
/* End XCConfigurationList section */
	};
	rootObject = 29B97313FDCFA39411CA2CEA /* Project object */;
}
