// !$*UTF8*$!
{
	archiveVersion = 1;
	classes = {
	};
	objectVersion = 46;
	objects = {

/* Begin PBXBuildFile section */
		923BF1D916CAD0BA0030B47D /* FooterChildView.xib in Resources */ = {isa = PBXBuildFile; fileRef = 923BF1D716CAD0BA0030B47D /* FooterChildView.xib */; };
		923BF1DA16CAD0BA0030B47D /* AboutView.xib in Resources */ = {isa = PBXBuildFile; fileRef = 923BF1D816CAD0BA0030B47D /* AboutView.xib */; };
		9264226316C9552A00DE5202 /* Default-568h@2x.png in Resources */ = {isa = PBXBuildFile; fileRef = 9264226216C9552A00DE5202 /* Default-568h@2x.png */; };
		926423A716C967FC00DE5202 /* AboutViewController.m in Sources */ = {isa = PBXBuildFile; fileRef = 926422FC16C967FB00DE5202 /* AboutViewController.m */; };
		926423A816C967FC00DE5202 /* AuthenticationChallenge.m in Sources */ = {isa = PBXBuildFile; fileRef = 926422FF16C967FB00DE5202 /* AuthenticationChallenge.m */; };
		926423A916C967FC00DE5202 /* AuthenticationConfirmationRequest.m in Sources */ = {isa = PBXBuildFile; fileRef = 9264230116C967FB00DE5202 /* AuthenticationConfirmationRequest.m */; };
		926423AA16C967FC00DE5202 /* AuthenticationConfirmViewController.m in Sources */ = {isa = PBXBuildFile; fileRef = 9264230416C967FB00DE5202 /* AuthenticationConfirmViewController.m */; };
		926423AB16C967FC00DE5202 /* AuthenticationFallbackViewController.m in Sources */ = {isa = PBXBuildFile; fileRef = 9264230716C967FB00DE5202 /* AuthenticationFallbackViewController.m */; };
		926423AC16C967FC00DE5202 /* AuthenticationIdentityViewController.m in Sources */ = {isa = PBXBuildFile; fileRef = 9264230A16C967FB00DE5202 /* AuthenticationIdentityViewController.m */; };
		926423AD16C967FC00DE5202 /* AuthenticationPINViewController.m in Sources */ = {isa = PBXBuildFile; fileRef = 9264230C16C967FB00DE5202 /* AuthenticationPINViewController.m */; };
		926423AE16C967FC00DE5202 /* AuthenticationSummaryViewController.m in Sources */ = {isa = PBXBuildFile; fileRef = 9264230F16C967FB00DE5202 /* AuthenticationSummaryViewController.m */; };
		926423AF16C967FC00DE5202 /* Challenge.m in Sources */ = {isa = PBXBuildFile; fileRef = 9264231216C967FB00DE5202 /* Challenge.m */; };
		926423B016C967FC00DE5202 /* EnrollmentChallenge.m in Sources */ = {isa = PBXBuildFile; fileRef = 9264231516C967FB00DE5202 /* EnrollmentChallenge.m */; };
		926423B116C967FC00DE5202 /* EnrollmentConfirmationRequest.m in Sources */ = {isa = PBXBuildFile; fileRef = 9264231716C967FB00DE5202 /* EnrollmentConfirmationRequest.m */; };
		926423B216C967FC00DE5202 /* EnrollmentConfirmViewController.m in Sources */ = {isa = PBXBuildFile; fileRef = 9264231A16C967FB00DE5202 /* EnrollmentConfirmViewController.m */; };
		926423B316C967FC00DE5202 /* EnrollmentPINVerificationViewController.m in Sources */ = {isa = PBXBuildFile; fileRef = 9264231C16C967FB00DE5202 /* EnrollmentPINVerificationViewController.m */; };
		926423B416C967FC00DE5202 /* EnrollmentPINViewController.m in Sources */ = {isa = PBXBuildFile; fileRef = 9264231E16C967FB00DE5202 /* EnrollmentPINViewController.m */; };
		926423B516C967FC00DE5202 /* EnrollmentSummaryViewController.m in Sources */ = {isa = PBXBuildFile; fileRef = 9264232116C967FB00DE5202 /* EnrollmentSummaryViewController.m */; };
		926423B616C967FC00DE5202 /* ErrorController.m in Sources */ = {isa = PBXBuildFile; fileRef = 9264232416C967FB00DE5202 /* ErrorController.m */; };
		926423B716C967FC00DE5202 /* ErrorViewController.m in Sources */ = {isa = PBXBuildFile; fileRef = 9264232616C967FB00DE5202 /* ErrorViewController.m */; };
		926423B816C967FC00DE5202 /* FooterController.m in Sources */ = {isa = PBXBuildFile; fileRef = 9264232916C967FB00DE5202 /* FooterController.m */; };
		926423B916C967FC00DE5202 /* HOTP.m in Sources */ = {isa = PBXBuildFile; fileRef = 9264232B16C967FB00DE5202 /* HOTP.m */; };
		926423BA16C967FC00DE5202 /* Identity+Utils.m in Sources */ = {isa = PBXBuildFile; fileRef = 9264232D16C967FB00DE5202 /* Identity+Utils.m */; };
		926423BB16C967FC00DE5202 /* Identity.m in Sources */ = {isa = PBXBuildFile; fileRef = 9264232F16C967FB00DE5202 /* Identity.m */; };
		926423BC16C967FC00DE5202 /* IdentityEditViewController.m in Sources */ = {isa = PBXBuildFile; fileRef = 9264233216C967FB00DE5202 /* IdentityEditViewController.m */; };
		926423BD16C967FC00DE5202 /* IdentityListViewController.m in Sources */ = {isa = PBXBuildFile; fileRef = 9264233416C967FB00DE5202 /* IdentityListViewController.m */; };
		926423BE16C967FC00DE5202 /* IdentityProvider+Utils.m in Sources */ = {isa = PBXBuildFile; fileRef = 9264233616C967FB00DE5202 /* IdentityProvider+Utils.m */; };
		926423BF16C967FC00DE5202 /* IdentityProvider.m in Sources */ = {isa = PBXBuildFile; fileRef = 9264233816C967FB00DE5202 /* IdentityProvider.m */; };
		926423C016C967FC00DE5202 /* IdentityTableViewCell.m in Sources */ = {isa = PBXBuildFile; fileRef = 9264233A16C967FB00DE5202 /* IdentityTableViewCell.m */; };
		926423C116C967FC00DE5202 /* NotificationRegistration.m in Sources */ = {isa = PBXBuildFile; fileRef = 9264233C16C967FB00DE5202 /* NotificationRegistration.m */; };
		926423C216C967FC00DE5202 /* NSData+Hex.m in Sources */ = {isa = PBXBuildFile; fileRef = 9264233E16C967FB00DE5202 /* NSData+Hex.m */; };
		926423C316C967FC00DE5202 /* NSString+Verhoeff.m in Sources */ = {isa = PBXBuildFile; fileRef = 9264234016C967FB00DE5202 /* NSString+Verhoeff.m */; };
		926423C416C967FC00DE5202 /* OCRA.m in Sources */ = {isa = PBXBuildFile; fileRef = 9264234216C967FB00DE5202 /* OCRA.m */; };
		926423C516C967FC00DE5202 /* OCRA_v1.m in Sources */ = {isa = PBXBuildFile; fileRef = 9264234416C967FB00DE5202 /* OCRA_v1.m */; };
		926423C616C967FC00DE5202 /* OCRAWrapper.m in Sources */ = {isa = PBXBuildFile; fileRef = 9264234616C967FB00DE5202 /* OCRAWrapper.m */; };
		926423C716C967FC00DE5202 /* OCRAWrapper_v1.m in Sources */ = {isa = PBXBuildFile; fileRef = 9264234816C967FB00DE5202 /* OCRAWrapper_v1.m */; };
		926423C816C967FC00DE5202 /* PINViewController.m in Sources */ = {isa = PBXBuildFile; fileRef = 9264234B16C967FB00DE5202 /* PINViewController.m */; };
		926423C916C967FC00DE5202 /* ScanOverlayView.m in Sources */ = {isa = PBXBuildFile; fileRef = 9264234D16C967FB00DE5202 /* ScanOverlayView.m */; };
		926423CA16C967FC00DE5202 /* ScanViewController.mm in Sources */ = {isa = PBXBuildFile; fileRef = 9264235016C967FB00DE5202 /* ScanViewController.mm */; };
		926423CB16C967FC00DE5202 /* SecretStore.m in Sources */ = {isa = PBXBuildFile; fileRef = 9264235216C967FB00DE5202 /* SecretStore.m */; };
		926423CC16C967FC00DE5202 /* StartViewController.m in Sources */ = {isa = PBXBuildFile; fileRef = 9264235516C967FB00DE5202 /* StartViewController.m */; };
		926423CD16C967FC00DE5202 /* TiqrAppDelegate.m in Sources */ = {isa = PBXBuildFile; fileRef = 9264235716C967FB00DE5202 /* TiqrAppDelegate.m */; };
		926423CE16C967FC00DE5202 /* Default-568h@2x.png in Resources */ = {isa = PBXBuildFile; fileRef = 9264235816C967FB00DE5202 /* Default-568h@2x.png */; };
		926423CF16C967FC00DE5202 /* JSONKit.m in Sources */ = {isa = PBXBuildFile; fileRef = 9264235B16C967FB00DE5202 /* JSONKit.m */; };
		926423D016C967FC00DE5202 /* MBProgressHUD.m in Sources */ = {isa = PBXBuildFile; fileRef = 9264235D16C967FB00DE5202 /* MBProgressHUD.m */; };
		926423D116C967FC00DE5202 /* Reachability.m in Sources */ = {isa = PBXBuildFile; fileRef = 9264235F16C967FB00DE5202 /* Reachability.m */; };
		926423D816C967FC00DE5202 /* cowbell.wav in Resources */ = {isa = PBXBuildFile; fileRef = 9264236E16C967FB00DE5202 /* cowbell.wav */; };
		926423D916C967FC00DE5202 /* animals.ttf in Resources */ = {isa = PBXBuildFile; fileRef = 9264237016C967FB00DE5202 /* animals.ttf */; };
		926423DA16C967FC00DE5202 /* Localizable.strings in Resources */ = {isa = PBXBuildFile; fileRef = 9264237216C967FB00DE5202 /* Localizable.strings */; };
		926423DC16C967FC00DE5202 /* Settings.bundle in Resources */ = {isa = PBXBuildFile; fileRef = 9264237D16C967FB00DE5202 /* Settings.bundle */; };
		926423DE16C967FC00DE5202 /* Tiqr.xcdatamodeld in Sources */ = {isa = PBXBuildFile; fileRef = 9264238116C967FB00DE5202 /* Tiqr.xcdatamodeld */; };
		926423DF16C967FC00DE5202 /* egeniq-logo.png in Resources */ = {isa = PBXBuildFile; fileRef = 9264238416C967FB00DE5202 /* egeniq-logo.png */; };
		926423E016C967FC00DE5202 /* egeniq-logo@2x.png in Resources */ = {isa = PBXBuildFile; fileRef = 9264238516C967FB00DE5202 /* egeniq-logo@2x.png */; };
		926423E116C967FC00DE5202 /* identities.png in Resources */ = {isa = PBXBuildFile; fileRef = 9264238616C967FB00DE5202 /* identities.png */; };
		926423E216C967FC00DE5202 /* stroomt-logo.png in Resources */ = {isa = PBXBuildFile; fileRef = 9264238716C967FB00DE5202 /* stroomt-logo.png */; };
		926423E316C967FC00DE5202 /* stroomt-logo@2x.png in Resources */ = {isa = PBXBuildFile; fileRef = 9264238816C967FB00DE5202 /* stroomt-logo@2x.png */; };
		926423E616C967FC00DE5202 /* tiqr-bw-logo.png in Resources */ = {isa = PBXBuildFile; fileRef = 9264238B16C967FB00DE5202 /* tiqr-bw-logo.png */; };
		926423E716C967FC00DE5202 /* tiqr-bw-logo@2x.png in Resources */ = {isa = PBXBuildFile; fileRef = 9264238C16C967FB00DE5202 /* tiqr-bw-logo@2x.png */; };
		926423E816C967FC00DE5202 /* tiqr-logo.png in Resources */ = {isa = PBXBuildFile; fileRef = 9264238D16C967FB00DE5202 /* tiqr-logo.png */; };
		926423E916C967FC00DE5202 /* tiqr-logo@2x.png in Resources */ = {isa = PBXBuildFile; fileRef = 9264238E16C967FB00DE5202 /* tiqr-logo@2x.png */; };
		926423EB16C967FC00DE5202 /* AuthenticationConfirmView.xib in Resources */ = {isa = PBXBuildFile; fileRef = 9264239116C967FB00DE5202 /* AuthenticationConfirmView.xib */; };
		926423EC16C967FC00DE5202 /* AuthenticationFallbackView.xib in Resources */ = {isa = PBXBuildFile; fileRef = 9264239216C967FB00DE5202 /* AuthenticationFallbackView.xib */; };
		926423ED16C967FC00DE5202 /* AuthenticationIdentityView.xib in Resources */ = {isa = PBXBuildFile; fileRef = 9264239316C967FB00DE5202 /* AuthenticationIdentityView.xib */; };
		926423EE16C967FC00DE5202 /* AuthenticationSummaryView.xib in Resources */ = {isa = PBXBuildFile; fileRef = 9264239416C967FB00DE5202 /* AuthenticationSummaryView.xib */; };
		926423EF16C967FC00DE5202 /* EnrollmentConfirmView.xib in Resources */ = {isa = PBXBuildFile; fileRef = 9264239516C967FB00DE5202 /* EnrollmentConfirmView.xib */; };
		926423F016C967FC00DE5202 /* EnrollmentSummaryView.xib in Resources */ = {isa = PBXBuildFile; fileRef = 9264239616C967FB00DE5202 /* EnrollmentSummaryView.xib */; };
		926423F116C967FC00DE5202 /* ErrorChildView.xib in Resources */ = {isa = PBXBuildFile; fileRef = 9264239716C967FB00DE5202 /* ErrorChildView.xib */; };
		926423F216C967FC00DE5202 /* ErrorView.xib in Resources */ = {isa = PBXBuildFile; fileRef = 9264239816C967FB00DE5202 /* ErrorView.xib */; };
		926423F416C967FC00DE5202 /* start.html in Resources */ = {isa = PBXBuildFile; fileRef = 9264239B16C967FB00DE5202 /* start.html */; };
		926423F516C967FC00DE5202 /* IdentityEditView.xib in Resources */ = {isa = PBXBuildFile; fileRef = 9264239C16C967FB00DE5202 /* IdentityEditView.xib */; };
		926423F616C967FC00DE5202 /* IdentityListView.xib in Resources */ = {isa = PBXBuildFile; fileRef = 9264239D16C967FB00DE5202 /* IdentityListView.xib */; };
		926423F816C967FC00DE5202 /* PINView.xib in Resources */ = {isa = PBXBuildFile; fileRef = 9264239F16C967FB00DE5202 /* PINView.xib */; };
		926423F916C967FC00DE5202 /* ScanView.xib in Resources */ = {isa = PBXBuildFile; fileRef = 926423A016C967FB00DE5202 /* ScanView.xib */; };
		926423FA16C967FC00DE5202 /* StartView.xib in Resources */ = {isa = PBXBuildFile; fileRef = 926423A116C967FB00DE5202 /* StartView.xib */; };
		9264240216C9683600DE5202 /* libZXingWidget.a in Frameworks */ = {isa = PBXBuildFile; fileRef = 9264240116C9683600DE5202 /* libZXingWidget.a */; };
		D076CF04134F31F900FE762A /* MainWindow.xib in Resources */ = {isa = PBXBuildFile; fileRef = D076CF03134F31F900FE762A /* MainWindow.xib */; };
		D076CF16134F48E400FE762A /* Entitlements.plist in Resources */ = {isa = PBXBuildFile; fileRef = D076CF15134F48E400FE762A /* Entitlements.plist */; };
		D076CF24134F4E2900FE762A /* Icon-Pad.png in Resources */ = {isa = PBXBuildFile; fileRef = D076CF1B134F4E2900FE762A /* Icon-Pad.png */; };
		D076CF25134F4E2900FE762A /* Icon-Small-50.png in Resources */ = {isa = PBXBuildFile; fileRef = D076CF1C134F4E2900FE762A /* Icon-Small-50.png */; };
		D076CF26134F4E2900FE762A /* Icon-Small.png in Resources */ = {isa = PBXBuildFile; fileRef = D076CF1D134F4E2900FE762A /* Icon-Small.png */; };
		D076CF27134F4E2900FE762A /* Icon-Small@2x.png in Resources */ = {isa = PBXBuildFile; fileRef = D076CF1E134F4E2900FE762A /* Icon-Small@2x.png */; };
		D076CF28134F4E2900FE762A /* Icon.png in Resources */ = {isa = PBXBuildFile; fileRef = D076CF1F134F4E2900FE762A /* Icon.png */; };
		D076CF29134F4E2900FE762A /* Icon@2x.png in Resources */ = {isa = PBXBuildFile; fileRef = D076CF20134F4E2900FE762A /* Icon@2x.png */; };
		D076CF2A134F4E2900FE762A /* iTunesArtwork in Resources */ = {isa = PBXBuildFile; fileRef = D076CF21134F4E2900FE762A /* iTunesArtwork */; };
		D076CF2B134F4E2900FE762A /* surfnet-logo.png in Resources */ = {isa = PBXBuildFile; fileRef = D076CF22134F4E2900FE762A /* surfnet-logo.png */; };
		D076CF2C134F4E2900FE762A /* surfnet-logo@2x.png in Resources */ = {isa = PBXBuildFile; fileRef = D076CF23134F4E2900FE762A /* surfnet-logo@2x.png */; };
		D09986B51355EA2B004A7E8D /* blocked.html in Resources */ = {isa = PBXBuildFile; fileRef = D09986B21355EA2B004A7E8D /* blocked.html */; };
		D0A6F5D913533FB9000F9AE5 /* libiconv.dylib in Frameworks */ = {isa = PBXBuildFile; fileRef = D0A6F5D813533FB9000F9AE5 /* libiconv.dylib */; };
		D0A6F5DB13533FEC000F9AE5 /* CoreVideo.framework in Frameworks */ = {isa = PBXBuildFile; fileRef = D0A6F5DA13533FEC000F9AE5 /* CoreVideo.framework */; };
		D0A6F5DF13534015000F9AE5 /* CoreMedia.framework in Frameworks */ = {isa = PBXBuildFile; fileRef = D0A6F5DE13534015000F9AE5 /* CoreMedia.framework */; };
		D0B2E0C71358C07C00125C34 /* AddressBook.framework in Frameworks */ = {isa = PBXBuildFile; fileRef = D0B2E0C61358C07C00125C34 /* AddressBook.framework */; };
		D0B2E0CB1358C0EF00125C34 /* AddressBookUI.framework in Frameworks */ = {isa = PBXBuildFile; fileRef = D0B2E0CA1358C0EF00125C34 /* AddressBookUI.framework */; };
		D0B2E0CD1358C0F600125C34 /* AudioToolbox.framework in Frameworks */ = {isa = PBXBuildFile; fileRef = D0B2E0CC1358C0F600125C34 /* AudioToolbox.framework */; };
		D0DF04EB134F261B00893290 /* UIKit.framework in Frameworks */ = {isa = PBXBuildFile; fileRef = D0DF04EA134F261B00893290 /* UIKit.framework */; };
		D0DF04ED134F261B00893290 /* Foundation.framework in Frameworks */ = {isa = PBXBuildFile; fileRef = D0DF04EC134F261B00893290 /* Foundation.framework */; };
		D0DF04EF134F261B00893290 /* CoreGraphics.framework in Frameworks */ = {isa = PBXBuildFile; fileRef = D0DF04EE134F261B00893290 /* CoreGraphics.framework */; };
		D0DF0584134F27B900893290 /* instructions.html in Resources */ = {isa = PBXBuildFile; fileRef = D0DF054A134F27B900893290 /* instructions.html */; };
		D0ECAFD5134F2B6500374202 /* main.mm in Sources */ = {isa = PBXBuildFile; fileRef = D0ECAFD3134F2B6500374202 /* main.mm */; };
		D0ECAFD7134F2C6900374202 /* CoreData.framework in Frameworks */ = {isa = PBXBuildFile; fileRef = D0ECAFD6134F2C6900374202 /* CoreData.framework */; };
		D0ECAFD9134F2C7A00374202 /* Security.framework in Frameworks */ = {isa = PBXBuildFile; fileRef = D0ECAFD8134F2C7A00374202 /* Security.framework */; };
		D0ECAFDB134F2C8300374202 /* SystemConfiguration.framework in Frameworks */ = {isa = PBXBuildFile; fileRef = D0ECAFDA134F2C8300374202 /* SystemConfiguration.framework */; };
		D0ECAFDD134F2C8A00374202 /* AVFoundation.framework in Frameworks */ = {isa = PBXBuildFile; fileRef = D0ECAFDC134F2C8A00374202 /* AVFoundation.framework */; };
/* End PBXBuildFile section */

/* Begin PBXFileReference section */
		923BF1D016CAB6650030B47D /* it */ = {isa = PBXFileReference; lastKnownFileType = text.plist.strings; name = it; path = it.lproj/Localizable.strings; sourceTree = "<group>"; };
		923BF1D116CAB6720030B47D /* pt_PT */ = {isa = PBXFileReference; lastKnownFileType = text.plist.strings; name = pt_PT; path = pt_PT.lproj/Localizable.strings; sourceTree = "<group>"; };
		923BF1D216CAB6810030B47D /* sv */ = {isa = PBXFileReference; lastKnownFileType = text.plist.strings; name = sv; path = sv.lproj/Localizable.strings; sourceTree = "<group>"; };
		923BF1D716CAD0BA0030B47D /* FooterChildView.xib */ = {isa = PBXFileReference; fileEncoding = 4; lastKnownFileType = file.xib; path = FooterChildView.xib; sourceTree = "<group>"; };
		923BF1D816CAD0BA0030B47D /* AboutView.xib */ = {isa = PBXFileReference; fileEncoding = 4; lastKnownFileType = file.xib; path = AboutView.xib; sourceTree = "<group>"; };
		9264226216C9552A00DE5202 /* Default-568h@2x.png */ = {isa = PBXFileReference; lastKnownFileType = image.png; name = "Default-568h@2x.png"; path = "../Default-568h@2x.png"; sourceTree = "<group>"; };
		926422FA16C967FB00DE5202 /* AboutViewController-Protected.h */ = {isa = PBXFileReference; fileEncoding = 4; lastKnownFileType = sourcecode.c.h; path = "AboutViewController-Protected.h"; sourceTree = "<group>"; };
		926422FB16C967FB00DE5202 /* AboutViewController.h */ = {isa = PBXFileReference; fileEncoding = 4; lastKnownFileType = sourcecode.c.h; path = AboutViewController.h; sourceTree = "<group>"; };
		926422FC16C967FB00DE5202 /* AboutViewController.m */ = {isa = PBXFileReference; fileEncoding = 4; lastKnownFileType = sourcecode.c.objc; path = AboutViewController.m; sourceTree = "<group>"; };
		926422FD16C967FB00DE5202 /* AuthenticationChallenge-Protected.h */ = {isa = PBXFileReference; fileEncoding = 4; lastKnownFileType = sourcecode.c.h; path = "AuthenticationChallenge-Protected.h"; sourceTree = "<group>"; };
		926422FE16C967FB00DE5202 /* AuthenticationChallenge.h */ = {isa = PBXFileReference; fileEncoding = 4; lastKnownFileType = sourcecode.c.h; path = AuthenticationChallenge.h; sourceTree = "<group>"; };
		926422FF16C967FB00DE5202 /* AuthenticationChallenge.m */ = {isa = PBXFileReference; fileEncoding = 4; lastKnownFileType = sourcecode.c.objc; path = AuthenticationChallenge.m; sourceTree = "<group>"; };
		9264230016C967FB00DE5202 /* AuthenticationConfirmationRequest.h */ = {isa = PBXFileReference; fileEncoding = 4; lastKnownFileType = sourcecode.c.h; path = AuthenticationConfirmationRequest.h; sourceTree = "<group>"; };
		9264230116C967FB00DE5202 /* AuthenticationConfirmationRequest.m */ = {isa = PBXFileReference; fileEncoding = 4; lastKnownFileType = sourcecode.c.objc; path = AuthenticationConfirmationRequest.m; sourceTree = "<group>"; };
		9264230216C967FB00DE5202 /* AuthenticationConfirmViewController-Protected.h */ = {isa = PBXFileReference; fileEncoding = 4; lastKnownFileType = sourcecode.c.h; path = "AuthenticationConfirmViewController-Protected.h"; sourceTree = "<group>"; };
		9264230316C967FB00DE5202 /* AuthenticationConfirmViewController.h */ = {isa = PBXFileReference; fileEncoding = 4; lastKnownFileType = sourcecode.c.h; path = AuthenticationConfirmViewController.h; sourceTree = "<group>"; };
		9264230416C967FB00DE5202 /* AuthenticationConfirmViewController.m */ = {isa = PBXFileReference; fileEncoding = 4; lastKnownFileType = sourcecode.c.objc; path = AuthenticationConfirmViewController.m; sourceTree = "<group>"; };
		9264230516C967FB00DE5202 /* AuthenticationFallbackViewController-Protected.h */ = {isa = PBXFileReference; fileEncoding = 4; lastKnownFileType = sourcecode.c.h; path = "AuthenticationFallbackViewController-Protected.h"; sourceTree = "<group>"; };
		9264230616C967FB00DE5202 /* AuthenticationFallbackViewController.h */ = {isa = PBXFileReference; fileEncoding = 4; lastKnownFileType = sourcecode.c.h; path = AuthenticationFallbackViewController.h; sourceTree = "<group>"; };
		9264230716C967FB00DE5202 /* AuthenticationFallbackViewController.m */ = {isa = PBXFileReference; fileEncoding = 4; lastKnownFileType = sourcecode.c.objc; path = AuthenticationFallbackViewController.m; sourceTree = "<group>"; };
		9264230816C967FB00DE5202 /* AuthenticationIdentityViewController-Protected.h */ = {isa = PBXFileReference; fileEncoding = 4; lastKnownFileType = sourcecode.c.h; path = "AuthenticationIdentityViewController-Protected.h"; sourceTree = "<group>"; };
		9264230916C967FB00DE5202 /* AuthenticationIdentityViewController.h */ = {isa = PBXFileReference; fileEncoding = 4; lastKnownFileType = sourcecode.c.h; path = AuthenticationIdentityViewController.h; sourceTree = "<group>"; };
		9264230A16C967FB00DE5202 /* AuthenticationIdentityViewController.m */ = {isa = PBXFileReference; fileEncoding = 4; lastKnownFileType = sourcecode.c.objc; path = AuthenticationIdentityViewController.m; sourceTree = "<group>"; };
		9264230B16C967FB00DE5202 /* AuthenticationPINViewController.h */ = {isa = PBXFileReference; fileEncoding = 4; lastKnownFileType = sourcecode.c.h; path = AuthenticationPINViewController.h; sourceTree = "<group>"; };
		9264230C16C967FB00DE5202 /* AuthenticationPINViewController.m */ = {isa = PBXFileReference; fileEncoding = 4; lastKnownFileType = sourcecode.c.objc; path = AuthenticationPINViewController.m; sourceTree = "<group>"; };
		9264230D16C967FB00DE5202 /* AuthenticationSummaryViewController-Protected.h */ = {isa = PBXFileReference; fileEncoding = 4; lastKnownFileType = sourcecode.c.h; path = "AuthenticationSummaryViewController-Protected.h"; sourceTree = "<group>"; };
		9264230E16C967FB00DE5202 /* AuthenticationSummaryViewController.h */ = {isa = PBXFileReference; fileEncoding = 4; lastKnownFileType = sourcecode.c.h; path = AuthenticationSummaryViewController.h; sourceTree = "<group>"; };
		9264230F16C967FB00DE5202 /* AuthenticationSummaryViewController.m */ = {isa = PBXFileReference; fileEncoding = 4; lastKnownFileType = sourcecode.c.objc; path = AuthenticationSummaryViewController.m; sourceTree = "<group>"; };
		9264231016C967FB00DE5202 /* Challenge-Protected.h */ = {isa = PBXFileReference; fileEncoding = 4; lastKnownFileType = sourcecode.c.h; path = "Challenge-Protected.h"; sourceTree = "<group>"; };
		9264231116C967FB00DE5202 /* Challenge.h */ = {isa = PBXFileReference; fileEncoding = 4; lastKnownFileType = sourcecode.c.h; path = Challenge.h; sourceTree = "<group>"; };
		9264231216C967FB00DE5202 /* Challenge.m */ = {isa = PBXFileReference; fileEncoding = 4; lastKnownFileType = sourcecode.c.objc; path = Challenge.m; sourceTree = "<group>"; };
		9264231316C967FB00DE5202 /* EnrollmentChallenge-Protected.h */ = {isa = PBXFileReference; fileEncoding = 4; lastKnownFileType = sourcecode.c.h; path = "EnrollmentChallenge-Protected.h"; sourceTree = "<group>"; };
		9264231416C967FB00DE5202 /* EnrollmentChallenge.h */ = {isa = PBXFileReference; fileEncoding = 4; lastKnownFileType = sourcecode.c.h; path = EnrollmentChallenge.h; sourceTree = "<group>"; };
		9264231516C967FB00DE5202 /* EnrollmentChallenge.m */ = {isa = PBXFileReference; fileEncoding = 4; lastKnownFileType = sourcecode.c.objc; path = EnrollmentChallenge.m; sourceTree = "<group>"; };
		9264231616C967FB00DE5202 /* EnrollmentConfirmationRequest.h */ = {isa = PBXFileReference; fileEncoding = 4; lastKnownFileType = sourcecode.c.h; path = EnrollmentConfirmationRequest.h; sourceTree = "<group>"; };
		9264231716C967FB00DE5202 /* EnrollmentConfirmationRequest.m */ = {isa = PBXFileReference; fileEncoding = 4; lastKnownFileType = sourcecode.c.objc; path = EnrollmentConfirmationRequest.m; sourceTree = "<group>"; };
		9264231816C967FB00DE5202 /* EnrollmentConfirmViewController-Protected.h */ = {isa = PBXFileReference; fileEncoding = 4; lastKnownFileType = sourcecode.c.h; path = "EnrollmentConfirmViewController-Protected.h"; sourceTree = "<group>"; };
		9264231916C967FB00DE5202 /* EnrollmentConfirmViewController.h */ = {isa = PBXFileReference; fileEncoding = 4; lastKnownFileType = sourcecode.c.h; path = EnrollmentConfirmViewController.h; sourceTree = "<group>"; };
		9264231A16C967FB00DE5202 /* EnrollmentConfirmViewController.m */ = {isa = PBXFileReference; fileEncoding = 4; lastKnownFileType = sourcecode.c.objc; path = EnrollmentConfirmViewController.m; sourceTree = "<group>"; };
		9264231B16C967FB00DE5202 /* EnrollmentPINVerificationViewController.h */ = {isa = PBXFileReference; fileEncoding = 4; lastKnownFileType = sourcecode.c.h; path = EnrollmentPINVerificationViewController.h; sourceTree = "<group>"; };
		9264231C16C967FB00DE5202 /* EnrollmentPINVerificationViewController.m */ = {isa = PBXFileReference; fileEncoding = 4; lastKnownFileType = sourcecode.c.objc; path = EnrollmentPINVerificationViewController.m; sourceTree = "<group>"; };
		9264231D16C967FB00DE5202 /* EnrollmentPINViewController.h */ = {isa = PBXFileReference; fileEncoding = 4; lastKnownFileType = sourcecode.c.h; path = EnrollmentPINViewController.h; sourceTree = "<group>"; };
		9264231E16C967FB00DE5202 /* EnrollmentPINViewController.m */ = {isa = PBXFileReference; fileEncoding = 4; lastKnownFileType = sourcecode.c.objc; path = EnrollmentPINViewController.m; sourceTree = "<group>"; };
		9264231F16C967FB00DE5202 /* EnrollmentSummaryViewController-Protected.h */ = {isa = PBXFileReference; fileEncoding = 4; lastKnownFileType = sourcecode.c.h; path = "EnrollmentSummaryViewController-Protected.h"; sourceTree = "<group>"; };
		9264232016C967FB00DE5202 /* EnrollmentSummaryViewController.h */ = {isa = PBXFileReference; fileEncoding = 4; lastKnownFileType = sourcecode.c.h; path = EnrollmentSummaryViewController.h; sourceTree = "<group>"; };
		9264232116C967FB00DE5202 /* EnrollmentSummaryViewController.m */ = {isa = PBXFileReference; fileEncoding = 4; lastKnownFileType = sourcecode.c.objc; path = EnrollmentSummaryViewController.m; sourceTree = "<group>"; };
		9264232216C967FB00DE5202 /* ErrorController-Protected.h */ = {isa = PBXFileReference; fileEncoding = 4; lastKnownFileType = sourcecode.c.h; path = "ErrorController-Protected.h"; sourceTree = "<group>"; };
		9264232316C967FB00DE5202 /* ErrorController.h */ = {isa = PBXFileReference; fileEncoding = 4; lastKnownFileType = sourcecode.c.h; path = ErrorController.h; sourceTree = "<group>"; };
		9264232416C967FB00DE5202 /* ErrorController.m */ = {isa = PBXFileReference; fileEncoding = 4; lastKnownFileType = sourcecode.c.objc; path = ErrorController.m; sourceTree = "<group>"; };
		9264232516C967FB00DE5202 /* ErrorViewController.h */ = {isa = PBXFileReference; fileEncoding = 4; lastKnownFileType = sourcecode.c.h; path = ErrorViewController.h; sourceTree = "<group>"; };
		9264232616C967FB00DE5202 /* ErrorViewController.m */ = {isa = PBXFileReference; fileEncoding = 4; lastKnownFileType = sourcecode.c.objc; path = ErrorViewController.m; sourceTree = "<group>"; };
		9264232716C967FB00DE5202 /* FooterController-Protected.h */ = {isa = PBXFileReference; fileEncoding = 4; lastKnownFileType = sourcecode.c.h; path = "FooterController-Protected.h"; sourceTree = "<group>"; };
		9264232816C967FB00DE5202 /* FooterController.h */ = {isa = PBXFileReference; fileEncoding = 4; lastKnownFileType = sourcecode.c.h; path = FooterController.h; sourceTree = "<group>"; };
		9264232916C967FB00DE5202 /* FooterController.m */ = {isa = PBXFileReference; fileEncoding = 4; lastKnownFileType = sourcecode.c.objc; path = FooterController.m; sourceTree = "<group>"; };
		9264232A16C967FB00DE5202 /* HOTP.h */ = {isa = PBXFileReference; fileEncoding = 4; lastKnownFileType = sourcecode.c.h; path = HOTP.h; sourceTree = "<group>"; };
		9264232B16C967FB00DE5202 /* HOTP.m */ = {isa = PBXFileReference; fileEncoding = 4; lastKnownFileType = sourcecode.c.objc; path = HOTP.m; sourceTree = "<group>"; };
		9264232C16C967FB00DE5202 /* Identity+Utils.h */ = {isa = PBXFileReference; fileEncoding = 4; lastKnownFileType = sourcecode.c.h; path = "Identity+Utils.h"; sourceTree = "<group>"; };
		9264232D16C967FB00DE5202 /* Identity+Utils.m */ = {isa = PBXFileReference; fileEncoding = 4; lastKnownFileType = sourcecode.c.objc; path = "Identity+Utils.m"; sourceTree = "<group>"; };
		9264232E16C967FB00DE5202 /* Identity.h */ = {isa = PBXFileReference; fileEncoding = 4; lastKnownFileType = sourcecode.c.h; path = Identity.h; sourceTree = "<group>"; };
		9264232F16C967FB00DE5202 /* Identity.m */ = {isa = PBXFileReference; fileEncoding = 4; lastKnownFileType = sourcecode.c.objc; path = Identity.m; sourceTree = "<group>"; };
		9264233016C967FB00DE5202 /* IdentityEditViewController-Protected.h */ = {isa = PBXFileReference; fileEncoding = 4; lastKnownFileType = sourcecode.c.h; path = "IdentityEditViewController-Protected.h"; sourceTree = "<group>"; };
		9264233116C967FB00DE5202 /* IdentityEditViewController.h */ = {isa = PBXFileReference; fileEncoding = 4; lastKnownFileType = sourcecode.c.h; path = IdentityEditViewController.h; sourceTree = "<group>"; };
		9264233216C967FB00DE5202 /* IdentityEditViewController.m */ = {isa = PBXFileReference; fileEncoding = 4; lastKnownFileType = sourcecode.c.objc; path = IdentityEditViewController.m; sourceTree = "<group>"; };
		9264233316C967FB00DE5202 /* IdentityListViewController.h */ = {isa = PBXFileReference; fileEncoding = 4; lastKnownFileType = sourcecode.c.h; path = IdentityListViewController.h; sourceTree = "<group>"; };
		9264233416C967FB00DE5202 /* IdentityListViewController.m */ = {isa = PBXFileReference; fileEncoding = 4; lastKnownFileType = sourcecode.c.objc; path = IdentityListViewController.m; sourceTree = "<group>"; };
		9264233516C967FB00DE5202 /* IdentityProvider+Utils.h */ = {isa = PBXFileReference; fileEncoding = 4; lastKnownFileType = sourcecode.c.h; path = "IdentityProvider+Utils.h"; sourceTree = "<group>"; };
		9264233616C967FB00DE5202 /* IdentityProvider+Utils.m */ = {isa = PBXFileReference; fileEncoding = 4; lastKnownFileType = sourcecode.c.objc; path = "IdentityProvider+Utils.m"; sourceTree = "<group>"; };
		9264233716C967FB00DE5202 /* IdentityProvider.h */ = {isa = PBXFileReference; fileEncoding = 4; lastKnownFileType = sourcecode.c.h; path = IdentityProvider.h; sourceTree = "<group>"; };
		9264233816C967FB00DE5202 /* IdentityProvider.m */ = {isa = PBXFileReference; fileEncoding = 4; lastKnownFileType = sourcecode.c.objc; path = IdentityProvider.m; sourceTree = "<group>"; };
		9264233916C967FB00DE5202 /* IdentityTableViewCell.h */ = {isa = PBXFileReference; fileEncoding = 4; lastKnownFileType = sourcecode.c.h; path = IdentityTableViewCell.h; sourceTree = "<group>"; };
		9264233A16C967FB00DE5202 /* IdentityTableViewCell.m */ = {isa = PBXFileReference; fileEncoding = 4; lastKnownFileType = sourcecode.c.objc; path = IdentityTableViewCell.m; sourceTree = "<group>"; };
		9264233B16C967FB00DE5202 /* NotificationRegistration.h */ = {isa = PBXFileReference; fileEncoding = 4; lastKnownFileType = sourcecode.c.h; path = NotificationRegistration.h; sourceTree = "<group>"; };
		9264233C16C967FB00DE5202 /* NotificationRegistration.m */ = {isa = PBXFileReference; fileEncoding = 4; lastKnownFileType = sourcecode.c.objc; path = NotificationRegistration.m; sourceTree = "<group>"; };
		9264233D16C967FB00DE5202 /* NSData+Hex.h */ = {isa = PBXFileReference; fileEncoding = 4; lastKnownFileType = sourcecode.c.h; path = "NSData+Hex.h"; sourceTree = "<group>"; };
		9264233E16C967FB00DE5202 /* NSData+Hex.m */ = {isa = PBXFileReference; fileEncoding = 4; lastKnownFileType = sourcecode.c.objc; path = "NSData+Hex.m"; sourceTree = "<group>"; };
		9264233F16C967FB00DE5202 /* NSString+Verhoeff.h */ = {isa = PBXFileReference; fileEncoding = 4; lastKnownFileType = sourcecode.c.h; path = "NSString+Verhoeff.h"; sourceTree = "<group>"; };
		9264234016C967FB00DE5202 /* NSString+Verhoeff.m */ = {isa = PBXFileReference; fileEncoding = 4; lastKnownFileType = sourcecode.c.objc; path = "NSString+Verhoeff.m"; sourceTree = "<group>"; };
		9264234116C967FB00DE5202 /* OCRA.h */ = {isa = PBXFileReference; fileEncoding = 4; lastKnownFileType = sourcecode.c.h; path = OCRA.h; sourceTree = "<group>"; };
		9264234216C967FB00DE5202 /* OCRA.m */ = {isa = PBXFileReference; fileEncoding = 4; lastKnownFileType = sourcecode.c.objc; path = OCRA.m; sourceTree = "<group>"; };
		9264234316C967FB00DE5202 /* OCRA_v1.h */ = {isa = PBXFileReference; fileEncoding = 4; lastKnownFileType = sourcecode.c.h; path = OCRA_v1.h; sourceTree = "<group>"; };
		9264234416C967FB00DE5202 /* OCRA_v1.m */ = {isa = PBXFileReference; fileEncoding = 4; lastKnownFileType = sourcecode.c.objc; path = OCRA_v1.m; sourceTree = "<group>"; };
		9264234516C967FB00DE5202 /* OCRAWrapper.h */ = {isa = PBXFileReference; fileEncoding = 4; lastKnownFileType = sourcecode.c.h; path = OCRAWrapper.h; sourceTree = "<group>"; };
		9264234616C967FB00DE5202 /* OCRAWrapper.m */ = {isa = PBXFileReference; fileEncoding = 4; lastKnownFileType = sourcecode.c.objc; path = OCRAWrapper.m; sourceTree = "<group>"; };
		9264234716C967FB00DE5202 /* OCRAWrapper_v1.h */ = {isa = PBXFileReference; fileEncoding = 4; lastKnownFileType = sourcecode.c.h; path = OCRAWrapper_v1.h; sourceTree = "<group>"; };
		9264234816C967FB00DE5202 /* OCRAWrapper_v1.m */ = {isa = PBXFileReference; fileEncoding = 4; lastKnownFileType = sourcecode.c.objc; path = OCRAWrapper_v1.m; sourceTree = "<group>"; };
		9264234916C967FB00DE5202 /* PINViewController-Protected.h */ = {isa = PBXFileReference; fileEncoding = 4; lastKnownFileType = sourcecode.c.h; path = "PINViewController-Protected.h"; sourceTree = "<group>"; };
		9264234A16C967FB00DE5202 /* PINViewController.h */ = {isa = PBXFileReference; fileEncoding = 4; lastKnownFileType = sourcecode.c.h; path = PINViewController.h; sourceTree = "<group>"; };
		9264234B16C967FB00DE5202 /* PINViewController.m */ = {isa = PBXFileReference; fileEncoding = 4; lastKnownFileType = sourcecode.c.objc; path = PINViewController.m; sourceTree = "<group>"; };
		9264234C16C967FB00DE5202 /* ScanOverlayView.h */ = {isa = PBXFileReference; fileEncoding = 4; lastKnownFileType = sourcecode.c.h; path = ScanOverlayView.h; sourceTree = "<group>"; };
		9264234D16C967FB00DE5202 /* ScanOverlayView.m */ = {isa = PBXFileReference; fileEncoding = 4; lastKnownFileType = sourcecode.c.objc; path = ScanOverlayView.m; sourceTree = "<group>"; };
		9264234E16C967FB00DE5202 /* ScanViewController-Protected.h */ = {isa = PBXFileReference; fileEncoding = 4; lastKnownFileType = sourcecode.c.h; path = "ScanViewController-Protected.h"; sourceTree = "<group>"; };
		9264234F16C967FB00DE5202 /* ScanViewController.h */ = {isa = PBXFileReference; fileEncoding = 4; lastKnownFileType = sourcecode.c.h; path = ScanViewController.h; sourceTree = "<group>"; };
		9264235016C967FB00DE5202 /* ScanViewController.mm */ = {isa = PBXFileReference; fileEncoding = 4; lastKnownFileType = sourcecode.cpp.objcpp; path = ScanViewController.mm; sourceTree = "<group>"; };
		9264235116C967FB00DE5202 /* SecretStore.h */ = {isa = PBXFileReference; fileEncoding = 4; lastKnownFileType = sourcecode.c.h; path = SecretStore.h; sourceTree = "<group>"; };
		9264235216C967FB00DE5202 /* SecretStore.m */ = {isa = PBXFileReference; fileEncoding = 4; lastKnownFileType = sourcecode.c.objc; path = SecretStore.m; sourceTree = "<group>"; };
		9264235316C967FB00DE5202 /* StartViewController-Protected.h */ = {isa = PBXFileReference; fileEncoding = 4; lastKnownFileType = sourcecode.c.h; path = "StartViewController-Protected.h"; sourceTree = "<group>"; };
		9264235416C967FB00DE5202 /* StartViewController.h */ = {isa = PBXFileReference; fileEncoding = 4; lastKnownFileType = sourcecode.c.h; path = StartViewController.h; sourceTree = "<group>"; };
		9264235516C967FB00DE5202 /* StartViewController.m */ = {isa = PBXFileReference; fileEncoding = 4; lastKnownFileType = sourcecode.c.objc; path = StartViewController.m; sourceTree = "<group>"; };
		9264235616C967FB00DE5202 /* TiqrAppDelegate.h */ = {isa = PBXFileReference; fileEncoding = 4; lastKnownFileType = sourcecode.c.h; path = TiqrAppDelegate.h; sourceTree = "<group>"; };
		9264235716C967FB00DE5202 /* TiqrAppDelegate.m */ = {isa = PBXFileReference; fileEncoding = 4; lastKnownFileType = sourcecode.c.objc; path = TiqrAppDelegate.m; sourceTree = "<group>"; };
		9264235816C967FB00DE5202 /* Default-568h@2x.png */ = {isa = PBXFileReference; lastKnownFileType = image.png; path = "Default-568h@2x.png"; sourceTree = "<group>"; };
		9264235A16C967FB00DE5202 /* JSONKit.h */ = {isa = PBXFileReference; fileEncoding = 4; lastKnownFileType = sourcecode.c.h; path = JSONKit.h; sourceTree = "<group>"; };
		9264235B16C967FB00DE5202 /* JSONKit.m */ = {isa = PBXFileReference; fileEncoding = 4; lastKnownFileType = sourcecode.c.objc; path = JSONKit.m; sourceTree = "<group>"; };
		9264235C16C967FB00DE5202 /* MBProgressHUD.h */ = {isa = PBXFileReference; fileEncoding = 4; lastKnownFileType = sourcecode.c.h; path = MBProgressHUD.h; sourceTree = "<group>"; };
		9264235D16C967FB00DE5202 /* MBProgressHUD.m */ = {isa = PBXFileReference; fileEncoding = 4; lastKnownFileType = sourcecode.c.objc; path = MBProgressHUD.m; sourceTree = "<group>"; };
		9264235E16C967FB00DE5202 /* Reachability.h */ = {isa = PBXFileReference; fileEncoding = 4; lastKnownFileType = sourcecode.c.h; path = Reachability.h; sourceTree = "<group>"; };
		9264235F16C967FB00DE5202 /* Reachability.m */ = {isa = PBXFileReference; fileEncoding = 4; lastKnownFileType = sourcecode.c.objc; path = Reachability.m; sourceTree = "<group>"; };
		9264236E16C967FB00DE5202 /* cowbell.wav */ = {isa = PBXFileReference; lastKnownFileType = audio.wav; path = cowbell.wav; sourceTree = "<group>"; };
		9264237016C967FB00DE5202 /* animals.ttf */ = {isa = PBXFileReference; lastKnownFileType = file; path = animals.ttf; sourceTree = "<group>"; };
		9264237316C967FB00DE5202 /* de */ = {isa = PBXFileReference; lastKnownFileType = text.plist.strings; name = de; path = de.lproj/Localizable.strings; sourceTree = "<group>"; };
		9264237416C967FB00DE5202 /* en */ = {isa = PBXFileReference; lastKnownFileType = text.plist.strings; name = en; path = en.lproj/Localizable.strings; sourceTree = "<group>"; };
		9264237616C967FB00DE5202 /* es */ = {isa = PBXFileReference; lastKnownFileType = text.plist.strings; name = es; path = es.lproj/Localizable.strings; sourceTree = "<group>"; };
		9264237716C967FB00DE5202 /* fr */ = {isa = PBXFileReference; lastKnownFileType = text.plist.strings; name = fr; path = fr.lproj/Localizable.strings; sourceTree = "<group>"; };
		9264237816C967FB00DE5202 /* fy */ = {isa = PBXFileReference; lastKnownFileType = text.plist.strings; name = fy; path = fy.lproj/Localizable.strings; sourceTree = "<group>"; };
		9264237916C967FB00DE5202 /* hr */ = {isa = PBXFileReference; lastKnownFileType = text.plist.strings; name = hr; path = hr.lproj/Localizable.strings; sourceTree = "<group>"; };
		9264237A16C967FB00DE5202 /* nl */ = {isa = PBXFileReference; lastKnownFileType = text.plist.strings; name = nl; path = nl.lproj/Localizable.strings; sourceTree = "<group>"; };
		9264237B16C967FB00DE5202 /* no */ = {isa = PBXFileReference; lastKnownFileType = text.plist.strings; name = no; path = no.lproj/Localizable.strings; sourceTree = "<group>"; };
		9264237C16C967FB00DE5202 /* ro */ = {isa = PBXFileReference; lastKnownFileType = text.plist.strings; name = ro; path = ro.lproj/Localizable.strings; sourceTree = "<group>"; };
		9264237D16C967FB00DE5202 /* Settings.bundle */ = {isa = PBXFileReference; lastKnownFileType = "wrapper.plug-in"; path = Settings.bundle; sourceTree = "<group>"; };
		9264237E16C967FB00DE5202 /* sk */ = {isa = PBXFileReference; lastKnownFileType = text.plist.strings; name = sk; path = sk.lproj/Localizable.strings; sourceTree = "<group>"; };
		9264237F16C967FB00DE5202 /* sr */ = {isa = PBXFileReference; lastKnownFileType = text.plist.strings; name = sr; path = sr.lproj/Localizable.strings; sourceTree = "<group>"; };
		9264238216C967FB00DE5202 /* Tiqr.xcdatamodel */ = {isa = PBXFileReference; lastKnownFileType = wrapper.xcdatamodel; path = Tiqr.xcdatamodel; sourceTree = "<group>"; };
		9264238416C967FB00DE5202 /* egeniq-logo.png */ = {isa = PBXFileReference; lastKnownFileType = image.png; path = "egeniq-logo.png"; sourceTree = "<group>"; };
		9264238516C967FB00DE5202 /* egeniq-logo@2x.png */ = {isa = PBXFileReference; lastKnownFileType = image.png; path = "egeniq-logo@2x.png"; sourceTree = "<group>"; };
		9264238616C967FB00DE5202 /* identities.png */ = {isa = PBXFileReference; lastKnownFileType = image.png; path = identities.png; sourceTree = "<group>"; };
		9264238716C967FB00DE5202 /* stroomt-logo.png */ = {isa = PBXFileReference; lastKnownFileType = image.png; path = "stroomt-logo.png"; sourceTree = "<group>"; };
		9264238816C967FB00DE5202 /* stroomt-logo@2x.png */ = {isa = PBXFileReference; lastKnownFileType = image.png; path = "stroomt-logo@2x.png"; sourceTree = "<group>"; };
		9264238B16C967FB00DE5202 /* tiqr-bw-logo.png */ = {isa = PBXFileReference; lastKnownFileType = image.png; path = "tiqr-bw-logo.png"; sourceTree = "<group>"; };
		9264238C16C967FB00DE5202 /* tiqr-bw-logo@2x.png */ = {isa = PBXFileReference; lastKnownFileType = image.png; path = "tiqr-bw-logo@2x.png"; sourceTree = "<group>"; };
		9264238D16C967FB00DE5202 /* tiqr-logo.png */ = {isa = PBXFileReference; lastKnownFileType = image.png; path = "tiqr-logo.png"; sourceTree = "<group>"; };
		9264238E16C967FB00DE5202 /* tiqr-logo@2x.png */ = {isa = PBXFileReference; lastKnownFileType = image.png; path = "tiqr-logo@2x.png"; sourceTree = "<group>"; };
		9264239116C967FB00DE5202 /* AuthenticationConfirmView.xib */ = {isa = PBXFileReference; fileEncoding = 4; lastKnownFileType = file.xib; path = AuthenticationConfirmView.xib; sourceTree = "<group>"; };
		9264239216C967FB00DE5202 /* AuthenticationFallbackView.xib */ = {isa = PBXFileReference; fileEncoding = 4; lastKnownFileType = file.xib; path = AuthenticationFallbackView.xib; sourceTree = "<group>"; };
		9264239316C967FB00DE5202 /* AuthenticationIdentityView.xib */ = {isa = PBXFileReference; fileEncoding = 4; lastKnownFileType = file.xib; path = AuthenticationIdentityView.xib; sourceTree = "<group>"; };
		9264239416C967FB00DE5202 /* AuthenticationSummaryView.xib */ = {isa = PBXFileReference; fileEncoding = 4; lastKnownFileType = file.xib; path = AuthenticationSummaryView.xib; sourceTree = "<group>"; };
		9264239516C967FB00DE5202 /* EnrollmentConfirmView.xib */ = {isa = PBXFileReference; fileEncoding = 4; lastKnownFileType = file.xib; path = EnrollmentConfirmView.xib; sourceTree = "<group>"; };
		9264239616C967FB00DE5202 /* EnrollmentSummaryView.xib */ = {isa = PBXFileReference; fileEncoding = 4; lastKnownFileType = file.xib; path = EnrollmentSummaryView.xib; sourceTree = "<group>"; };
		9264239716C967FB00DE5202 /* ErrorChildView.xib */ = {isa = PBXFileReference; fileEncoding = 4; lastKnownFileType = file.xib; path = ErrorChildView.xib; sourceTree = "<group>"; };
		9264239816C967FB00DE5202 /* ErrorView.xib */ = {isa = PBXFileReference; fileEncoding = 4; lastKnownFileType = file.xib; path = ErrorView.xib; sourceTree = "<group>"; };
		9264239B16C967FB00DE5202 /* start.html */ = {isa = PBXFileReference; fileEncoding = 4; lastKnownFileType = text.html; path = start.html; sourceTree = "<group>"; };
		9264239C16C967FB00DE5202 /* IdentityEditView.xib */ = {isa = PBXFileReference; fileEncoding = 4; lastKnownFileType = file.xib; path = IdentityEditView.xib; sourceTree = "<group>"; };
		9264239D16C967FB00DE5202 /* IdentityListView.xib */ = {isa = PBXFileReference; fileEncoding = 4; lastKnownFileType = file.xib; path = IdentityListView.xib; sourceTree = "<group>"; };
		9264239F16C967FB00DE5202 /* PINView.xib */ = {isa = PBXFileReference; fileEncoding = 4; lastKnownFileType = file.xib; path = PINView.xib; sourceTree = "<group>"; };
		926423A016C967FB00DE5202 /* ScanView.xib */ = {isa = PBXFileReference; fileEncoding = 4; lastKnownFileType = file.xib; path = ScanView.xib; sourceTree = "<group>"; };
		926423A116C967FB00DE5202 /* StartView.xib */ = {isa = PBXFileReference; fileEncoding = 4; lastKnownFileType = file.xib; path = StartView.xib; sourceTree = "<group>"; };
		9264240116C9683600DE5202 /* libZXingWidget.a */ = {isa = PBXFileReference; lastKnownFileType = archive.ar; name = libZXingWidget.a; path = "../../../../../../Library/Developer/Xcode/DerivedData/Tiqr-Surfnet-clungtztxkpxrpcrqybotdrhjhiw/Build/Products/Debug-iphoneos/libZXingWidget.a"; sourceTree = "<group>"; };
		9264240416C9689E00DE5202 /* OCRAProtocol.h */ = {isa = PBXFileReference; lastKnownFileType = sourcecode.c.h; path = OCRAProtocol.h; sourceTree = "<group>"; };
		D076CF03134F31F900FE762A /* MainWindow.xib */ = {isa = PBXFileReference; fileEncoding = 4; lastKnownFileType = file.xib; path = MainWindow.xib; sourceTree = "<group>"; };
		D076CF15134F48E400FE762A /* Entitlements.plist */ = {isa = PBXFileReference; fileEncoding = 4; lastKnownFileType = text.plist.xml; path = Entitlements.plist; sourceTree = "<group>"; };
		D076CF1B134F4E2900FE762A /* Icon-Pad.png */ = {isa = PBXFileReference; lastKnownFileType = image.png; path = "Icon-Pad.png"; sourceTree = "<group>"; };
		D076CF1C134F4E2900FE762A /* Icon-Small-50.png */ = {isa = PBXFileReference; lastKnownFileType = image.png; path = "Icon-Small-50.png"; sourceTree = "<group>"; };
		D076CF1D134F4E2900FE762A /* Icon-Small.png */ = {isa = PBXFileReference; lastKnownFileType = image.png; path = "Icon-Small.png"; sourceTree = "<group>"; };
		D076CF1E134F4E2900FE762A /* Icon-Small@2x.png */ = {isa = PBXFileReference; lastKnownFileType = image.png; path = "Icon-Small@2x.png"; sourceTree = "<group>"; };
		D076CF1F134F4E2900FE762A /* Icon.png */ = {isa = PBXFileReference; lastKnownFileType = image.png; path = Icon.png; sourceTree = "<group>"; };
		D076CF20134F4E2900FE762A /* Icon@2x.png */ = {isa = PBXFileReference; lastKnownFileType = image.png; path = "Icon@2x.png"; sourceTree = "<group>"; };
		D076CF21134F4E2900FE762A /* iTunesArtwork */ = {isa = PBXFileReference; lastKnownFileType = file; path = iTunesArtwork; sourceTree = "<group>"; };
		D076CF22134F4E2900FE762A /* surfnet-logo.png */ = {isa = PBXFileReference; lastKnownFileType = image.png; path = "surfnet-logo.png"; sourceTree = "<group>"; };
		D076CF23134F4E2900FE762A /* surfnet-logo@2x.png */ = {isa = PBXFileReference; lastKnownFileType = image.png; path = "surfnet-logo@2x.png"; sourceTree = "<group>"; };
		D0A6F5D813533FB9000F9AE5 /* libiconv.dylib */ = {isa = PBXFileReference; lastKnownFileType = "compiled.mach-o.dylib"; name = libiconv.dylib; path = usr/lib/libiconv.dylib; sourceTree = SDKROOT; };
		D0A6F5DA13533FEC000F9AE5 /* CoreVideo.framework */ = {isa = PBXFileReference; lastKnownFileType = wrapper.framework; name = CoreVideo.framework; path = System/Library/Frameworks/CoreVideo.framework; sourceTree = SDKROOT; };
		D0A6F5DE13534015000F9AE5 /* CoreMedia.framework */ = {isa = PBXFileReference; lastKnownFileType = wrapper.framework; name = CoreMedia.framework; path = System/Library/Frameworks/CoreMedia.framework; sourceTree = SDKROOT; };
		D0B2E0C61358C07C00125C34 /* AddressBook.framework */ = {isa = PBXFileReference; lastKnownFileType = wrapper.framework; name = AddressBook.framework; path = System/Library/Frameworks/AddressBook.framework; sourceTree = SDKROOT; };
		D0B2E0CA1358C0EF00125C34 /* AddressBookUI.framework */ = {isa = PBXFileReference; lastKnownFileType = wrapper.framework; name = AddressBookUI.framework; path = System/Library/Frameworks/AddressBookUI.framework; sourceTree = SDKROOT; };
		D0B2E0CC1358C0F600125C34 /* AudioToolbox.framework */ = {isa = PBXFileReference; lastKnownFileType = wrapper.framework; name = AudioToolbox.framework; path = System/Library/Frameworks/AudioToolbox.framework; sourceTree = SDKROOT; };
		D0DF04E6134F261B00893290 /* tiqr.app */ = {isa = PBXFileReference; explicitFileType = wrapper.application; includeInIndex = 0; path = tiqr.app; sourceTree = BUILT_PRODUCTS_DIR; };
		D0DF04EA134F261B00893290 /* UIKit.framework */ = {isa = PBXFileReference; lastKnownFileType = wrapper.framework; name = UIKit.framework; path = System/Library/Frameworks/UIKit.framework; sourceTree = SDKROOT; };
		D0DF04EC134F261B00893290 /* Foundation.framework */ = {isa = PBXFileReference; lastKnownFileType = wrapper.framework; name = Foundation.framework; path = System/Library/Frameworks/Foundation.framework; sourceTree = SDKROOT; };
		D0DF04EE134F261B00893290 /* CoreGraphics.framework */ = {isa = PBXFileReference; lastKnownFileType = wrapper.framework; name = CoreGraphics.framework; path = System/Library/Frameworks/CoreGraphics.framework; sourceTree = SDKROOT; };
		D0ECAF37134F28CC00374202 /* Tiqr-Info.plist */ = {isa = PBXFileReference; fileEncoding = 4; lastKnownFileType = text.plist.xml; path = "Tiqr-Info.plist"; sourceTree = "<group>"; };
		D0ECAFD3134F2B6500374202 /* main.mm */ = {isa = PBXFileReference; fileEncoding = 4; lastKnownFileType = sourcecode.cpp.objcpp; path = main.mm; sourceTree = "<group>"; };
		D0ECAFD4134F2B6500374202 /* Tiqr_Prefix.pch */ = {isa = PBXFileReference; fileEncoding = 4; lastKnownFileType = sourcecode.c.h; path = Tiqr_Prefix.pch; sourceTree = "<group>"; };
		D0ECAFD6134F2C6900374202 /* CoreData.framework */ = {isa = PBXFileReference; lastKnownFileType = wrapper.framework; name = CoreData.framework; path = System/Library/Frameworks/CoreData.framework; sourceTree = SDKROOT; };
		D0ECAFD8134F2C7A00374202 /* Security.framework */ = {isa = PBXFileReference; lastKnownFileType = wrapper.framework; name = Security.framework; path = System/Library/Frameworks/Security.framework; sourceTree = SDKROOT; };
		D0ECAFDA134F2C8300374202 /* SystemConfiguration.framework */ = {isa = PBXFileReference; lastKnownFileType = wrapper.framework; name = SystemConfiguration.framework; path = System/Library/Frameworks/SystemConfiguration.framework; sourceTree = SDKROOT; };
		D0ECAFDC134F2C8A00374202 /* AVFoundation.framework */ = {isa = PBXFileReference; lastKnownFileType = wrapper.framework; name = AVFoundation.framework; path = System/Library/Frameworks/AVFoundation.framework; sourceTree = SDKROOT; };
/* End PBXFileReference section */

/* Begin PBXFrameworksBuildPhase section */
		D0DF04E3134F261B00893290 /* Frameworks */ = {
			isa = PBXFrameworksBuildPhase;
			buildActionMask = 2147483647;
			files = (
				9264240216C9683600DE5202 /* libZXingWidget.a in Frameworks */,
				D0B2E0CD1358C0F600125C34 /* AudioToolbox.framework in Frameworks */,
				D0B2E0CB1358C0EF00125C34 /* AddressBookUI.framework in Frameworks */,
				D0B2E0C71358C07C00125C34 /* AddressBook.framework in Frameworks */,
				D0A6F5DB13533FEC000F9AE5 /* CoreVideo.framework in Frameworks */,
				D0A6F5D913533FB9000F9AE5 /* libiconv.dylib in Frameworks */,
				D0ECAFDD134F2C8A00374202 /* AVFoundation.framework in Frameworks */,
				D0ECAFDB134F2C8300374202 /* SystemConfiguration.framework in Frameworks */,
				D0ECAFD9134F2C7A00374202 /* Security.framework in Frameworks */,
				D0ECAFD7134F2C6900374202 /* CoreData.framework in Frameworks */,
				D0DF04EB134F261B00893290 /* UIKit.framework in Frameworks */,
				D0DF04ED134F261B00893290 /* Foundation.framework in Frameworks */,
				D0DF04EF134F261B00893290 /* CoreGraphics.framework in Frameworks */,
				D0A6F5DF13534015000F9AE5 /* CoreMedia.framework in Frameworks */,
			);
			runOnlyForDeploymentPostprocessing = 0;
		};
/* End PBXFrameworksBuildPhase section */

/* Begin PBXGroup section */
		926422F816C967FB00DE5202 /* Tiqr */ = {
			isa = PBXGroup;
			children = (
				926422F916C967FB00DE5202 /* Classes */,
				9264235816C967FB00DE5202 /* Default-568h@2x.png */,
				9264235916C967FB00DE5202 /* External */,
				9264236C16C967FB00DE5202 /* Resources */,
			);
			name = Tiqr;
			path = ../../../iPhone/Tiqr;
			sourceTree = "<group>";
		};
		926422F916C967FB00DE5202 /* Classes */ = {
			isa = PBXGroup;
			children = (
				9264240516C9A5F300DE5202 /* UI */,
				9264240316C9687500DE5202 /* Authentication */,
				926422FD16C967FB00DE5202 /* AuthenticationChallenge-Protected.h */,
				926422FE16C967FB00DE5202 /* AuthenticationChallenge.h */,
				926422FF16C967FB00DE5202 /* AuthenticationChallenge.m */,
				9264230016C967FB00DE5202 /* AuthenticationConfirmationRequest.h */,
				9264230116C967FB00DE5202 /* AuthenticationConfirmationRequest.m */,
				9264231016C967FB00DE5202 /* Challenge-Protected.h */,
				9264231116C967FB00DE5202 /* Challenge.h */,
				9264231216C967FB00DE5202 /* Challenge.m */,
				9264231316C967FB00DE5202 /* EnrollmentChallenge-Protected.h */,
				9264231416C967FB00DE5202 /* EnrollmentChallenge.h */,
				9264231516C967FB00DE5202 /* EnrollmentChallenge.m */,
				9264231616C967FB00DE5202 /* EnrollmentConfirmationRequest.h */,
				9264231716C967FB00DE5202 /* EnrollmentConfirmationRequest.m */,
				9264232916C967FB00DE5202 /* FooterController.m */,
				9264232C16C967FB00DE5202 /* Identity+Utils.h */,
				9264232D16C967FB00DE5202 /* Identity+Utils.m */,
				9264232E16C967FB00DE5202 /* Identity.h */,
				9264232F16C967FB00DE5202 /* Identity.m */,
				9264233016C967FB00DE5202 /* IdentityEditViewController-Protected.h */,
				9264233116C967FB00DE5202 /* IdentityEditViewController.h */,
				9264233216C967FB00DE5202 /* IdentityEditViewController.m */,
				9264233316C967FB00DE5202 /* IdentityListViewController.h */,
				9264233416C967FB00DE5202 /* IdentityListViewController.m */,
				9264233516C967FB00DE5202 /* IdentityProvider+Utils.h */,
				9264233616C967FB00DE5202 /* IdentityProvider+Utils.m */,
				9264233716C967FB00DE5202 /* IdentityProvider.h */,
				9264233816C967FB00DE5202 /* IdentityProvider.m */,
				9264233916C967FB00DE5202 /* IdentityTableViewCell.h */,
				9264233A16C967FB00DE5202 /* IdentityTableViewCell.m */,
				9264233B16C967FB00DE5202 /* NotificationRegistration.h */,
				9264233C16C967FB00DE5202 /* NotificationRegistration.m */,
				9264233D16C967FB00DE5202 /* NSData+Hex.h */,
				9264233E16C967FB00DE5202 /* NSData+Hex.m */,
				9264233F16C967FB00DE5202 /* NSString+Verhoeff.h */,
				9264234016C967FB00DE5202 /* NSString+Verhoeff.m */,
				9264234916C967FB00DE5202 /* PINViewController-Protected.h */,
				9264234A16C967FB00DE5202 /* PINViewController.h */,
				9264234B16C967FB00DE5202 /* PINViewController.m */,
				9264234C16C967FB00DE5202 /* ScanOverlayView.h */,
				9264234D16C967FB00DE5202 /* ScanOverlayView.m */,
				9264234E16C967FB00DE5202 /* ScanViewController-Protected.h */,
				9264234F16C967FB00DE5202 /* ScanViewController.h */,
				9264235016C967FB00DE5202 /* ScanViewController.mm */,
				9264235116C967FB00DE5202 /* SecretStore.h */,
				9264235216C967FB00DE5202 /* SecretStore.m */,
				9264235616C967FB00DE5202 /* TiqrAppDelegate.h */,
				9264235716C967FB00DE5202 /* TiqrAppDelegate.m */,
			);
			path = Classes;
			sourceTree = "<group>";
		};
		9264235916C967FB00DE5202 /* External */ = {
			isa = PBXGroup;
			children = (
				9264235A16C967FB00DE5202 /* JSONKit.h */,
				9264235B16C967FB00DE5202 /* JSONKit.m */,
				9264235C16C967FB00DE5202 /* MBProgressHUD.h */,
				9264235D16C967FB00DE5202 /* MBProgressHUD.m */,
				9264235E16C967FB00DE5202 /* Reachability.h */,
				9264235F16C967FB00DE5202 /* Reachability.m */,
			);
			path = External;
			sourceTree = "<group>";
		};
		9264236C16C967FB00DE5202 /* Resources */ = {
			isa = PBXGroup;
			children = (
				9264236D16C967FB00DE5202 /* Audio */,
				9264236F16C967FB00DE5202 /* Fonts */,
				9264237116C967FB00DE5202 /* General */,
				9264238316C967FB00DE5202 /* Images */,
				9264238F16C967FB00DE5202 /* Views */,
			);
			path = Resources;
			sourceTree = "<group>";
		};
		9264236D16C967FB00DE5202 /* Audio */ = {
			isa = PBXGroup;
			children = (
				9264236E16C967FB00DE5202 /* cowbell.wav */,
			);
			path = Audio;
			sourceTree = "<group>";
		};
		9264236F16C967FB00DE5202 /* Fonts */ = {
			isa = PBXGroup;
			children = (
				9264237016C967FB00DE5202 /* animals.ttf */,
			);
			path = Fonts;
			sourceTree = "<group>";
		};
		9264237116C967FB00DE5202 /* General */ = {
			isa = PBXGroup;
			children = (
				9264237216C967FB00DE5202 /* Localizable.strings */,
				9264237D16C967FB00DE5202 /* Settings.bundle */,
				9264238116C967FB00DE5202 /* Tiqr.xcdatamodeld */,
			);
			path = General;
			sourceTree = "<group>";
		};
		9264238316C967FB00DE5202 /* Images */ = {
			isa = PBXGroup;
			children = (
				9264238416C967FB00DE5202 /* egeniq-logo.png */,
				9264238516C967FB00DE5202 /* egeniq-logo@2x.png */,
				9264238616C967FB00DE5202 /* identities.png */,
				9264238716C967FB00DE5202 /* stroomt-logo.png */,
				9264238816C967FB00DE5202 /* stroomt-logo@2x.png */,
				9264238B16C967FB00DE5202 /* tiqr-bw-logo.png */,
				9264238C16C967FB00DE5202 /* tiqr-bw-logo@2x.png */,
				9264238D16C967FB00DE5202 /* tiqr-logo.png */,
				9264238E16C967FB00DE5202 /* tiqr-logo@2x.png */,
			);
			path = Images;
			sourceTree = "<group>";
		};
		9264238F16C967FB00DE5202 /* Views */ = {
			isa = PBXGroup;
			children = (
				9264239116C967FB00DE5202 /* AuthenticationConfirmView.xib */,
				9264239216C967FB00DE5202 /* AuthenticationFallbackView.xib */,
				9264239316C967FB00DE5202 /* AuthenticationIdentityView.xib */,
				9264239416C967FB00DE5202 /* AuthenticationSummaryView.xib */,
				9264239516C967FB00DE5202 /* EnrollmentConfirmView.xib */,
				9264239616C967FB00DE5202 /* EnrollmentSummaryView.xib */,
				9264239716C967FB00DE5202 /* ErrorChildView.xib */,
				9264239816C967FB00DE5202 /* ErrorView.xib */,
				9264239A16C967FB00DE5202 /* HTML */,
				9264239C16C967FB00DE5202 /* IdentityEditView.xib */,
				9264239D16C967FB00DE5202 /* IdentityListView.xib */,
				9264239F16C967FB00DE5202 /* PINView.xib */,
				926423A016C967FB00DE5202 /* ScanView.xib */,
				926423A116C967FB00DE5202 /* StartView.xib */,
			);
			path = Views;
			sourceTree = "<group>";
		};
		9264239A16C967FB00DE5202 /* HTML */ = {
			isa = PBXGroup;
			children = (
				9264239B16C967FB00DE5202 /* start.html */,
			);
			path = HTML;
			sourceTree = "<group>";
		};
		9264240316C9687500DE5202 /* Authentication */ = {
			isa = PBXGroup;
			children = (
				9264232A16C967FB00DE5202 /* HOTP.h */,
				9264232B16C967FB00DE5202 /* HOTP.m */,
				9264234116C967FB00DE5202 /* OCRA.h */,
				9264234216C967FB00DE5202 /* OCRA.m */,
				9264234316C967FB00DE5202 /* OCRA_v1.h */,
				9264234416C967FB00DE5202 /* OCRA_v1.m */,
				9264234516C967FB00DE5202 /* OCRAWrapper.h */,
				9264234616C967FB00DE5202 /* OCRAWrapper.m */,
				9264234716C967FB00DE5202 /* OCRAWrapper_v1.h */,
				9264234816C967FB00DE5202 /* OCRAWrapper_v1.m */,
				9264240416C9689E00DE5202 /* OCRAProtocol.h */,
			);
			name = Authentication;
			sourceTree = "<group>";
		};
		9264240516C9A5F300DE5202 /* UI */ = {
			isa = PBXGroup;
			children = (
				9264240816C9A60D00DE5202 /* General */,
				9264240716C9A60300DE5202 /* Login */,
				9264240616C9A5F900DE5202 /* Enrollment */,
			);
			name = UI;
			sourceTree = "<group>";
		};
		9264240616C9A5F900DE5202 /* Enrollment */ = {
			isa = PBXGroup;
			children = (
				9264231816C967FB00DE5202 /* EnrollmentConfirmViewController-Protected.h */,
				9264231916C967FB00DE5202 /* EnrollmentConfirmViewController.h */,
				9264231A16C967FB00DE5202 /* EnrollmentConfirmViewController.m */,
				9264231B16C967FB00DE5202 /* EnrollmentPINVerificationViewController.h */,
				9264231C16C967FB00DE5202 /* EnrollmentPINVerificationViewController.m */,
				9264231D16C967FB00DE5202 /* EnrollmentPINViewController.h */,
				9264231E16C967FB00DE5202 /* EnrollmentPINViewController.m */,
				9264231F16C967FB00DE5202 /* EnrollmentSummaryViewController-Protected.h */,
				9264232016C967FB00DE5202 /* EnrollmentSummaryViewController.h */,
				9264232116C967FB00DE5202 /* EnrollmentSummaryViewController.m */,
			);
			name = Enrollment;
			sourceTree = "<group>";
		};
		9264240716C9A60300DE5202 /* Login */ = {
			isa = PBXGroup;
			children = (
				9264230216C967FB00DE5202 /* AuthenticationConfirmViewController-Protected.h */,
				9264230316C967FB00DE5202 /* AuthenticationConfirmViewController.h */,
				9264230416C967FB00DE5202 /* AuthenticationConfirmViewController.m */,
				9264230516C967FB00DE5202 /* AuthenticationFallbackViewController-Protected.h */,
				9264230616C967FB00DE5202 /* AuthenticationFallbackViewController.h */,
				9264230716C967FB00DE5202 /* AuthenticationFallbackViewController.m */,
				9264230816C967FB00DE5202 /* AuthenticationIdentityViewController-Protected.h */,
				9264230916C967FB00DE5202 /* AuthenticationIdentityViewController.h */,
				9264230A16C967FB00DE5202 /* AuthenticationIdentityViewController.m */,
				9264230B16C967FB00DE5202 /* AuthenticationPINViewController.h */,
				9264230C16C967FB00DE5202 /* AuthenticationPINViewController.m */,
				9264230D16C967FB00DE5202 /* AuthenticationSummaryViewController-Protected.h */,
				9264230E16C967FB00DE5202 /* AuthenticationSummaryViewController.h */,
				9264230F16C967FB00DE5202 /* AuthenticationSummaryViewController.m */,
			);
			name = Login;
			sourceTree = "<group>";
		};
		9264240816C9A60D00DE5202 /* General */ = {
			isa = PBXGroup;
			children = (
				9264232216C967FB00DE5202 /* ErrorController-Protected.h */,
				9264232316C967FB00DE5202 /* ErrorController.h */,
				9264232416C967FB00DE5202 /* ErrorController.m */,
				9264232516C967FB00DE5202 /* ErrorViewController.h */,
				9264232616C967FB00DE5202 /* ErrorViewController.m */,
				9264232716C967FB00DE5202 /* FooterController-Protected.h */,
				9264232816C967FB00DE5202 /* FooterController.h */,
				926422FA16C967FB00DE5202 /* AboutViewController-Protected.h */,
				926422FB16C967FB00DE5202 /* AboutViewController.h */,
				926422FC16C967FB00DE5202 /* AboutViewController.m */,
				9264235316C967FB00DE5202 /* StartViewController-Protected.h */,
				9264235416C967FB00DE5202 /* StartViewController.h */,
				9264235516C967FB00DE5202 /* StartViewController.m */,
			);
			name = General;
			sourceTree = "<group>";
		};
		D076CF01134F31D300FE762A /* General */ = {
			isa = PBXGroup;
			children = (
				923BF1D716CAD0BA0030B47D /* FooterChildView.xib */,
				923BF1D816CAD0BA0030B47D /* AboutView.xib */,
				D076CF15134F48E400FE762A /* Entitlements.plist */,
				D0ECAF37134F28CC00374202 /* Tiqr-Info.plist */,
			);
			name = General;
			sourceTree = "<group>";
		};
		D076CF02134F31DD00FE762A /* Views */ = {
			isa = PBXGroup;
			children = (
				D076CF03134F31F900FE762A /* MainWindow.xib */,
			);
			name = Views;
			sourceTree = "<group>";
		};
		D076CF1A134F4E1300FE762A /* Images */ = {
			isa = PBXGroup;
			children = (
				9264226216C9552A00DE5202 /* Default-568h@2x.png */,
				D076CF21134F4E2900FE762A /* iTunesArtwork */,
				D076CF1F134F4E2900FE762A /* Icon.png */,
				D076CF20134F4E2900FE762A /* Icon@2x.png */,
				D076CF1B134F4E2900FE762A /* Icon-Pad.png */,
				D076CF1D134F4E2900FE762A /* Icon-Small.png */,
				D076CF1E134F4E2900FE762A /* Icon-Small@2x.png */,
				D076CF1C134F4E2900FE762A /* Icon-Small-50.png */,
				D076CF22134F4E2900FE762A /* surfnet-logo.png */,
				D076CF23134F4E2900FE762A /* surfnet-logo@2x.png */,
			);
			name = Images;
			sourceTree = "<group>";
		};
		D0DF04DB134F261B00893290 = {
			isa = PBXGroup;
			children = (
				926422F816C967FB00DE5202 /* Tiqr */,
				D0DF050F134F274F00893290 /* Surfnet */,
				D0DF04E9134F261B00893290 /* Frameworks */,
				D0DF04E7134F261B00893290 /* Products */,
			);
			sourceTree = "<group>";
		};
		D0DF04E7134F261B00893290 /* Products */ = {
			isa = PBXGroup;
			children = (
				D0DF04E6134F261B00893290 /* tiqr.app */,
			);
			name = Products;
			sourceTree = "<group>";
		};
		D0DF04E9134F261B00893290 /* Frameworks */ = {
			isa = PBXGroup;
			children = (
				9264240116C9683600DE5202 /* libZXingWidget.a */,
				D0B2E0CC1358C0F600125C34 /* AudioToolbox.framework */,
				D0B2E0CA1358C0EF00125C34 /* AddressBookUI.framework */,
				D0B2E0C61358C07C00125C34 /* AddressBook.framework */,
				D0A6F5D813533FB9000F9AE5 /* libiconv.dylib */,
				D0A6F5DE13534015000F9AE5 /* CoreMedia.framework */,
				D0A6F5DA13533FEC000F9AE5 /* CoreVideo.framework */,
				D0ECAFDC134F2C8A00374202 /* AVFoundation.framework */,
				D0ECAFDA134F2C8300374202 /* SystemConfiguration.framework */,
				D0ECAFD8134F2C7A00374202 /* Security.framework */,
				D0ECAFD6134F2C6900374202 /* CoreData.framework */,
				D0DF04EA134F261B00893290 /* UIKit.framework */,
				D0DF04EC134F261B00893290 /* Foundation.framework */,
				D0DF04EE134F261B00893290 /* CoreGraphics.framework */,
			);
			name = Frameworks;
			sourceTree = "<group>";
		};
		D0DF050F134F274F00893290 /* Surfnet */ = {
			isa = PBXGroup;
			children = (
				D0ECAFC4134F2A2E00374202 /* Resources */,
				D0ECAFD4134F2B6500374202 /* Tiqr_Prefix.pch */,
				D0ECAFD3134F2B6500374202 /* main.mm */,
			);
			name = Surfnet;
			sourceTree = "<group>";
		};
		D0ECAFC4134F2A2E00374202 /* Resources */ = {
			isa = PBXGroup;
			children = (
				D076CF1A134F4E1300FE762A /* Images */,
				D076CF01134F31D300FE762A /* General */,
				D076CF02134F31DD00FE762A /* Views */,
			);
			path = Resources;
			sourceTree = "<group>";
		};
/* End PBXGroup section */

/* Begin PBXNativeTarget section */
		D0DF04E5134F261B00893290 /* tiqr */ = {
			isa = PBXNativeTarget;
			buildConfigurationList = D0DF0507134F261C00893290 /* Build configuration list for PBXNativeTarget "tiqr" */;
			buildPhases = (
				D0DF04E2134F261B00893290 /* Sources */,
				D0DF04E3134F261B00893290 /* Frameworks */,
				D0DF04E4134F261B00893290 /* Resources */,
			);
			buildRules = (
			);
			dependencies = (
			);
			name = tiqr;
			productName = "Tiqr-Surfnet";
			productReference = D0DF04E6134F261B00893290 /* tiqr.app */;
			productType = "com.apple.product-type.application";
		};
/* End PBXNativeTarget section */

/* Begin PBXProject section */
		D0DF04DD134F261B00893290 /* Project object */ = {
			isa = PBXProject;
			attributes = {
				LastUpgradeCheck = 0430;
			};
			buildConfigurationList = D0DF04E0134F261B00893290 /* Build configuration list for PBXProject "Tiqr-Surfnet" */;
			compatibilityVersion = "Xcode 3.2";
			developmentRegion = English;
			hasScannedForEncodings = 0;
			knownRegions = (
				en,
				nl,
				de,
				es,
				fr,
				fy,
				hr,
				no,
				ro,
				sk,
				sr,
				it,
				pt_PT,
				sv,
			);
			mainGroup = D0DF04DB134F261B00893290;
			productRefGroup = D0DF04E7134F261B00893290 /* Products */;
			projectDirPath = "";
			projectRoot = "";
			targets = (
				D0DF04E5134F261B00893290 /* tiqr */,
			);
		};
/* End PBXProject section */

/* Begin PBXResourcesBuildPhase section */
		D0DF04E4134F261B00893290 /* Resources */ = {
			isa = PBXResourcesBuildPhase;
			buildActionMask = 2147483647;
			files = (
				D0DF0584134F27B900893290 /* instructions.html in Resources */,
				D076CF04134F31F900FE762A /* MainWindow.xib in Resources */,
				D076CF16134F48E400FE762A /* Entitlements.plist in Resources */,
				D076CF24134F4E2900FE762A /* Icon-Pad.png in Resources */,
				D076CF25134F4E2900FE762A /* Icon-Small-50.png in Resources */,
				D076CF26134F4E2900FE762A /* Icon-Small.png in Resources */,
				D076CF27134F4E2900FE762A /* Icon-Small@2x.png in Resources */,
				D076CF28134F4E2900FE762A /* Icon.png in Resources */,
				D076CF29134F4E2900FE762A /* Icon@2x.png in Resources */,
				D076CF2A134F4E2900FE762A /* iTunesArtwork in Resources */,
				D076CF2B134F4E2900FE762A /* surfnet-logo.png in Resources */,
				D076CF2C134F4E2900FE762A /* surfnet-logo@2x.png in Resources */,
				D09986B51355EA2B004A7E8D /* blocked.html in Resources */,
				9264226316C9552A00DE5202 /* Default-568h@2x.png in Resources */,
				926423CE16C967FC00DE5202 /* Default-568h@2x.png in Resources */,
				926423D816C967FC00DE5202 /* cowbell.wav in Resources */,
				926423D916C967FC00DE5202 /* animals.ttf in Resources */,
				926423DA16C967FC00DE5202 /* Localizable.strings in Resources */,
				926423DC16C967FC00DE5202 /* Settings.bundle in Resources */,
				926423DF16C967FC00DE5202 /* egeniq-logo.png in Resources */,
				926423E016C967FC00DE5202 /* egeniq-logo@2x.png in Resources */,
				926423E116C967FC00DE5202 /* identities.png in Resources */,
				926423E216C967FC00DE5202 /* stroomt-logo.png in Resources */,
				926423E316C967FC00DE5202 /* stroomt-logo@2x.png in Resources */,
				926423E616C967FC00DE5202 /* tiqr-bw-logo.png in Resources */,
				926423E716C967FC00DE5202 /* tiqr-bw-logo@2x.png in Resources */,
				926423E816C967FC00DE5202 /* tiqr-logo.png in Resources */,
				926423E916C967FC00DE5202 /* tiqr-logo@2x.png in Resources */,
				926423EB16C967FC00DE5202 /* AuthenticationConfirmView.xib in Resources */,
				926423EC16C967FC00DE5202 /* AuthenticationFallbackView.xib in Resources */,
				926423ED16C967FC00DE5202 /* AuthenticationIdentityView.xib in Resources */,
				926423EE16C967FC00DE5202 /* AuthenticationSummaryView.xib in Resources */,
				926423EF16C967FC00DE5202 /* EnrollmentConfirmView.xib in Resources */,
				926423F016C967FC00DE5202 /* EnrollmentSummaryView.xib in Resources */,
				926423F116C967FC00DE5202 /* ErrorChildView.xib in Resources */,
				926423F216C967FC00DE5202 /* ErrorView.xib in Resources */,
				926423F416C967FC00DE5202 /* start.html in Resources */,
				926423F516C967FC00DE5202 /* IdentityEditView.xib in Resources */,
				926423F616C967FC00DE5202 /* IdentityListView.xib in Resources */,
				926423F816C967FC00DE5202 /* PINView.xib in Resources */,
				926423F916C967FC00DE5202 /* ScanView.xib in Resources */,
				926423FA16C967FC00DE5202 /* StartView.xib in Resources */,
				923BF1D916CAD0BA0030B47D /* FooterChildView.xib in Resources */,
				923BF1DA16CAD0BA0030B47D /* AboutView.xib in Resources */,
			);
			runOnlyForDeploymentPostprocessing = 0;
		};
/* End PBXResourcesBuildPhase section */

/* Begin PBXSourcesBuildPhase section */
		D0DF04E2134F261B00893290 /* Sources */ = {
			isa = PBXSourcesBuildPhase;
			buildActionMask = 2147483647;
			files = (
				D0ECAFD5134F2B6500374202 /* main.mm in Sources */,
				926423A716C967FC00DE5202 /* AboutViewController.m in Sources */,
				926423A816C967FC00DE5202 /* AuthenticationChallenge.m in Sources */,
				926423A916C967FC00DE5202 /* AuthenticationConfirmationRequest.m in Sources */,
				926423AA16C967FC00DE5202 /* AuthenticationConfirmViewController.m in Sources */,
				926423AB16C967FC00DE5202 /* AuthenticationFallbackViewController.m in Sources */,
				926423AC16C967FC00DE5202 /* AuthenticationIdentityViewController.m in Sources */,
				926423AD16C967FC00DE5202 /* AuthenticationPINViewController.m in Sources */,
				926423AE16C967FC00DE5202 /* AuthenticationSummaryViewController.m in Sources */,
				926423AF16C967FC00DE5202 /* Challenge.m in Sources */,
				926423B016C967FC00DE5202 /* EnrollmentChallenge.m in Sources */,
				926423B116C967FC00DE5202 /* EnrollmentConfirmationRequest.m in Sources */,
				926423B216C967FC00DE5202 /* EnrollmentConfirmViewController.m in Sources */,
				926423B316C967FC00DE5202 /* EnrollmentPINVerificationViewController.m in Sources */,
				926423B416C967FC00DE5202 /* EnrollmentPINViewController.m in Sources */,
				926423B516C967FC00DE5202 /* EnrollmentSummaryViewController.m in Sources */,
				926423B616C967FC00DE5202 /* ErrorController.m in Sources */,
				926423B716C967FC00DE5202 /* ErrorViewController.m in Sources */,
				926423B816C967FC00DE5202 /* FooterController.m in Sources */,
				926423B916C967FC00DE5202 /* HOTP.m in Sources */,
				926423BA16C967FC00DE5202 /* Identity+Utils.m in Sources */,
				926423BB16C967FC00DE5202 /* Identity.m in Sources */,
				926423BC16C967FC00DE5202 /* IdentityEditViewController.m in Sources */,
				926423BD16C967FC00DE5202 /* IdentityListViewController.m in Sources */,
				926423BE16C967FC00DE5202 /* IdentityProvider+Utils.m in Sources */,
				926423BF16C967FC00DE5202 /* IdentityProvider.m in Sources */,
				926423C016C967FC00DE5202 /* IdentityTableViewCell.m in Sources */,
				926423C116C967FC00DE5202 /* NotificationRegistration.m in Sources */,
				926423C216C967FC00DE5202 /* NSData+Hex.m in Sources */,
				926423C316C967FC00DE5202 /* NSString+Verhoeff.m in Sources */,
				926423C416C967FC00DE5202 /* OCRA.m in Sources */,
				926423C516C967FC00DE5202 /* OCRA_v1.m in Sources */,
				926423C616C967FC00DE5202 /* OCRAWrapper.m in Sources */,
				926423C716C967FC00DE5202 /* OCRAWrapper_v1.m in Sources */,
				926423C816C967FC00DE5202 /* PINViewController.m in Sources */,
				926423C916C967FC00DE5202 /* ScanOverlayView.m in Sources */,
				926423CA16C967FC00DE5202 /* ScanViewController.mm in Sources */,
				926423CB16C967FC00DE5202 /* SecretStore.m in Sources */,
				926423CC16C967FC00DE5202 /* StartViewController.m in Sources */,
				926423CD16C967FC00DE5202 /* TiqrAppDelegate.m in Sources */,
				926423CF16C967FC00DE5202 /* JSONKit.m in Sources */,
				926423D016C967FC00DE5202 /* MBProgressHUD.m in Sources */,
				926423D116C967FC00DE5202 /* Reachability.m in Sources */,
				926423DE16C967FC00DE5202 /* Tiqr.xcdatamodeld in Sources */,
			);
			runOnlyForDeploymentPostprocessing = 0;
		};
/* End PBXSourcesBuildPhase section */

/* Begin PBXVariantGroup section */
		9264237216C967FB00DE5202 /* Localizable.strings */ = {
			isa = PBXVariantGroup;
			children = (
				9264237316C967FB00DE5202 /* de */,
				9264237416C967FB00DE5202 /* en */,
				9264237616C967FB00DE5202 /* es */,
				9264237716C967FB00DE5202 /* fr */,
				9264237816C967FB00DE5202 /* fy */,
				9264237916C967FB00DE5202 /* hr */,
				9264237A16C967FB00DE5202 /* nl */,
				9264237B16C967FB00DE5202 /* no */,
				9264237C16C967FB00DE5202 /* ro */,
				9264237E16C967FB00DE5202 /* sk */,
				9264237F16C967FB00DE5202 /* sr */,
				923BF1D016CAB6650030B47D /* it */,
				923BF1D116CAB6720030B47D /* pt_PT */,
				923BF1D216CAB6810030B47D /* sv */,
			);
			name = Localizable.strings;
			sourceTree = "<group>";
		};
		D09986B21355EA2B004A7E8D /* blocked.html */ = {
			isa = PBXVariantGroup;
			children = (
			);
			name = blocked.html;
			path = "/Users/peter/Dropbox/Egeniq/Development/iOS/Tiqr-Surfnet/Tiqr/Tiqr/Resources/Views/HTML";
			sourceTree = "<absolute>";
		};
		D0DF054A134F27B900893290 /* instructions.html */ = {
			isa = PBXVariantGroup;
			children = (
			);
			name = instructions.html;
			path = "/Users/peter/Dropbox/Egeniq/Development/iOS/Tiqr-Surfnet/Tiqr/Tiqr/Resources/Views/HTML";
			sourceTree = "<absolute>";
		};
/* End PBXVariantGroup section */

/* Begin XCBuildConfiguration section */
		D076CF17134F4C9D00FE762A /* Distribution */ = {
			isa = XCBuildConfiguration;
			buildSettings = {
				ARCHS = (
					armv7,
					armv6,
				);
				CODE_SIGN_ENTITLEMENTS = Resources/Entitlements.plist;
				CODE_SIGN_IDENTITY = "iPhone Distribution";
				GCC_C_LANGUAGE_STANDARD = gnu99;
				GCC_THUMB_SUPPORT = NO;
				GCC_VERSION = com.apple.compilers.llvm.clang.1_0;
				GCC_WARN_ABOUT_RETURN_TYPE = YES;
				GCC_WARN_UNUSED_VARIABLE = YES;
				IPHONEOS_DEPLOYMENT_TARGET = 4.0;
				OTHER_CFLAGS = "-DNS_BLOCK_ASSERTIONS=1";
				OTHER_LDFLAGS = "-ObjC";
				PROVISIONING_PROFILE = "";
				SDKROOT = iphoneos;
			};
			name = Distribution;
		};
		D076CF18134F4C9D00FE762A /* Distribution */ = {
			isa = XCBuildConfiguration;
			buildSettings = {
				ALWAYS_SEARCH_USER_PATHS = NO;
				COPY_PHASE_STRIP = YES;
				GCC_PRECOMPILE_PREFIX_HEADER = YES;
				GCC_PREFIX_HEADER = Tiqr_Prefix.pch;
				GCC_THUMB_SUPPORT = NO;
				HEADER_SEARCH_PATHS = (
					"$(SRCROOT)/../../../iPhone/ZXing/iphone/ZXingWidget/Classes/**",
					"\"$(SRCROOT)/../../../iPhone/ZXing/cpp/core/src/**",
				);
				INFOPLIST_FILE = "Resources/Tiqr-Info.plist";
				LIBRARY_SEARCH_PATHS = "$(inherited)";
				PRODUCT_NAME = "$(TARGET_NAME)";
				VALIDATE_PRODUCT = YES;
				WRAPPER_EXTENSION = app;
			};
			name = Distribution;
		};
		D0DF0505134F261C00893290 /* Debug */ = {
			isa = XCBuildConfiguration;
			buildSettings = {
				ARCHS = (
					armv7,
					armv6,
				);
				CODE_SIGN_ENTITLEMENTS = Resources/Entitlements.plist;
				CODE_SIGN_IDENTITY = "iPhone Developer";
				GCC_C_LANGUAGE_STANDARD = gnu99;
				GCC_OPTIMIZATION_LEVEL = 0;
				GCC_PREPROCESSOR_DEFINITIONS = DEBUG;
				GCC_SYMBOLS_PRIVATE_EXTERN = NO;
				GCC_THUMB_SUPPORT = NO;
				GCC_VERSION = com.apple.compilers.llvm.clang.1_0;
				GCC_WARN_ABOUT_RETURN_TYPE = YES;
				GCC_WARN_UNUSED_VARIABLE = YES;
				IPHONEOS_DEPLOYMENT_TARGET = 4.0;
				OTHER_LDFLAGS = "-ObjC";
				PROVISIONING_PROFILE = "";
				SDKROOT = iphoneos;
			};
			name = Debug;
		};
		D0DF0506134F261C00893290 /* Release */ = {
			isa = XCBuildConfiguration;
			buildSettings = {
				ARCHS = (
					armv7,
					armv6,
				);
				CODE_SIGN_ENTITLEMENTS = Resources/Entitlements.plist;
				CODE_SIGN_IDENTITY = "iPhone Developer";
				GCC_C_LANGUAGE_STANDARD = gnu99;
				GCC_THUMB_SUPPORT = NO;
				GCC_VERSION = com.apple.compilers.llvm.clang.1_0;
				GCC_WARN_ABOUT_RETURN_TYPE = YES;
				GCC_WARN_UNUSED_VARIABLE = YES;
				IPHONEOS_DEPLOYMENT_TARGET = 4.0;
				OTHER_CFLAGS = "-DNS_BLOCK_ASSERTIONS=1";
				OTHER_LDFLAGS = "-ObjC";
				PROVISIONING_PROFILE = "";
				SDKROOT = iphoneos;
			};
			name = Release;
		};
		D0DF0508134F261C00893290 /* Debug */ = {
			isa = XCBuildConfiguration;
			buildSettings = {
				ALWAYS_SEARCH_USER_PATHS = NO;
				COPY_PHASE_STRIP = NO;
				GCC_DYNAMIC_NO_PIC = NO;
				GCC_PRECOMPILE_PREFIX_HEADER = YES;
				GCC_PREFIX_HEADER = Tiqr_Prefix.pch;
				GCC_THUMB_SUPPORT = NO;
				HEADER_SEARCH_PATHS = (
					"$(SRCROOT)/../../../iPhone/ZXing/iphone/ZXingWidget/Classes/**",
					"\"$(SRCROOT)/../../../iPhone/ZXing/cpp/core/src/**",
				);
				INFOPLIST_FILE = "Resources/Tiqr-Info.plist";
				LIBRARY_SEARCH_PATHS = "$(inherited)";
				PRODUCT_NAME = "$(TARGET_NAME)";
				WRAPPER_EXTENSION = app;
			};
			name = Debug;
		};
		D0DF0509134F261C00893290 /* Release */ = {
			isa = XCBuildConfiguration;
			buildSettings = {
				ALWAYS_SEARCH_USER_PATHS = NO;
				COPY_PHASE_STRIP = YES;
				GCC_PRECOMPILE_PREFIX_HEADER = YES;
				GCC_PREFIX_HEADER = Tiqr_Prefix.pch;
				GCC_THUMB_SUPPORT = NO;
				HEADER_SEARCH_PATHS = (
					"$(SRCROOT)/../../../iPhone/ZXing/iphone/ZXingWidget/Classes/**",
					"\"$(SRCROOT)/../../../iPhone/ZXing/cpp/core/src/**",
				);
				INFOPLIST_FILE = "Resources/Tiqr-Info.plist";
				LIBRARY_SEARCH_PATHS = "$(inherited)";
				PRODUCT_NAME = "$(TARGET_NAME)";
				VALIDATE_PRODUCT = YES;
				WRAPPER_EXTENSION = app;
			};
			name = Release;
		};
/* End XCBuildConfiguration section */

/* Begin XCConfigurationList section */
		D0DF04E0134F261B00893290 /* Build configuration list for PBXProject "Tiqr-Surfnet" */ = {
			isa = XCConfigurationList;
			buildConfigurations = (
				D0DF0505134F261C00893290 /* Debug */,
				D0DF0506134F261C00893290 /* Release */,
				D076CF17134F4C9D00FE762A /* Distribution */,
			);
			defaultConfigurationIsVisible = 0;
			defaultConfigurationName = Release;
		};
		D0DF0507134F261C00893290 /* Build configuration list for PBXNativeTarget "tiqr" */ = {
			isa = XCConfigurationList;
			buildConfigurations = (
				D0DF0508134F261C00893290 /* Debug */,
				D0DF0509134F261C00893290 /* Release */,
				D076CF18134F4C9D00FE762A /* Distribution */,
			);
			defaultConfigurationIsVisible = 0;
			defaultConfigurationName = Release;
		};
/* End XCConfigurationList section */

/* Begin XCVersionGroup section */
		9264238116C967FB00DE5202 /* Tiqr.xcdatamodeld */ = {
			isa = XCVersionGroup;
			children = (
				9264238216C967FB00DE5202 /* Tiqr.xcdatamodel */,
			);
			currentVersion = 9264238216C967FB00DE5202 /* Tiqr.xcdatamodel */;
			path = Tiqr.xcdatamodeld;
			sourceTree = "<group>";
			versionGroupType = wrapper.xcdatamodel;
		};
/* End XCVersionGroup section */
	};
	rootObject = D0DF04DD134F261B00893290 /* Project object */;
}
